// !$*UTF8*$!
{
	archiveVersion = 1;
	classes = {
	};
	objectVersion = 56;
	objects = {

/* Begin PBXBuildFile section */
		CB11C2BE2C42F0F90046AED1 /* XCTestCase+MemoryLeakTracking.swift in Sources */ = {isa = PBXBuildFile; fileRef = CB11C2BC2C42F0F90046AED1 /* XCTestCase+MemoryLeakTracking.swift */; };
		CB11C2C02C42FB560046AED1 /* SharedTestHelpers.swift in Sources */ = {isa = PBXBuildFile; fileRef = CB11C2BF2C42FB560046AED1 /* SharedTestHelpers.swift */; };
		CB84D34F2C4403AF0003722B /* ApplicationFeed.framework in Frameworks */ = {isa = PBXBuildFile; fileRef = CB84D34D2C4403AF0003722B /* ApplicationFeed.framework */; };
		CB84D3502C4403AF0003722B /* ApplicationFeed.framework in Embed Frameworks */ = {isa = PBXBuildFile; fileRef = CB84D34D2C4403AF0003722B /* ApplicationFeed.framework */; settings = {ATTRIBUTES = (CodeSignOnCopy, RemoveHeadersOnCopy, ); }; };
		CB84D3512C4403AF0003722B /* ApplicationFeediOS.framework in Frameworks */ = {isa = PBXBuildFile; fileRef = CB84D34E2C4403AF0003722B /* ApplicationFeediOS.framework */; };
		CB84D3522C4403AF0003722B /* ApplicationFeediOS.framework in Embed Frameworks */ = {isa = PBXBuildFile; fileRef = CB84D34E2C4403AF0003722B /* ApplicationFeediOS.framework */; settings = {ATTRIBUTES = (CodeSignOnCopy, RemoveHeadersOnCopy, ); }; };
		CB84D37F2C47D4B10003722B /* SceneDelegateTests.swift in Sources */ = {isa = PBXBuildFile; fileRef = CB84D37E2C47D4B10003722B /* SceneDelegateTests.swift */; };
		CB84D3862C47D9D20003722B /* WeakRefVirtualProxy.swift in Sources */ = {isa = PBXBuildFile; fileRef = CB84D3802C47D9D20003722B /* WeakRefVirtualProxy.swift */; };
		CB84D3882C47D9D20003722B /* FeedUIComposer.swift in Sources */ = {isa = PBXBuildFile; fileRef = CB84D3822C47D9D20003722B /* FeedUIComposer.swift */; };
		CB84D3892C47D9D20003722B /* FeedViewAdapter.swift in Sources */ = {isa = PBXBuildFile; fileRef = CB84D3832C47D9D20003722B /* FeedViewAdapter.swift */; };
		CB84D38A2C47D9D20003722B /* FeedImageDataLoaderPresentationAdapter.swift in Sources */ = {isa = PBXBuildFile; fileRef = CB84D3842C47D9D20003722B /* FeedImageDataLoaderPresentationAdapter.swift */; };
		CB84D38B2C47D9D20003722B /* FeedLoaderPresentationAdapter.swift in Sources */ = {isa = PBXBuildFile; fileRef = CB84D3852C47D9D20003722B /* FeedLoaderPresentationAdapter.swift */; };
		CB84D3952C47DA140003722B /* FeedViewControllerTest+Assertions.swift in Sources */ = {isa = PBXBuildFile; fileRef = CB84D38E2C47DA140003722B /* FeedViewControllerTest+Assertions.swift */; };
		CB84D3962C47DA140003722B /* FeedImageCell+TestHelpers.swift in Sources */ = {isa = PBXBuildFile; fileRef = CB84D3912C47DA140003722B /* FeedImageCell+TestHelpers.swift */; };
		CB84D3972C47DA140003722B /* UIButton+TestHelpers.swift in Sources */ = {isa = PBXBuildFile; fileRef = CB84D3922C47DA140003722B /* UIButton+TestHelpers.swift */; };
		CB84D3982C47DA140003722B /* UIRefreshControl+TestHelpers.swift in Sources */ = {isa = PBXBuildFile; fileRef = CB84D3902C47DA140003722B /* UIRefreshControl+TestHelpers.swift */; };
		CB84D3992C47DA140003722B /* UIImage+TestHelpers.swift in Sources */ = {isa = PBXBuildFile; fileRef = CB84D3932C47DA140003722B /* UIImage+TestHelpers.swift */; };
		CB84D39A2C47DA140003722B /* UIControl+TestHelpers.swift in Sources */ = {isa = PBXBuildFile; fileRef = CB84D38F2C47DA140003722B /* UIControl+TestHelpers.swift */; };
		CB84D39B2C47DA140003722B /* FeedViewControllerTests+LoaderSpy.swift in Sources */ = {isa = PBXBuildFile; fileRef = CB84D38C2C47DA130003722B /* FeedViewControllerTests+LoaderSpy.swift */; };
		CB84D39C2C47DA140003722B /* FeedViewControllerTests+Localization.swift in Sources */ = {isa = PBXBuildFile; fileRef = CB84D38D2C47DA130003722B /* FeedViewControllerTests+Localization.swift */; };
		CB84D39D2C47DA140003722B /* FeedViewControllerTest+TestHelpers.swift in Sources */ = {isa = PBXBuildFile; fileRef = CB84D3942C47DA140003722B /* FeedViewControllerTest+TestHelpers.swift */; };
		CB84D3A32C47DA3E0003722B /* FeedUIIntegrationTests.swift in Sources */ = {isa = PBXBuildFile; fileRef = CB84D3A22C47DA3E0003722B /* FeedUIIntegrationTests.swift */; };
		CB84D3A42C47DCA80003722B /* FeedUIComposer.swift in Sources */ = {isa = PBXBuildFile; fileRef = CB84D3822C47D9D20003722B /* FeedUIComposer.swift */; };
		CB84D3A52C47DCBC0003722B /* FeedLoaderPresentationAdapter.swift in Sources */ = {isa = PBXBuildFile; fileRef = CB84D3852C47D9D20003722B /* FeedLoaderPresentationAdapter.swift */; };
		CB84D3A62C47DCC50003722B /* FeedImageDataLoaderPresentationAdapter.swift in Sources */ = {isa = PBXBuildFile; fileRef = CB84D3842C47D9D20003722B /* FeedImageDataLoaderPresentationAdapter.swift */; };
		CB84D3A72C47DCCC0003722B /* FeedViewAdapter.swift in Sources */ = {isa = PBXBuildFile; fileRef = CB84D3832C47D9D20003722B /* FeedViewAdapter.swift */; };
		CB84D3A92C47DCEC0003722B /* WeakRefVirtualProxy.swift in Sources */ = {isa = PBXBuildFile; fileRef = CB84D3802C47D9D20003722B /* WeakRefVirtualProxy.swift */; };
		CB84D3AB2C47E3800003722B /* FeedAcceptanceTests.swift in Sources */ = {isa = PBXBuildFile; fileRef = CB84D3AA2C47E3800003722B /* FeedAcceptanceTests.swift */; };
		CB84D3AD2C47EB950003722B /* HTTPClientStub.swift in Sources */ = {isa = PBXBuildFile; fileRef = CB84D3AC2C47EB950003722B /* HTTPClientStub.swift */; };
		CB84D3AF2C47EBFD0003722B /* InMemoryFeedStore.swift in Sources */ = {isa = PBXBuildFile; fileRef = CB84D3AE2C47EBFD0003722B /* InMemoryFeedStore.swift */; };
		CBFC28812C409362009A61AF /* AppDelegate.swift in Sources */ = {isa = PBXBuildFile; fileRef = CBFC28802C409362009A61AF /* AppDelegate.swift */; };
		CBFC28832C409362009A61AF /* SceneDelegate.swift in Sources */ = {isa = PBXBuildFile; fileRef = CBFC28822C409362009A61AF /* SceneDelegate.swift */; };
		CBFC28852C409362009A61AF /* ViewController.swift in Sources */ = {isa = PBXBuildFile; fileRef = CBFC28842C409362009A61AF /* ViewController.swift */; };
		CBFC28882C409362009A61AF /* Base in Resources */ = {isa = PBXBuildFile; fileRef = CBFC28872C409362009A61AF /* Base */; };
		CBFC288A2C409363009A61AF /* Assets.xcassets in Resources */ = {isa = PBXBuildFile; fileRef = CBFC28892C409363009A61AF /* Assets.xcassets */; };
		CBFC288D2C409363009A61AF /* Base in Resources */ = {isa = PBXBuildFile; fileRef = CBFC288C2C409363009A61AF /* Base */; };
/* End PBXBuildFile section */

/* Begin PBXContainerItemProxy section */
		CBFC28A42C4296DB009A61AF /* PBXContainerItemProxy */ = {
			isa = PBXContainerItemProxy;
			containerPortal = CBFC28752C409362009A61AF /* Project object */;
			proxyType = 1;
			remoteGlobalIDString = CBFC287C2C409362009A61AF;
			remoteInfo = ApplicationApp;
		};
/* End PBXContainerItemProxy section */

/* Begin PBXCopyFilesBuildPhase section */
		CB84D34C2C4403A40003722B /* Embed Frameworks */ = {
			isa = PBXCopyFilesBuildPhase;
			buildActionMask = 2147483647;
			dstPath = "";
			dstSubfolderSpec = 10;
			files = (
				CB84D3502C4403AF0003722B /* ApplicationFeed.framework in Embed Frameworks */,
				CB84D3522C4403AF0003722B /* ApplicationFeediOS.framework in Embed Frameworks */,
			);
			name = "Embed Frameworks";
			runOnlyForDeploymentPostprocessing = 0;
		};
/* End PBXCopyFilesBuildPhase section */

/* Begin PBXFileReference section */
		CB11C2BC2C42F0F90046AED1 /* XCTestCase+MemoryLeakTracking.swift */ = {isa = PBXFileReference; lastKnownFileType = sourcecode.swift; path = "XCTestCase+MemoryLeakTracking.swift"; sourceTree = "<group>"; };
		CB11C2BF2C42FB560046AED1 /* SharedTestHelpers.swift */ = {isa = PBXFileReference; lastKnownFileType = sourcecode.swift; path = SharedTestHelpers.swift; sourceTree = "<group>"; };
		CB84D34D2C4403AF0003722B /* ApplicationFeed.framework */ = {isa = PBXFileReference; explicitFileType = wrapper.framework; path = ApplicationFeed.framework; sourceTree = BUILT_PRODUCTS_DIR; };
		CB84D34E2C4403AF0003722B /* ApplicationFeediOS.framework */ = {isa = PBXFileReference; explicitFileType = wrapper.framework; path = ApplicationFeediOS.framework; sourceTree = BUILT_PRODUCTS_DIR; };
		CB84D37E2C47D4B10003722B /* SceneDelegateTests.swift */ = {isa = PBXFileReference; lastKnownFileType = sourcecode.swift; path = SceneDelegateTests.swift; sourceTree = "<group>"; };
		CB84D3802C47D9D20003722B /* WeakRefVirtualProxy.swift */ = {isa = PBXFileReference; fileEncoding = 4; lastKnownFileType = sourcecode.swift; name = WeakRefVirtualProxy.swift; path = "../../ApplicationFeed/ApplicationFeediOS/Feed UI/Composers/WeakRefVirtualProxy.swift"; sourceTree = "<group>"; };
		CB84D3822C47D9D20003722B /* FeedUIComposer.swift */ = {isa = PBXFileReference; fileEncoding = 4; lastKnownFileType = sourcecode.swift; name = FeedUIComposer.swift; path = "../../ApplicationFeed/ApplicationFeediOS/Feed UI/Composers/FeedUIComposer.swift"; sourceTree = "<group>"; };
		CB84D3832C47D9D20003722B /* FeedViewAdapter.swift */ = {isa = PBXFileReference; fileEncoding = 4; lastKnownFileType = sourcecode.swift; name = FeedViewAdapter.swift; path = "../../ApplicationFeed/ApplicationFeediOS/Feed UI/Composers/FeedViewAdapter.swift"; sourceTree = "<group>"; };
		CB84D3842C47D9D20003722B /* FeedImageDataLoaderPresentationAdapter.swift */ = {isa = PBXFileReference; fileEncoding = 4; lastKnownFileType = sourcecode.swift; name = FeedImageDataLoaderPresentationAdapter.swift; path = "../../ApplicationFeed/ApplicationFeediOS/Feed UI/Composers/FeedImageDataLoaderPresentationAdapter.swift"; sourceTree = "<group>"; };
		CB84D3852C47D9D20003722B /* FeedLoaderPresentationAdapter.swift */ = {isa = PBXFileReference; fileEncoding = 4; lastKnownFileType = sourcecode.swift; name = FeedLoaderPresentationAdapter.swift; path = "../../ApplicationFeed/ApplicationFeediOS/Feed UI/Composers/FeedLoaderPresentationAdapter.swift"; sourceTree = "<group>"; };
		CB84D38C2C47DA130003722B /* FeedViewControllerTests+LoaderSpy.swift */ = {isa = PBXFileReference; lastKnownFileType = sourcecode.swift; path = "FeedViewControllerTests+LoaderSpy.swift"; sourceTree = "<group>"; };
		CB84D38D2C47DA130003722B /* FeedViewControllerTests+Localization.swift */ = {isa = PBXFileReference; lastKnownFileType = sourcecode.swift; path = "FeedViewControllerTests+Localization.swift"; sourceTree = "<group>"; };
		CB84D38E2C47DA140003722B /* FeedViewControllerTest+Assertions.swift */ = {isa = PBXFileReference; lastKnownFileType = sourcecode.swift; path = "FeedViewControllerTest+Assertions.swift"; sourceTree = "<group>"; };
		CB84D38F2C47DA140003722B /* UIControl+TestHelpers.swift */ = {isa = PBXFileReference; lastKnownFileType = sourcecode.swift; path = "UIControl+TestHelpers.swift"; sourceTree = "<group>"; };
		CB84D3902C47DA140003722B /* UIRefreshControl+TestHelpers.swift */ = {isa = PBXFileReference; lastKnownFileType = sourcecode.swift; path = "UIRefreshControl+TestHelpers.swift"; sourceTree = "<group>"; };
		CB84D3912C47DA140003722B /* FeedImageCell+TestHelpers.swift */ = {isa = PBXFileReference; lastKnownFileType = sourcecode.swift; path = "FeedImageCell+TestHelpers.swift"; sourceTree = "<group>"; };
		CB84D3922C47DA140003722B /* UIButton+TestHelpers.swift */ = {isa = PBXFileReference; lastKnownFileType = sourcecode.swift; path = "UIButton+TestHelpers.swift"; sourceTree = "<group>"; };
		CB84D3932C47DA140003722B /* UIImage+TestHelpers.swift */ = {isa = PBXFileReference; lastKnownFileType = sourcecode.swift; path = "UIImage+TestHelpers.swift"; sourceTree = "<group>"; };
		CB84D3942C47DA140003722B /* FeedViewControllerTest+TestHelpers.swift */ = {isa = PBXFileReference; lastKnownFileType = sourcecode.swift; path = "FeedViewControllerTest+TestHelpers.swift"; sourceTree = "<group>"; };
		CB84D3A22C47DA3E0003722B /* FeedUIIntegrationTests.swift */ = {isa = PBXFileReference; lastKnownFileType = sourcecode.swift; path = FeedUIIntegrationTests.swift; sourceTree = "<group>"; };
		CB84D3AA2C47E3800003722B /* FeedAcceptanceTests.swift */ = {isa = PBXFileReference; lastKnownFileType = sourcecode.swift; path = FeedAcceptanceTests.swift; sourceTree = "<group>"; };
		CB84D3AC2C47EB950003722B /* HTTPClientStub.swift */ = {isa = PBXFileReference; lastKnownFileType = sourcecode.swift; path = HTTPClientStub.swift; sourceTree = "<group>"; };
		CB84D3AE2C47EBFD0003722B /* InMemoryFeedStore.swift */ = {isa = PBXFileReference; lastKnownFileType = sourcecode.swift; path = InMemoryFeedStore.swift; sourceTree = "<group>"; };
		CBFC287D2C409362009A61AF /* ApplicationApp.app */ = {isa = PBXFileReference; explicitFileType = wrapper.application; includeInIndex = 0; path = ApplicationApp.app; sourceTree = BUILT_PRODUCTS_DIR; };
		CBFC28802C409362009A61AF /* AppDelegate.swift */ = {isa = PBXFileReference; lastKnownFileType = sourcecode.swift; path = AppDelegate.swift; sourceTree = "<group>"; };
		CBFC28822C409362009A61AF /* SceneDelegate.swift */ = {isa = PBXFileReference; lastKnownFileType = sourcecode.swift; path = SceneDelegate.swift; sourceTree = "<group>"; };
		CBFC28842C409362009A61AF /* ViewController.swift */ = {isa = PBXFileReference; lastKnownFileType = sourcecode.swift; path = ViewController.swift; sourceTree = "<group>"; };
		CBFC28872C409362009A61AF /* Base */ = {isa = PBXFileReference; lastKnownFileType = file.storyboard; name = Base; path = Base.lproj/Main.storyboard; sourceTree = "<group>"; };
		CBFC28892C409363009A61AF /* Assets.xcassets */ = {isa = PBXFileReference; lastKnownFileType = folder.assetcatalog; path = Assets.xcassets; sourceTree = "<group>"; };
		CBFC288C2C409363009A61AF /* Base */ = {isa = PBXFileReference; lastKnownFileType = file.storyboard; name = Base; path = Base.lproj/LaunchScreen.storyboard; sourceTree = "<group>"; };
		CBFC288E2C409363009A61AF /* Info.plist */ = {isa = PBXFileReference; lastKnownFileType = text.plist.xml; path = Info.plist; sourceTree = "<group>"; };
		CBFC28A02C4296DB009A61AF /* ApplicationAppTests.xctest */ = {isa = PBXFileReference; explicitFileType = wrapper.cfbundle; includeInIndex = 0; path = ApplicationAppTests.xctest; sourceTree = BUILT_PRODUCTS_DIR; };
/* End PBXFileReference section */

/* Begin PBXFrameworksBuildPhase section */
		CBFC287A2C409362009A61AF /* Frameworks */ = {
			isa = PBXFrameworksBuildPhase;
			buildActionMask = 2147483647;
			files = (
				CB84D34F2C4403AF0003722B /* ApplicationFeed.framework in Frameworks */,
				CB84D3512C4403AF0003722B /* ApplicationFeediOS.framework in Frameworks */,
			);
			runOnlyForDeploymentPostprocessing = 0;
		};
		CBFC289D2C4296DB009A61AF /* Frameworks */ = {
			isa = PBXFrameworksBuildPhase;
			buildActionMask = 2147483647;
			files = (
			);
			runOnlyForDeploymentPostprocessing = 0;
		};
/* End PBXFrameworksBuildPhase section */

/* Begin PBXGroup section */
		CB11C2BB2C42F0CB0046AED1 /* Helpers */ = {
			isa = PBXGroup;
			children = (
				CB84D3942C47DA140003722B /* FeedViewControllerTest+TestHelpers.swift */,
				CB84D38C2C47DA130003722B /* FeedViewControllerTests+LoaderSpy.swift */,
				CB84D38E2C47DA140003722B /* FeedViewControllerTest+Assertions.swift */,
				CB84D3912C47DA140003722B /* FeedImageCell+TestHelpers.swift */,
				CB84D38D2C47DA130003722B /* FeedViewControllerTests+Localization.swift */,
				CB84D38F2C47DA140003722B /* UIControl+TestHelpers.swift */,
				CB84D3922C47DA140003722B /* UIButton+TestHelpers.swift */,
				CB84D3932C47DA140003722B /* UIImage+TestHelpers.swift */,
				CB84D3902C47DA140003722B /* UIRefreshControl+TestHelpers.swift */,
				CB11C2BC2C42F0F90046AED1 /* XCTestCase+MemoryLeakTracking.swift */,
				CB11C2BF2C42FB560046AED1 /* SharedTestHelpers.swift */,
				CB84D3AC2C47EB950003722B /* HTTPClientStub.swift */,
				CB84D3AE2C47EBFD0003722B /* InMemoryFeedStore.swift */,
			);
			path = Helpers;
			sourceTree = "<group>";
		};
		CBFC28742C409362009A61AF = {
			isa = PBXGroup;
			children = (
				CBFC287F2C409362009A61AF /* ApplicationApp */,
				CBFC28A12C4296DB009A61AF /* ApplicationAppTests */,
				CBFC287E2C409362009A61AF /* Products */,
				CBFC28942C4094E2009A61AF /* Frameworks */,
			);
			sourceTree = "<group>";
		};
		CBFC287E2C409362009A61AF /* Products */ = {
			isa = PBXGroup;
			children = (
				CBFC287D2C409362009A61AF /* ApplicationApp.app */,
				CBFC28A02C4296DB009A61AF /* ApplicationAppTests.xctest */,
			);
			name = Products;
			sourceTree = "<group>";
		};
		CBFC287F2C409362009A61AF /* ApplicationApp */ = {
			isa = PBXGroup;
			children = (
				CB84D3822C47D9D20003722B /* FeedUIComposer.swift */,
				CB84D3842C47D9D20003722B /* FeedImageDataLoaderPresentationAdapter.swift */,
				CB84D3852C47D9D20003722B /* FeedLoaderPresentationAdapter.swift */,
				CB84D3832C47D9D20003722B /* FeedViewAdapter.swift */,
				CB84D3802C47D9D20003722B /* WeakRefVirtualProxy.swift */,
				CBFC28802C409362009A61AF /* AppDelegate.swift */,
				CBFC28822C409362009A61AF /* SceneDelegate.swift */,
				CBFC28842C409362009A61AF /* ViewController.swift */,
				CBFC28862C409362009A61AF /* Main.storyboard */,
				CBFC28892C409363009A61AF /* Assets.xcassets */,
				CBFC288B2C409363009A61AF /* LaunchScreen.storyboard */,
				CBFC288E2C409363009A61AF /* Info.plist */,
			);
			path = ApplicationApp;
			sourceTree = "<group>";
		};
		CBFC28942C4094E2009A61AF /* Frameworks */ = {
			isa = PBXGroup;
			children = (
				CB84D34D2C4403AF0003722B /* ApplicationFeed.framework */,
				CB84D34E2C4403AF0003722B /* ApplicationFeediOS.framework */,
			);
			name = Frameworks;
			sourceTree = "<group>";
		};
		CBFC28A12C4296DB009A61AF /* ApplicationAppTests */ = {
			isa = PBXGroup;
			children = (
				CB11C2BB2C42F0CB0046AED1 /* Helpers */,
				CB84D3A22C47DA3E0003722B /* FeedUIIntegrationTests.swift */,
				CB84D37E2C47D4B10003722B /* SceneDelegateTests.swift */,
				CB84D3AA2C47E3800003722B /* FeedAcceptanceTests.swift */,
			);
			path = ApplicationAppTests;
			sourceTree = "<group>";
		};
/* End PBXGroup section */

/* Begin PBXNativeTarget section */
		CBFC287C2C409362009A61AF /* ApplicationApp */ = {
			isa = PBXNativeTarget;
			buildConfigurationList = CBFC28912C409363009A61AF /* Build configuration list for PBXNativeTarget "ApplicationApp" */;
			buildPhases = (
				CBFC28792C409362009A61AF /* Sources */,
				CBFC287A2C409362009A61AF /* Frameworks */,
				CBFC287B2C409362009A61AF /* Resources */,
				CB84D34C2C4403A40003722B /* Embed Frameworks */,
			);
			buildRules = (
			);
			dependencies = (
			);
			name = ApplicationApp;
			productName = ApplicationApp;
			productReference = CBFC287D2C409362009A61AF /* ApplicationApp.app */;
			productType = "com.apple.product-type.application";
		};
		CBFC289F2C4296DB009A61AF /* ApplicationAppTests */ = {
			isa = PBXNativeTarget;
			buildConfigurationList = CBFC28A82C4296DB009A61AF /* Build configuration list for PBXNativeTarget "ApplicationAppTests" */;
			buildPhases = (
				CBFC289C2C4296DB009A61AF /* Sources */,
				CBFC289D2C4296DB009A61AF /* Frameworks */,
				CBFC289E2C4296DB009A61AF /* Resources */,
			);
			buildRules = (
			);
			dependencies = (
				CBFC28A52C4296DB009A61AF /* PBXTargetDependency */,
			);
			name = ApplicationAppTests;
			productName = ApplicationAppTests;
			productReference = CBFC28A02C4296DB009A61AF /* ApplicationAppTests.xctest */;
			productType = "com.apple.product-type.bundle.unit-test";
		};
/* End PBXNativeTarget section */

/* Begin PBXProject section */
		CBFC28752C409362009A61AF /* Project object */ = {
			isa = PBXProject;
			attributes = {
				BuildIndependentTargetsInParallel = 1;
				LastSwiftUpdateCheck = 1540;
				LastUpgradeCheck = 1540;
				TargetAttributes = {
					CBFC287C2C409362009A61AF = {
						CreatedOnToolsVersion = 15.4;
					};
					CBFC289F2C4296DB009A61AF = {
						CreatedOnToolsVersion = 15.4;
						TestTargetID = CBFC287C2C409362009A61AF;
					};
				};
			};
			buildConfigurationList = CBFC28782C409362009A61AF /* Build configuration list for PBXProject "ApplicationApp" */;
			compatibilityVersion = "Xcode 14.0";
			developmentRegion = en;
			hasScannedForEncodings = 0;
			knownRegions = (
				en,
				Base,
			);
			mainGroup = CBFC28742C409362009A61AF;
			productRefGroup = CBFC287E2C409362009A61AF /* Products */;
			projectDirPath = "";
			projectRoot = "";
			targets = (
				CBFC287C2C409362009A61AF /* ApplicationApp */,
				CBFC289F2C4296DB009A61AF /* ApplicationAppTests */,
			);
		};
/* End PBXProject section */

/* Begin PBXResourcesBuildPhase section */
		CBFC287B2C409362009A61AF /* Resources */ = {
			isa = PBXResourcesBuildPhase;
			buildActionMask = 2147483647;
			files = (
				CBFC288A2C409363009A61AF /* Assets.xcassets in Resources */,
				CBFC288D2C409363009A61AF /* Base in Resources */,
				CBFC28882C409362009A61AF /* Base in Resources */,
			);
			runOnlyForDeploymentPostprocessing = 0;
		};
		CBFC289E2C4296DB009A61AF /* Resources */ = {
			isa = PBXResourcesBuildPhase;
			buildActionMask = 2147483647;
			files = (
			);
			runOnlyForDeploymentPostprocessing = 0;
		};
/* End PBXResourcesBuildPhase section */

/* Begin PBXSourcesBuildPhase section */
		CBFC28792C409362009A61AF /* Sources */ = {
			isa = PBXSourcesBuildPhase;
			buildActionMask = 2147483647;
			files = (
				CBFC28852C409362009A61AF /* ViewController.swift in Sources */,
				CB84D38A2C47D9D20003722B /* FeedImageDataLoaderPresentationAdapter.swift in Sources */,
				CBFC28812C409362009A61AF /* AppDelegate.swift in Sources */,
				CB84D3892C47D9D20003722B /* FeedViewAdapter.swift in Sources */,
				CBFC28832C409362009A61AF /* SceneDelegate.swift in Sources */,
				CB84D3882C47D9D20003722B /* FeedUIComposer.swift in Sources */,
				CB84D3862C47D9D20003722B /* WeakRefVirtualProxy.swift in Sources */,
				CB84D38B2C47D9D20003722B /* FeedLoaderPresentationAdapter.swift in Sources */,
			);
			runOnlyForDeploymentPostprocessing = 0;
		};
		CBFC289C2C4296DB009A61AF /* Sources */ = {
			isa = PBXSourcesBuildPhase;
			buildActionMask = 2147483647;
			files = (
				CB84D3AB2C47E3800003722B /* FeedAcceptanceTests.swift in Sources */,
				CB84D3992C47DA140003722B /* UIImage+TestHelpers.swift in Sources */,
				CB84D39D2C47DA140003722B /* FeedViewControllerTest+TestHelpers.swift in Sources */,
				CB84D3A92C47DCEC0003722B /* WeakRefVirtualProxy.swift in Sources */,
				CB84D3A42C47DCA80003722B /* FeedUIComposer.swift in Sources */,
				CB84D3972C47DA140003722B /* UIButton+TestHelpers.swift in Sources */,
				CB84D3A32C47DA3E0003722B /* FeedUIIntegrationTests.swift in Sources */,
				CB11C2C02C42FB560046AED1 /* SharedTestHelpers.swift in Sources */,
				CB84D3A52C47DCBC0003722B /* FeedLoaderPresentationAdapter.swift in Sources */,
				CB84D39B2C47DA140003722B /* FeedViewControllerTests+LoaderSpy.swift in Sources */,
				CB84D3A72C47DCCC0003722B /* FeedViewAdapter.swift in Sources */,
				CB84D3AF2C47EBFD0003722B /* InMemoryFeedStore.swift in Sources */,
				CB84D3A62C47DCC50003722B /* FeedImageDataLoaderPresentationAdapter.swift in Sources */,
				CB84D3952C47DA140003722B /* FeedViewControllerTest+Assertions.swift in Sources */,
				CB84D3AD2C47EB950003722B /* HTTPClientStub.swift in Sources */,
				CB84D39C2C47DA140003722B /* FeedViewControllerTests+Localization.swift in Sources */,
				CB84D39A2C47DA140003722B /* UIControl+TestHelpers.swift in Sources */,
				CB84D3982C47DA140003722B /* UIRefreshControl+TestHelpers.swift in Sources */,
				CB84D3962C47DA140003722B /* FeedImageCell+TestHelpers.swift in Sources */,
				CB11C2BE2C42F0F90046AED1 /* XCTestCase+MemoryLeakTracking.swift in Sources */,
				CB84D37F2C47D4B10003722B /* SceneDelegateTests.swift in Sources */,
			);
			runOnlyForDeploymentPostprocessing = 0;
		};
/* End PBXSourcesBuildPhase section */

/* Begin PBXTargetDependency section */
		CBFC28A52C4296DB009A61AF /* PBXTargetDependency */ = {
			isa = PBXTargetDependency;
			target = CBFC287C2C409362009A61AF /* ApplicationApp */;
			targetProxy = CBFC28A42C4296DB009A61AF /* PBXContainerItemProxy */;
		};
/* End PBXTargetDependency section */

/* Begin PBXVariantGroup section */
		CBFC28862C409362009A61AF /* Main.storyboard */ = {
			isa = PBXVariantGroup;
			children = (
				CBFC28872C409362009A61AF /* Base */,
			);
			name = Main.storyboard;
			sourceTree = "<group>";
		};
		CBFC288B2C409363009A61AF /* LaunchScreen.storyboard */ = {
			isa = PBXVariantGroup;
			children = (
				CBFC288C2C409363009A61AF /* Base */,
			);
			name = LaunchScreen.storyboard;
			sourceTree = "<group>";
		};
/* End PBXVariantGroup section */

/* Begin XCBuildConfiguration section */
		CBFC288F2C409363009A61AF /* Debug */ = {
			isa = XCBuildConfiguration;
			buildSettings = {
				ALWAYS_SEARCH_USER_PATHS = NO;
				ASSETCATALOG_COMPILER_GENERATE_SWIFT_ASSET_SYMBOL_EXTENSIONS = YES;
				CLANG_ANALYZER_NONNULL = YES;
				CLANG_ANALYZER_NUMBER_OBJECT_CONVERSION = YES_AGGRESSIVE;
				CLANG_CXX_LANGUAGE_STANDARD = "gnu++20";
				CLANG_ENABLE_MODULES = YES;
				CLANG_ENABLE_OBJC_ARC = YES;
				CLANG_ENABLE_OBJC_WEAK = YES;
				CLANG_WARN_BLOCK_CAPTURE_AUTORELEASING = YES;
				CLANG_WARN_BOOL_CONVERSION = YES;
				CLANG_WARN_COMMA = YES;
				CLANG_WARN_CONSTANT_CONVERSION = YES;
				CLANG_WARN_DEPRECATED_OBJC_IMPLEMENTATIONS = YES;
				CLANG_WARN_DIRECT_OBJC_ISA_USAGE = YES_ERROR;
				CLANG_WARN_DOCUMENTATION_COMMENTS = YES;
				CLANG_WARN_EMPTY_BODY = YES;
				CLANG_WARN_ENUM_CONVERSION = YES;
				CLANG_WARN_INFINITE_RECURSION = YES;
				CLANG_WARN_INT_CONVERSION = YES;
				CLANG_WARN_NON_LITERAL_NULL_CONVERSION = YES;
				CLANG_WARN_OBJC_IMPLICIT_RETAIN_SELF = YES;
				CLANG_WARN_OBJC_LITERAL_CONVERSION = YES;
				CLANG_WARN_OBJC_ROOT_CLASS = YES_ERROR;
				CLANG_WARN_QUOTED_INCLUDE_IN_FRAMEWORK_HEADER = YES;
				CLANG_WARN_RANGE_LOOP_ANALYSIS = YES;
				CLANG_WARN_STRICT_PROTOTYPES = YES;
				CLANG_WARN_SUSPICIOUS_MOVE = YES;
				CLANG_WARN_UNGUARDED_AVAILABILITY = YES_AGGRESSIVE;
				CLANG_WARN_UNREACHABLE_CODE = YES;
				CLANG_WARN__DUPLICATE_METHOD_MATCH = YES;
				COPY_PHASE_STRIP = NO;
				DEBUG_INFORMATION_FORMAT = dwarf;
				ENABLE_STRICT_OBJC_MSGSEND = YES;
				ENABLE_TESTABILITY = YES;
				ENABLE_USER_SCRIPT_SANDBOXING = YES;
				GCC_C_LANGUAGE_STANDARD = gnu17;
				GCC_DYNAMIC_NO_PIC = NO;
				GCC_NO_COMMON_BLOCKS = YES;
				GCC_OPTIMIZATION_LEVEL = 0;
				GCC_PREPROCESSOR_DEFINITIONS = (
					"DEBUG=1",
					"$(inherited)",
				);
				GCC_WARN_64_TO_32_BIT_CONVERSION = YES;
				GCC_WARN_ABOUT_RETURN_TYPE = YES_ERROR;
				GCC_WARN_UNDECLARED_SELECTOR = YES;
				GCC_WARN_UNINITIALIZED_AUTOS = YES_AGGRESSIVE;
				GCC_WARN_UNUSED_FUNCTION = YES;
				GCC_WARN_UNUSED_VARIABLE = YES;
				IPHONEOS_DEPLOYMENT_TARGET = 14.0;
				LOCALIZATION_PREFERS_STRING_CATALOGS = YES;
				MTL_ENABLE_DEBUG_INFO = INCLUDE_SOURCE;
				MTL_FAST_MATH = YES;
				ONLY_ACTIVE_ARCH = YES;
				SDKROOT = iphoneos;
				SWIFT_ACTIVE_COMPILATION_CONDITIONS = "DEBUG $(inherited)";
				SWIFT_OPTIMIZATION_LEVEL = "-Onone";
			};
			name = Debug;
		};
		CBFC28902C409363009A61AF /* Release */ = {
			isa = XCBuildConfiguration;
			buildSettings = {
				ALWAYS_SEARCH_USER_PATHS = NO;
				ASSETCATALOG_COMPILER_GENERATE_SWIFT_ASSET_SYMBOL_EXTENSIONS = YES;
				CLANG_ANALYZER_NONNULL = YES;
				CLANG_ANALYZER_NUMBER_OBJECT_CONVERSION = YES_AGGRESSIVE;
				CLANG_CXX_LANGUAGE_STANDARD = "gnu++20";
				CLANG_ENABLE_MODULES = YES;
				CLANG_ENABLE_OBJC_ARC = YES;
				CLANG_ENABLE_OBJC_WEAK = YES;
				CLANG_WARN_BLOCK_CAPTURE_AUTORELEASING = YES;
				CLANG_WARN_BOOL_CONVERSION = YES;
				CLANG_WARN_COMMA = YES;
				CLANG_WARN_CONSTANT_CONVERSION = YES;
				CLANG_WARN_DEPRECATED_OBJC_IMPLEMENTATIONS = YES;
				CLANG_WARN_DIRECT_OBJC_ISA_USAGE = YES_ERROR;
				CLANG_WARN_DOCUMENTATION_COMMENTS = YES;
				CLANG_WARN_EMPTY_BODY = YES;
				CLANG_WARN_ENUM_CONVERSION = YES;
				CLANG_WARN_INFINITE_RECURSION = YES;
				CLANG_WARN_INT_CONVERSION = YES;
				CLANG_WARN_NON_LITERAL_NULL_CONVERSION = YES;
				CLANG_WARN_OBJC_IMPLICIT_RETAIN_SELF = YES;
				CLANG_WARN_OBJC_LITERAL_CONVERSION = YES;
				CLANG_WARN_OBJC_ROOT_CLASS = YES_ERROR;
				CLANG_WARN_QUOTED_INCLUDE_IN_FRAMEWORK_HEADER = YES;
				CLANG_WARN_RANGE_LOOP_ANALYSIS = YES;
				CLANG_WARN_STRICT_PROTOTYPES = YES;
				CLANG_WARN_SUSPICIOUS_MOVE = YES;
				CLANG_WARN_UNGUARDED_AVAILABILITY = YES_AGGRESSIVE;
				CLANG_WARN_UNREACHABLE_CODE = YES;
				CLANG_WARN__DUPLICATE_METHOD_MATCH = YES;
				COPY_PHASE_STRIP = NO;
				DEBUG_INFORMATION_FORMAT = "dwarf-with-dsym";
				ENABLE_NS_ASSERTIONS = NO;
				ENABLE_STRICT_OBJC_MSGSEND = YES;
				ENABLE_USER_SCRIPT_SANDBOXING = YES;
				GCC_C_LANGUAGE_STANDARD = gnu17;
				GCC_NO_COMMON_BLOCKS = YES;
				GCC_WARN_64_TO_32_BIT_CONVERSION = YES;
				GCC_WARN_ABOUT_RETURN_TYPE = YES_ERROR;
				GCC_WARN_UNDECLARED_SELECTOR = YES;
				GCC_WARN_UNINITIALIZED_AUTOS = YES_AGGRESSIVE;
				GCC_WARN_UNUSED_FUNCTION = YES;
				GCC_WARN_UNUSED_VARIABLE = YES;
				IPHONEOS_DEPLOYMENT_TARGET = 14.0;
				LOCALIZATION_PREFERS_STRING_CATALOGS = YES;
				MTL_ENABLE_DEBUG_INFO = NO;
				MTL_FAST_MATH = YES;
				SDKROOT = iphoneos;
				SWIFT_COMPILATION_MODE = wholemodule;
				VALIDATE_PRODUCT = YES;
			};
			name = Release;
		};
		CBFC28922C409363009A61AF /* Debug */ = {
			isa = XCBuildConfiguration;
			buildSettings = {
				ASSETCATALOG_COMPILER_APPICON_NAME = AppIcon;
				ASSETCATALOG_COMPILER_GLOBAL_ACCENT_COLOR_NAME = AccentColor;
				CODE_SIGN_IDENTITY = "Apple Development";
				"CODE_SIGN_IDENTITY[sdk=iphoneos*]" = "iPhone Distribution";
				CODE_SIGN_STYLE = Manual;
				CURRENT_PROJECT_VERSION = 1;
				DEVELOPMENT_TEAM = "";
				"DEVELOPMENT_TEAM[sdk=iphoneos*]" = D6B69W56R4;
				GENERATE_INFOPLIST_FILE = YES;
				INFOPLIST_FILE = ApplicationApp/Info.plist;
				INFOPLIST_KEY_UIApplicationSupportsIndirectInputEvents = YES;
				INFOPLIST_KEY_UILaunchStoryboardName = LaunchScreen;
				INFOPLIST_KEY_UIMainStoryboardFile = Main;
				INFOPLIST_KEY_UISupportedInterfaceOrientations = UIInterfaceOrientationPortrait;
				IPHONEOS_DEPLOYMENT_TARGET = 14.0;
				LD_RUNPATH_SEARCH_PATHS = (
					"$(inherited)",
					"@executable_path/Frameworks",
				);
				MARKETING_VERSION = 1.1;
				PRODUCT_BUNDLE_IDENTIFIER = com.vologirov.ApplicationApp;
				PRODUCT_NAME = "$(TARGET_NAME)";
				PROVISIONING_PROFILE_SPECIFIER = "";
				"PROVISIONING_PROFILE_SPECIFIER[sdk=iphoneos*]" = "ApplicationFeed distribution";
				SUPPORTED_PLATFORMS = "iphoneos iphonesimulator";
				SUPPORTS_MACCATALYST = NO;
				SUPPORTS_MAC_DESIGNED_FOR_IPHONE_IPAD = NO;
				SUPPORTS_XR_DESIGNED_FOR_IPHONE_IPAD = NO;
				SWIFT_EMIT_LOC_STRINGS = YES;
				SWIFT_VERSION = 5.0;
				TARGETED_DEVICE_FAMILY = 1;
			};
			name = Debug;
		};
		CBFC28932C409363009A61AF /* Release */ = {
			isa = XCBuildConfiguration;
			buildSettings = {
				ASSETCATALOG_COMPILER_APPICON_NAME = AppIcon;
				ASSETCATALOG_COMPILER_GLOBAL_ACCENT_COLOR_NAME = AccentColor;
				CODE_SIGN_IDENTITY = "Apple Development";
				"CODE_SIGN_IDENTITY[sdk=iphoneos*]" = "iPhone Distribution";
				CODE_SIGN_STYLE = Manual;
				CURRENT_PROJECT_VERSION = 1;
				DEVELOPMENT_TEAM = "";
				"DEVELOPMENT_TEAM[sdk=iphoneos*]" = D6B69W56R4;
				GENERATE_INFOPLIST_FILE = YES;
				INFOPLIST_FILE = ApplicationApp/Info.plist;
				INFOPLIST_KEY_UIApplicationSupportsIndirectInputEvents = YES;
				INFOPLIST_KEY_UILaunchStoryboardName = LaunchScreen;
				INFOPLIST_KEY_UIMainStoryboardFile = Main;
				INFOPLIST_KEY_UISupportedInterfaceOrientations = UIInterfaceOrientationPortrait;
				IPHONEOS_DEPLOYMENT_TARGET = 14.0;
				LD_RUNPATH_SEARCH_PATHS = (
					"$(inherited)",
					"@executable_path/Frameworks",
				);
				MARKETING_VERSION = 1.1;
				PRODUCT_BUNDLE_IDENTIFIER = com.vologirov.ApplicationApp;
				PRODUCT_NAME = "$(TARGET_NAME)";
				PROVISIONING_PROFILE_SPECIFIER = "";
				"PROVISIONING_PROFILE_SPECIFIER[sdk=iphoneos*]" = "ApplicationFeed distribution";
				SUPPORTED_PLATFORMS = "iphoneos iphonesimulator";
				SUPPORTS_MACCATALYST = NO;
				SUPPORTS_MAC_DESIGNED_FOR_IPHONE_IPAD = NO;
				SUPPORTS_XR_DESIGNED_FOR_IPHONE_IPAD = NO;
				SWIFT_EMIT_LOC_STRINGS = YES;
				SWIFT_VERSION = 5.0;
				TARGETED_DEVICE_FAMILY = 1;
			};
			name = Release;
		};
		CBFC28A62C4296DB009A61AF /* Debug */ = {
			isa = XCBuildConfiguration;
			buildSettings = {
				BUNDLE_LOADER = "$(TEST_HOST)";
				CODE_SIGN_STYLE = Manual;
				CURRENT_PROJECT_VERSION = 1;
				DEVELOPMENT_TEAM = "";
				"DEVELOPMENT_TEAM[sdk=iphoneos*]" = D6B69W56R4;
				"DEVELOPMENT_TEAM[sdk=macosx*]" = D6B69W56R4;
				GENERATE_INFOPLIST_FILE = YES;
				IPHONEOS_DEPLOYMENT_TARGET = 14.0;
				MARKETING_VERSION = 1.0;
				PRODUCT_BUNDLE_IDENTIFIER = com.vologirov.playground.ApplicationAppTests;
				PRODUCT_NAME = "$(TARGET_NAME)";
				PROVISIONING_PROFILE_SPECIFIER = "";
				SWIFT_EMIT_LOC_STRINGS = NO;
				SWIFT_VERSION = 5.0;
				TARGETED_DEVICE_FAMILY = "1,2";
				TEST_HOST = "$(BUILT_PRODUCTS_DIR)/ApplicationApp.app/$(BUNDLE_EXECUTABLE_FOLDER_PATH)/ApplicationApp";
			};
			name = Debug;
		};
		CBFC28A72C4296DB009A61AF /* Release */ = {
			isa = XCBuildConfiguration;
			buildSettings = {
				BUNDLE_LOADER = "$(TEST_HOST)";
				CODE_SIGN_STYLE = Manual;
				CURRENT_PROJECT_VERSION = 1;
				DEVELOPMENT_TEAM = "";
				"DEVELOPMENT_TEAM[sdk=iphoneos*]" = D6B69W56R4;
				"DEVELOPMENT_TEAM[sdk=macosx*]" = D6B69W56R4;
				GENERATE_INFOPLIST_FILE = YES;
				IPHONEOS_DEPLOYMENT_TARGET = 14.0;
				MARKETING_VERSION = 1.0;
				PRODUCT_BUNDLE_IDENTIFIER = com.vologirov.playground.ApplicationAppTests;
				PRODUCT_NAME = "$(TARGET_NAME)";
				PROVISIONING_PROFILE_SPECIFIER = "";
				SWIFT_EMIT_LOC_STRINGS = NO;
				SWIFT_VERSION = 5.0;
				TARGETED_DEVICE_FAMILY = "1,2";
				TEST_HOST = "$(BUILT_PRODUCTS_DIR)/ApplicationApp.app/$(BUNDLE_EXECUTABLE_FOLDER_PATH)/ApplicationApp";
			};
			name = Release;
		};
/* End XCBuildConfiguration section */

/* Begin XCConfigurationList section */
		CBFC28782C409362009A61AF /* Build configuration list for PBXProject "ApplicationApp" */ = {
			isa = XCConfigurationList;
			buildConfigurations = (
				CBFC288F2C409363009A61AF /* Debug */,
				CBFC28902C409363009A61AF /* Release */,
			);
			defaultConfigurationIsVisible = 0;
			defaultConfigurationName = Release;
		};
		CBFC28912C409363009A61AF /* Build configuration list for PBXNativeTarget "ApplicationApp" */ = {
			isa = XCConfigurationList;
			buildConfigurations = (
				CBFC28922C409363009A61AF /* Debug */,
				CBFC28932C409363009A61AF /* Release */,
			);
			defaultConfigurationIsVisible = 0;
			defaultConfigurationName = Release;
		};
		CBFC28A82C4296DB009A61AF /* Build configuration list for PBXNativeTarget "ApplicationAppTests" */ = {
			isa = XCConfigurationList;
			buildConfigurations = (
				CBFC28A62C4296DB009A61AF /* Debug */,
				CBFC28A72C4296DB009A61AF /* Release */,
			);
			defaultConfigurationIsVisible = 0;
			defaultConfigurationName = Release;
		};
/* End XCConfigurationList section */
	};
	rootObject = CBFC28752C409362009A61AF /* Project object */;
}
