// !$*UTF8*$!
{
	archiveVersion = 1;
	classes = {
	};
	objectVersion = 60;
	objects = {

/* Begin PBXBuildFile section */
		CB1C83C32AF06F3600529E66 /* LocalFeedLoader.swift in Sources */ = {isa = PBXBuildFile; fileRef = CB1C83C22AF06F3600529E66 /* LocalFeedLoader.swift */; };
		CB1C83C52AF06FD100529E66 /* FeedStore.swift in Sources */ = {isa = PBXBuildFile; fileRef = CB1C83C42AF06FD100529E66 /* FeedStore.swift */; };
		CB3512532B26292F00CA5F45 /* MainQueueDispatchDecorator.swift in Sources */ = {isa = PBXBuildFile; fileRef = CB3512522B26292F00CA5F45 /* MainQueueDispatchDecorator.swift */; };
		CB3512552B262A1E00CA5F45 /* WeakRefVirtualProxy.swift in Sources */ = {isa = PBXBuildFile; fileRef = CB3512542B262A1E00CA5F45 /* WeakRefVirtualProxy.swift */; };
		CB3512572B262B8600CA5F45 /* FeedImageDataLoaderPresentationAdapter.swift in Sources */ = {isa = PBXBuildFile; fileRef = CB3512562B262B8600CA5F45 /* FeedImageDataLoaderPresentationAdapter.swift */; };
		CB3512592B262C0200CA5F45 /* FeedLoaderPresentationAdapter.swift in Sources */ = {isa = PBXBuildFile; fileRef = CB3512582B262C0200CA5F45 /* FeedLoaderPresentationAdapter.swift */; };
		CB35125B2B262C4000CA5F45 /* FeedViewAdapter.swift in Sources */ = {isa = PBXBuildFile; fileRef = CB35125A2B262C4000CA5F45 /* FeedViewAdapter.swift */; };
		CB5A257B2B1D58850070B635 /* Feed.xcassets in Resources */ = {isa = PBXBuildFile; fileRef = CB5A257A2B1D58850070B635 /* Feed.xcassets */; };
		CB5A257D2B1D65380070B635 /* UITableView+Dequeueing.swift in Sources */ = {isa = PBXBuildFile; fileRef = CB5A257C2B1D65380070B635 /* UITableView+Dequeueing.swift */; };
		CB5A257F2B1D65CC0070B635 /* UIImageView+Animations.swift in Sources */ = {isa = PBXBuildFile; fileRef = CB5A257E2B1D65CC0070B635 /* UIImageView+Animations.swift */; };
		CB65360D2B11468E00BEC240 /* XCTestCase+MemoryLeakTracking.swift in Sources */ = {isa = PBXBuildFile; fileRef = CBB0E3DE2AE45F860064DBB1 /* XCTestCase+MemoryLeakTracking.swift */; };
		CB65360E2B11538C00BEC240 /* ApplicationFeediOS.framework in Frameworks */ = {isa = PBXBuildFile; fileRef = CB6535EE2B100C0600BEC240 /* ApplicationFeediOS.framework */; };
		CB6536122B1153BC00BEC240 /* ApplicationFeed.framework in Frameworks */ = {isa = PBXBuildFile; fileRef = CBD9AF5A2AD9FD9500ECCC91 /* ApplicationFeed.framework */; };
		CB6536132B1153BC00BEC240 /* ApplicationFeed.framework in Embed Frameworks */ = {isa = PBXBuildFile; fileRef = CBD9AF5A2AD9FD9500ECCC91 /* ApplicationFeed.framework */; settings = {ATTRIBUTES = (CodeSignOnCopy, RemoveHeadersOnCopy, ); }; };
		CB6536182B115FEF00BEC240 /* FeedUIIntegrationTests.swift in Sources */ = {isa = PBXBuildFile; fileRef = CB6536172B115FEF00BEC240 /* FeedUIIntegrationTests.swift */; };
		CB65361A2B11672B00BEC240 /* FeedViewController.swift in Sources */ = {isa = PBXBuildFile; fileRef = CB6536192B11672B00BEC240 /* FeedViewController.swift */; };
		CB65361D2B13B47A00BEC240 /* FeedImageCell.swift in Sources */ = {isa = PBXBuildFile; fileRef = CB65361C2B13B47A00BEC240 /* FeedImageCell.swift */; };
		CB65361F2B13F28100BEC240 /* UIView+Shimmering.swift in Sources */ = {isa = PBXBuildFile; fileRef = CB65361E2B13F28100BEC240 /* UIView+Shimmering.swift */; };
		CB6F29C72B37B9A400C2C613 /* ErrorView.swift in Sources */ = {isa = PBXBuildFile; fileRef = CB6F29C62B37B9A400C2C613 /* ErrorView.swift */; };
		CB6F29D02B37C4C200C2C613 /* UIRefreshControl+Helpers.swift in Sources */ = {isa = PBXBuildFile; fileRef = CB6F29CF2B37C4C200C2C613 /* UIRefreshControl+Helpers.swift */; };
		CB6F29D12B38847300C2C613 /* FeedLoadingViewModel.swift in Sources */ = {isa = PBXBuildFile; fileRef = CB6F29C02B37A3D200C2C613 /* FeedLoadingViewModel.swift */; };
		CB6F29D22B38848200C2C613 /* FeedViewModel.swift in Sources */ = {isa = PBXBuildFile; fileRef = CB6F29BE2B37A33500C2C613 /* FeedViewModel.swift */; };
		CB6F29D32B38848500C2C613 /* FeedErrorViewModel.swift in Sources */ = {isa = PBXBuildFile; fileRef = CB6F29C22B37A40500C2C613 /* FeedErrorViewModel.swift */; };
		CB6F29D42B38852700C2C613 /* FeedPresenter.swift in Sources */ = {isa = PBXBuildFile; fileRef = CB6F29BB2B37A25E00C2C613 /* FeedPresenter.swift */; };
		CB6F29D52B38861800C2C613 /* Feed.strings in Resources */ = {isa = PBXBuildFile; fileRef = CB6F29B72B37A05000C2C613 /* Feed.strings */; };
		CB6F29D72B38876E00C2C613 /* FeedLocalizationTests.swift in Sources */ = {isa = PBXBuildFile; fileRef = CB73FF2A2B1FF26400C4BB9E /* FeedLocalizationTests.swift */; };
		CB6F29D92B388E0700C2C613 /* FeedImagePresenterTests.swift in Sources */ = {isa = PBXBuildFile; fileRef = CB6F29D82B388E0700C2C613 /* FeedImagePresenterTests.swift */; };
		CB73FF002B1FE64F00C4BB9E /* FeedViewControllerTests+Localization.swift in Sources */ = {isa = PBXBuildFile; fileRef = CB73FEFF2B1FE64F00C4BB9E /* FeedViewControllerTests+Localization.swift */; };
		CB73FF2C2B1FF34500C4BB9E /* Feed.storyboard in Resources */ = {isa = PBXBuildFile; fileRef = CB73FF2D2B1FF34500C4BB9E /* Feed.storyboard */; };
		CB7A73CE2AEEA19B005B3C41 /* ApplicationFeed.xctestplan in Resources */ = {isa = PBXBuildFile; fileRef = CB7A73CD2AEEA19B005B3C41 /* ApplicationFeed.xctestplan */; };
		CB7A73D12AEED632005B3C41 /* CacheFeedUseCaseTests.swift in Sources */ = {isa = PBXBuildFile; fileRef = CB7A73D02AEED632005B3C41 /* CacheFeedUseCaseTests.swift */; };
		CB7E97B92B050F3500CF676B /* FeedCachePolicy.swift in Sources */ = {isa = PBXBuildFile; fileRef = CB7E97B82B050F3500CF676B /* FeedCachePolicy.swift */; };
		CB7E97C12B091B8400CF676B /* FeedStoreSpecs.swift in Sources */ = {isa = PBXBuildFile; fileRef = CB7E97C02B091B8400CF676B /* FeedStoreSpecs.swift */; };
		CB7E97C32B091EB100CF676B /* XCTestCase+FeedStoreSpecs.swift in Sources */ = {isa = PBXBuildFile; fileRef = CB7E97C22B091EB100CF676B /* XCTestCase+FeedStoreSpecs.swift */; };
		CB7E97C52B098A3900CF676B /* XCTestCase+FailableRetrieveFeedStoreSpecs.swift in Sources */ = {isa = PBXBuildFile; fileRef = CB7E97C42B098A3900CF676B /* XCTestCase+FailableRetrieveFeedStoreSpecs.swift */; };
		CB7E97C72B098D2100CF676B /* XCTestCase+FailableInsertFeedStoreSpecs.swift in Sources */ = {isa = PBXBuildFile; fileRef = CB7E97C62B098D2100CF676B /* XCTestCase+FailableInsertFeedStoreSpecs.swift */; };
		CB7E97C92B098E2E00CF676B /* XCTestCase+FailableDeleteFeedStoreSpecs.swift in Sources */ = {isa = PBXBuildFile; fileRef = CB7E97C82B098E2E00CF676B /* XCTestCase+FailableDeleteFeedStoreSpecs.swift */; };
		CB7E97CC2B0A5A6100CF676B /* CoreDataFeedStoreTests.swift in Sources */ = {isa = PBXBuildFile; fileRef = CB7E97CB2B0A5A6100CF676B /* CoreDataFeedStoreTests.swift */; };
		CB7E97CE2B0A5DE900CF676B /* CoreDataFeedStore.swift in Sources */ = {isa = PBXBuildFile; fileRef = CB7E97CD2B0A5DE900CF676B /* CoreDataFeedStore.swift */; };
		CB7E97D12B0A5FCC00CF676B /* FeedStore.xcdatamodeld in Sources */ = {isa = PBXBuildFile; fileRef = CB7E97CF2B0A5FCC00CF676B /* FeedStore.xcdatamodeld */; };
		CB7E97E12B0A882C00CF676B /* CoreDataHelpers.swift in Sources */ = {isa = PBXBuildFile; fileRef = CB7E97E02B0A882C00CF676B /* CoreDataHelpers.swift */; };
		CB7E97E32B0A888800CF676B /* ManagedCache.swift in Sources */ = {isa = PBXBuildFile; fileRef = CB7E97E22B0A888800CF676B /* ManagedCache.swift */; };
		CB7E97E52B0A88DB00CF676B /* ManagedFeedImage.swift in Sources */ = {isa = PBXBuildFile; fileRef = CB7E97E42B0A88DB00CF676B /* ManagedFeedImage.swift */; };
		CB7E97ED2B0AEDA900CF676B /* ApplicationFeedCacheIntegrationTests.swift in Sources */ = {isa = PBXBuildFile; fileRef = CB7E97EC2B0AEDA900CF676B /* ApplicationFeedCacheIntegrationTests.swift */; };
		CB7E97EE2B0AEDA900CF676B /* ApplicationFeed.framework in Frameworks */ = {isa = PBXBuildFile; fileRef = CBD9AF5A2AD9FD9500ECCC91 /* ApplicationFeed.framework */; };
		CB7E97F52B0AF12100CF676B /* XCTestCase+MemoryLeakTracking.swift in Sources */ = {isa = PBXBuildFile; fileRef = CBB0E3DE2AE45F860064DBB1 /* XCTestCase+MemoryLeakTracking.swift */; };
		CB7E97F62B0AF2D400CF676B /* SharedTestHelpers.swift in Sources */ = {isa = PBXBuildFile; fileRef = CBFCB4E32B00360C0059B310 /* SharedTestHelpers.swift */; };
		CB7E97F72B0AF2E900CF676B /* FeedCacheTestHelpers.swift in Sources */ = {isa = PBXBuildFile; fileRef = CBFCB4E12B0034ED0059B310 /* FeedCacheTestHelpers.swift */; };
		CBACD5892AF3111000F7DA05 /* RemoteFeedItem.swift in Sources */ = {isa = PBXBuildFile; fileRef = CBACD5882AF3111000F7DA05 /* RemoteFeedItem.swift */; };
		CBACD58B2AF311EB00F7DA05 /* LocalFeedImage.swift in Sources */ = {isa = PBXBuildFile; fileRef = CBACD58A2AF311EB00F7DA05 /* LocalFeedImage.swift */; };
		CBB0E3DF2AE45F860064DBB1 /* XCTestCase+MemoryLeakTracking.swift in Sources */ = {isa = PBXBuildFile; fileRef = CBB0E3DE2AE45F860064DBB1 /* XCTestCase+MemoryLeakTracking.swift */; };
		CBB0E3E12AE47E830064DBB1 /* URLSessionHTTPClient.swift in Sources */ = {isa = PBXBuildFile; fileRef = CBB0E3E02AE47E830064DBB1 /* URLSessionHTTPClient.swift */; };
		CBB0E3EA2AE5EE900064DBB1 /* ApplicationFeedAPIEndToEndTests.swift in Sources */ = {isa = PBXBuildFile; fileRef = CBB0E3E92AE5EE900064DBB1 /* ApplicationFeedAPIEndToEndTests.swift */; };
		CBB0E3EB2AE5EE900064DBB1 /* ApplicationFeed.framework in Frameworks */ = {isa = PBXBuildFile; fileRef = CBD9AF5A2AD9FD9500ECCC91 /* ApplicationFeed.framework */; };
		CBB0E3F12AE5F4600064DBB1 /* XCTestCase+MemoryLeakTracking.swift in Sources */ = {isa = PBXBuildFile; fileRef = CBB0E3DE2AE45F860064DBB1 /* XCTestCase+MemoryLeakTracking.swift */; };
		CBC15EA22B44CB0C005FF3A3 /* FeedImageDataLoader.swift in Sources */ = {isa = PBXBuildFile; fileRef = CBFD64EA2B1688F1003BCE1C /* FeedImageDataLoader.swift */; };
		CBC15EA42B44CBBC005FF3A3 /* RemoteFeedImageDataLoaderTests.swift in Sources */ = {isa = PBXBuildFile; fileRef = CBC15EA32B44CBBC005FF3A3 /* RemoteFeedImageDataLoaderTests.swift */; };
		CBD9AF5F2AD9FD9500ECCC91 /* ApplicationFeed.docc in Sources */ = {isa = PBXBuildFile; fileRef = CBD9AF5E2AD9FD9500ECCC91 /* ApplicationFeed.docc */; };
		CBD9AF652AD9FD9500ECCC91 /* ApplicationFeed.framework in Frameworks */ = {isa = PBXBuildFile; fileRef = CBD9AF5A2AD9FD9500ECCC91 /* ApplicationFeed.framework */; };
		CBD9AF6B2AD9FD9500ECCC91 /* ApplicationFeed.h in Headers */ = {isa = PBXBuildFile; fileRef = CBD9AF5D2AD9FD9500ECCC91 /* ApplicationFeed.h */; settings = {ATTRIBUTES = (Public, ); }; };
		CBD9AF752AD9FDA400ECCC91 /* FeedImage.swift in Sources */ = {isa = PBXBuildFile; fileRef = CBD9AF742AD9FDA400ECCC91 /* FeedImage.swift */; };
		CBDD84192AD9FF4A00E20A5B /* FeedLoader.swift in Sources */ = {isa = PBXBuildFile; fileRef = CBDD84182AD9FF4A00E20A5B /* FeedLoader.swift */; };
		CBDD84212ADA029000E20A5B /* LoadFeedFromRemoteUseCaseTests.swift in Sources */ = {isa = PBXBuildFile; fileRef = CBDD84202ADA029000E20A5B /* LoadFeedFromRemoteUseCaseTests.swift */; };
		CBDD84262ADA115E00E20A5B /* RemoteFeedLoader.swift in Sources */ = {isa = PBXBuildFile; fileRef = CBDD84252ADA115E00E20A5B /* RemoteFeedLoader.swift */; };
		CBDD842A2ADC5F4D00E20A5B /* HTTPClient.swift in Sources */ = {isa = PBXBuildFile; fileRef = CBDD84292ADC5F4D00E20A5B /* HTTPClient.swift */; };
		CBDD842C2ADC5FA200E20A5B /* FeedItemsMapper.swift in Sources */ = {isa = PBXBuildFile; fileRef = CBDD842B2ADC5FA200E20A5B /* FeedItemsMapper.swift */; };
		CBDD84312ADCB3E500E20A5B /* URLSessionHTTPClientTests.swift in Sources */ = {isa = PBXBuildFile; fileRef = CBDD84302ADCB3E500E20A5B /* URLSessionHTTPClientTests.swift */; };
		CBECEF1A2AF6F23A004DD5E9 /* LoadFeedFromCacheUseCaseTests.swift in Sources */ = {isa = PBXBuildFile; fileRef = CBECEF192AF6F23A004DD5E9 /* LoadFeedFromCacheUseCaseTests.swift */; };
		CBECEF1D2AF6F3F6004DD5E9 /* FeedStoreSpy.swift in Sources */ = {isa = PBXBuildFile; fileRef = CBECEF1C2AF6F3F6004DD5E9 /* FeedStoreSpy.swift */; };
		CBF826092B389A7F00BF9EE8 /* FeedImagePresenter.swift in Sources */ = {isa = PBXBuildFile; fileRef = CBF826082B389A7F00BF9EE8 /* FeedImagePresenter.swift */; };
		CBF8260B2B389AF400BF9EE8 /* FeedImageViewModel.swift in Sources */ = {isa = PBXBuildFile; fileRef = CBF8260A2B389AF400BF9EE8 /* FeedImageViewModel.swift */; };
		CBFCB4E02B00308C0059B310 /* ValidateFeedCacheUseCaseTests.swift in Sources */ = {isa = PBXBuildFile; fileRef = CBFCB4DF2B00308C0059B310 /* ValidateFeedCacheUseCaseTests.swift */; };
		CBFCB4E22B0034ED0059B310 /* FeedCacheTestHelpers.swift in Sources */ = {isa = PBXBuildFile; fileRef = CBFCB4E12B0034ED0059B310 /* FeedCacheTestHelpers.swift */; };
		CBFCB4E42B00360C0059B310 /* SharedTestHelpers.swift in Sources */ = {isa = PBXBuildFile; fileRef = CBFCB4E32B00360C0059B310 /* SharedTestHelpers.swift */; };
		CBFD64EF2B16B1FC003BCE1C /* UIImage+TestHelpers.swift in Sources */ = {isa = PBXBuildFile; fileRef = CBFD64EE2B16B1FC003BCE1C /* UIImage+TestHelpers.swift */; };
		CBFD64F12B16B239003BCE1C /* UIRefreshControl+TestHelpers.swift in Sources */ = {isa = PBXBuildFile; fileRef = CBFD64F02B16B239003BCE1C /* UIRefreshControl+TestHelpers.swift */; };
		CBFD64F32B16B277003BCE1C /* UIButton+TestHelpers.swift in Sources */ = {isa = PBXBuildFile; fileRef = CBFD64F22B16B277003BCE1C /* UIButton+TestHelpers.swift */; };
		CBFD64F52B16B2AE003BCE1C /* UIControl+TestHelpers.swift in Sources */ = {isa = PBXBuildFile; fileRef = CBFD64F42B16B2AE003BCE1C /* UIControl+TestHelpers.swift */; };
		CBFD64FA2B16B3E2003BCE1C /* FeedViewControllerTest+TestHelpers.swift in Sources */ = {isa = PBXBuildFile; fileRef = CBFD64F92B16B3E2003BCE1C /* FeedViewControllerTest+TestHelpers.swift */; };
		CBFD64FC2B16B522003BCE1C /* FeedImageCell+TestHelpers.swift in Sources */ = {isa = PBXBuildFile; fileRef = CBFD64FB2B16B522003BCE1C /* FeedImageCell+TestHelpers.swift */; };
		CBFD64FE2B16B5E1003BCE1C /* FeedViewControllerTests+LoaderSpy.swift in Sources */ = {isa = PBXBuildFile; fileRef = CBFD64FD2B16B5E1003BCE1C /* FeedViewControllerTests+LoaderSpy.swift */; };
		CBFD65002B16B697003BCE1C /* FeedViewControllerTest+Assertions.swift in Sources */ = {isa = PBXBuildFile; fileRef = CBFD64FF2B16B697003BCE1C /* FeedViewControllerTest+Assertions.swift */; };
		CBFD65032B16BCD3003BCE1C /* FeedImageCellController.swift in Sources */ = {isa = PBXBuildFile; fileRef = CBFD65022B16BCD3003BCE1C /* FeedImageCellController.swift */; };
		CBFD65062B16C243003BCE1C /* FeedUIComposer.swift in Sources */ = {isa = PBXBuildFile; fileRef = CBFD65052B16C243003BCE1C /* FeedUIComposer.swift */; };
/* End PBXBuildFile section */

/* Begin PBXContainerItemProxy section */
		CB6535F72B100C0700BEC240 /* PBXContainerItemProxy */ = {
			isa = PBXContainerItemProxy;
			containerPortal = CBD9AF512AD9FD9500ECCC91 /* Project object */;
			proxyType = 1;
			remoteGlobalIDString = CB6535ED2B100C0600BEC240;
			remoteInfo = ApplicationFeediOS;
		};
		CB6536142B1153BC00BEC240 /* PBXContainerItemProxy */ = {
			isa = PBXContainerItemProxy;
			containerPortal = CBD9AF512AD9FD9500ECCC91 /* Project object */;
			proxyType = 1;
			remoteGlobalIDString = CBD9AF592AD9FD9500ECCC91;
			remoteInfo = ApplicationFeed;
		};
		CB7E97EF2B0AEDA900CF676B /* PBXContainerItemProxy */ = {
			isa = PBXContainerItemProxy;
			containerPortal = CBD9AF512AD9FD9500ECCC91 /* Project object */;
			proxyType = 1;
			remoteGlobalIDString = CBD9AF592AD9FD9500ECCC91;
			remoteInfo = ApplicationFeed;
		};
		CBB0E3EC2AE5EE900064DBB1 /* PBXContainerItemProxy */ = {
			isa = PBXContainerItemProxy;
			containerPortal = CBD9AF512AD9FD9500ECCC91 /* Project object */;
			proxyType = 1;
			remoteGlobalIDString = CBD9AF592AD9FD9500ECCC91;
			remoteInfo = ApplicationFeed;
		};
		CBD9AF662AD9FD9500ECCC91 /* PBXContainerItemProxy */ = {
			isa = PBXContainerItemProxy;
			containerPortal = CBD9AF512AD9FD9500ECCC91 /* Project object */;
			proxyType = 1;
			remoteGlobalIDString = CBD9AF592AD9FD9500ECCC91;
			remoteInfo = ApplicationFeed;
		};
/* End PBXContainerItemProxy section */

/* Begin PBXCopyFilesBuildPhase section */
		CB6536162B1153BC00BEC240 /* Embed Frameworks */ = {
			isa = PBXCopyFilesBuildPhase;
			buildActionMask = 2147483647;
			dstPath = "";
			dstSubfolderSpec = 10;
			files = (
				CB6536132B1153BC00BEC240 /* ApplicationFeed.framework in Embed Frameworks */,
			);
			name = "Embed Frameworks";
			runOnlyForDeploymentPostprocessing = 0;
		};
/* End PBXCopyFilesBuildPhase section */

/* Begin PBXFileReference section */
		CB1C83C22AF06F3600529E66 /* LocalFeedLoader.swift */ = {isa = PBXFileReference; lastKnownFileType = sourcecode.swift; path = LocalFeedLoader.swift; sourceTree = "<group>"; };
		CB1C83C42AF06FD100529E66 /* FeedStore.swift */ = {isa = PBXFileReference; lastKnownFileType = sourcecode.swift; path = FeedStore.swift; sourceTree = "<group>"; };
		CB3512522B26292F00CA5F45 /* MainQueueDispatchDecorator.swift */ = {isa = PBXFileReference; lastKnownFileType = sourcecode.swift; path = MainQueueDispatchDecorator.swift; sourceTree = "<group>"; };
		CB3512542B262A1E00CA5F45 /* WeakRefVirtualProxy.swift */ = {isa = PBXFileReference; lastKnownFileType = sourcecode.swift; path = WeakRefVirtualProxy.swift; sourceTree = "<group>"; };
		CB3512562B262B8600CA5F45 /* FeedImageDataLoaderPresentationAdapter.swift */ = {isa = PBXFileReference; lastKnownFileType = sourcecode.swift; path = FeedImageDataLoaderPresentationAdapter.swift; sourceTree = "<group>"; };
		CB3512582B262C0200CA5F45 /* FeedLoaderPresentationAdapter.swift */ = {isa = PBXFileReference; lastKnownFileType = sourcecode.swift; path = FeedLoaderPresentationAdapter.swift; sourceTree = "<group>"; };
		CB35125A2B262C4000CA5F45 /* FeedViewAdapter.swift */ = {isa = PBXFileReference; lastKnownFileType = sourcecode.swift; path = FeedViewAdapter.swift; sourceTree = "<group>"; };
		CB5A257A2B1D58850070B635 /* Feed.xcassets */ = {isa = PBXFileReference; lastKnownFileType = folder.assetcatalog; path = Feed.xcassets; sourceTree = "<group>"; };
		CB5A257C2B1D65380070B635 /* UITableView+Dequeueing.swift */ = {isa = PBXFileReference; lastKnownFileType = sourcecode.swift; path = "UITableView+Dequeueing.swift"; sourceTree = "<group>"; };
		CB5A257E2B1D65CC0070B635 /* UIImageView+Animations.swift */ = {isa = PBXFileReference; lastKnownFileType = sourcecode.swift; path = "UIImageView+Animations.swift"; sourceTree = "<group>"; };
		CB6535EE2B100C0600BEC240 /* ApplicationFeediOS.framework */ = {isa = PBXFileReference; explicitFileType = wrapper.framework; includeInIndex = 0; path = ApplicationFeediOS.framework; sourceTree = BUILT_PRODUCTS_DIR; };
		CB6535F52B100C0700BEC240 /* ApplicationFeediOSTests.xctest */ = {isa = PBXFileReference; explicitFileType = wrapper.cfbundle; includeInIndex = 0; path = ApplicationFeediOSTests.xctest; sourceTree = BUILT_PRODUCTS_DIR; };
		CB6536032B100C4400BEC240 /* CI_iOS.xctestplan */ = {isa = PBXFileReference; lastKnownFileType = text; path = CI_iOS.xctestplan; sourceTree = "<group>"; };
		CB6536062B113DFF00BEC240 /* ApplicationFeediOS.xctestplan */ = {isa = PBXFileReference; lastKnownFileType = text; path = ApplicationFeediOS.xctestplan; sourceTree = "<group>"; };
		CB6536172B115FEF00BEC240 /* FeedUIIntegrationTests.swift */ = {isa = PBXFileReference; lastKnownFileType = sourcecode.swift; path = FeedUIIntegrationTests.swift; sourceTree = "<group>"; };
		CB6536192B11672B00BEC240 /* FeedViewController.swift */ = {isa = PBXFileReference; lastKnownFileType = sourcecode.swift; path = FeedViewController.swift; sourceTree = "<group>"; };
		CB65361C2B13B47A00BEC240 /* FeedImageCell.swift */ = {isa = PBXFileReference; lastKnownFileType = sourcecode.swift; path = FeedImageCell.swift; sourceTree = "<group>"; };
		CB65361E2B13F28100BEC240 /* UIView+Shimmering.swift */ = {isa = PBXFileReference; lastKnownFileType = sourcecode.swift; path = "UIView+Shimmering.swift"; sourceTree = "<group>"; };
		CB6F29B12B378E7B00C2C613 /* FeedPresenterTests.swift */ = {isa = PBXFileReference; lastKnownFileType = sourcecode.swift; path = FeedPresenterTests.swift; sourceTree = "<group>"; };
		CB6F29B62B37A05000C2C613 /* en */ = {isa = PBXFileReference; lastKnownFileType = text.plist.strings; name = en; path = en.lproj/Feed.strings; sourceTree = "<group>"; };
		CB6F29B82B37A05200C2C613 /* el */ = {isa = PBXFileReference; lastKnownFileType = text.plist.strings; name = el; path = el.lproj/Feed.strings; sourceTree = "<group>"; };
		CB6F29B92B37A05200C2C613 /* pt-BR */ = {isa = PBXFileReference; lastKnownFileType = text.plist.strings; name = "pt-BR"; path = "pt-BR.lproj/Feed.strings"; sourceTree = "<group>"; };
		CB6F29BB2B37A25E00C2C613 /* FeedPresenter.swift */ = {isa = PBXFileReference; lastKnownFileType = sourcecode.swift; path = FeedPresenter.swift; sourceTree = "<group>"; };
		CB6F29BE2B37A33500C2C613 /* FeedViewModel.swift */ = {isa = PBXFileReference; lastKnownFileType = sourcecode.swift; path = FeedViewModel.swift; sourceTree = "<group>"; };
		CB6F29C02B37A3D200C2C613 /* FeedLoadingViewModel.swift */ = {isa = PBXFileReference; lastKnownFileType = sourcecode.swift; path = FeedLoadingViewModel.swift; sourceTree = "<group>"; };
		CB6F29C22B37A40500C2C613 /* FeedErrorViewModel.swift */ = {isa = PBXFileReference; lastKnownFileType = sourcecode.swift; path = FeedErrorViewModel.swift; sourceTree = "<group>"; };
		CB6F29C62B37B9A400C2C613 /* ErrorView.swift */ = {isa = PBXFileReference; lastKnownFileType = sourcecode.swift; path = ErrorView.swift; sourceTree = "<group>"; };
		CB6F29CF2B37C4C200C2C613 /* UIRefreshControl+Helpers.swift */ = {isa = PBXFileReference; lastKnownFileType = sourcecode.swift; path = "UIRefreshControl+Helpers.swift"; sourceTree = "<group>"; };
		CB6F29D82B388E0700C2C613 /* FeedImagePresenterTests.swift */ = {isa = PBXFileReference; lastKnownFileType = sourcecode.swift; path = FeedImagePresenterTests.swift; sourceTree = "<group>"; };
		CB73FEFF2B1FE64F00C4BB9E /* FeedViewControllerTests+Localization.swift */ = {isa = PBXFileReference; lastKnownFileType = sourcecode.swift; path = "FeedViewControllerTests+Localization.swift"; sourceTree = "<group>"; };
		CB73FF2A2B1FF26400C4BB9E /* FeedLocalizationTests.swift */ = {isa = PBXFileReference; lastKnownFileType = sourcecode.swift; path = FeedLocalizationTests.swift; sourceTree = "<group>"; };
		CB73FF2D2B1FF34500C4BB9E /* Feed.storyboard */ = {isa = PBXFileReference; lastKnownFileType = file.storyboard; path = Feed.storyboard; sourceTree = "<group>"; };
		CB7A73CD2AEEA19B005B3C41 /* ApplicationFeed.xctestplan */ = {isa = PBXFileReference; fileEncoding = 4; lastKnownFileType = text; path = ApplicationFeed.xctestplan; sourceTree = "<group>"; };
		CB7A73D02AEED632005B3C41 /* CacheFeedUseCaseTests.swift */ = {isa = PBXFileReference; lastKnownFileType = sourcecode.swift; path = CacheFeedUseCaseTests.swift; sourceTree = "<group>"; };
		CB7E97B82B050F3500CF676B /* FeedCachePolicy.swift */ = {isa = PBXFileReference; lastKnownFileType = sourcecode.swift; path = FeedCachePolicy.swift; sourceTree = "<group>"; };
		CB7E97C02B091B8400CF676B /* FeedStoreSpecs.swift */ = {isa = PBXFileReference; lastKnownFileType = sourcecode.swift; path = FeedStoreSpecs.swift; sourceTree = "<group>"; };
		CB7E97C22B091EB100CF676B /* XCTestCase+FeedStoreSpecs.swift */ = {isa = PBXFileReference; lastKnownFileType = sourcecode.swift; path = "XCTestCase+FeedStoreSpecs.swift"; sourceTree = "<group>"; };
		CB7E97C42B098A3900CF676B /* XCTestCase+FailableRetrieveFeedStoreSpecs.swift */ = {isa = PBXFileReference; lastKnownFileType = sourcecode.swift; path = "XCTestCase+FailableRetrieveFeedStoreSpecs.swift"; sourceTree = "<group>"; };
		CB7E97C62B098D2100CF676B /* XCTestCase+FailableInsertFeedStoreSpecs.swift */ = {isa = PBXFileReference; lastKnownFileType = sourcecode.swift; path = "XCTestCase+FailableInsertFeedStoreSpecs.swift"; sourceTree = "<group>"; };
		CB7E97C82B098E2E00CF676B /* XCTestCase+FailableDeleteFeedStoreSpecs.swift */ = {isa = PBXFileReference; lastKnownFileType = sourcecode.swift; path = "XCTestCase+FailableDeleteFeedStoreSpecs.swift"; sourceTree = "<group>"; };
		CB7E97CB2B0A5A6100CF676B /* CoreDataFeedStoreTests.swift */ = {isa = PBXFileReference; lastKnownFileType = sourcecode.swift; path = CoreDataFeedStoreTests.swift; sourceTree = "<group>"; };
		CB7E97CD2B0A5DE900CF676B /* CoreDataFeedStore.swift */ = {isa = PBXFileReference; lastKnownFileType = sourcecode.swift; path = CoreDataFeedStore.swift; sourceTree = "<group>"; };
		CB7E97D02B0A5FCC00CF676B /* FeedStore.xcdatamodel */ = {isa = PBXFileReference; lastKnownFileType = wrapper.xcdatamodel; path = FeedStore.xcdatamodel; sourceTree = "<group>"; };
		CB7E97E02B0A882C00CF676B /* CoreDataHelpers.swift */ = {isa = PBXFileReference; lastKnownFileType = sourcecode.swift; path = CoreDataHelpers.swift; sourceTree = "<group>"; };
		CB7E97E22B0A888800CF676B /* ManagedCache.swift */ = {isa = PBXFileReference; lastKnownFileType = sourcecode.swift; path = ManagedCache.swift; sourceTree = "<group>"; };
		CB7E97E42B0A88DB00CF676B /* ManagedFeedImage.swift */ = {isa = PBXFileReference; lastKnownFileType = sourcecode.swift; path = ManagedFeedImage.swift; sourceTree = "<group>"; };
		CB7E97EA2B0AEDA900CF676B /* ApplicationFeedCacheIntegrationTests.xctest */ = {isa = PBXFileReference; explicitFileType = wrapper.cfbundle; includeInIndex = 0; path = ApplicationFeedCacheIntegrationTests.xctest; sourceTree = BUILT_PRODUCTS_DIR; };
		CB7E97EC2B0AEDA900CF676B /* ApplicationFeedCacheIntegrationTests.swift */ = {isa = PBXFileReference; lastKnownFileType = sourcecode.swift; path = ApplicationFeedCacheIntegrationTests.swift; sourceTree = "<group>"; };
		CB7E97F42B0AEE6300CF676B /* ApplicationFeedCacheIntegrationTests.xctestplan */ = {isa = PBXFileReference; lastKnownFileType = text; path = ApplicationFeedCacheIntegrationTests.xctestplan; sourceTree = "<group>"; };
		CBACD5882AF3111000F7DA05 /* RemoteFeedItem.swift */ = {isa = PBXFileReference; lastKnownFileType = sourcecode.swift; path = RemoteFeedItem.swift; sourceTree = "<group>"; };
		CBACD58A2AF311EB00F7DA05 /* LocalFeedImage.swift */ = {isa = PBXFileReference; lastKnownFileType = sourcecode.swift; path = LocalFeedImage.swift; sourceTree = "<group>"; };
		CBB0E3DE2AE45F860064DBB1 /* XCTestCase+MemoryLeakTracking.swift */ = {isa = PBXFileReference; lastKnownFileType = sourcecode.swift; path = "XCTestCase+MemoryLeakTracking.swift"; sourceTree = "<group>"; };
		CBB0E3E02AE47E830064DBB1 /* URLSessionHTTPClient.swift */ = {isa = PBXFileReference; lastKnownFileType = sourcecode.swift; path = URLSessionHTTPClient.swift; sourceTree = "<group>"; };
		CBB0E3E72AE5EE900064DBB1 /* ApplicationFeedAPIEndToEndTests.xctest */ = {isa = PBXFileReference; explicitFileType = wrapper.cfbundle; includeInIndex = 0; path = ApplicationFeedAPIEndToEndTests.xctest; sourceTree = BUILT_PRODUCTS_DIR; };
		CBB0E3E92AE5EE900064DBB1 /* ApplicationFeedAPIEndToEndTests.swift */ = {isa = PBXFileReference; lastKnownFileType = sourcecode.swift; path = ApplicationFeedAPIEndToEndTests.swift; sourceTree = "<group>"; };
		CBC15EA32B44CBBC005FF3A3 /* RemoteFeedImageDataLoaderTests.swift */ = {isa = PBXFileReference; lastKnownFileType = sourcecode.swift; path = RemoteFeedImageDataLoaderTests.swift; sourceTree = "<group>"; };
		CBD9AF5A2AD9FD9500ECCC91 /* ApplicationFeed.framework */ = {isa = PBXFileReference; explicitFileType = wrapper.framework; includeInIndex = 0; path = ApplicationFeed.framework; sourceTree = BUILT_PRODUCTS_DIR; };
		CBD9AF5D2AD9FD9500ECCC91 /* ApplicationFeed.h */ = {isa = PBXFileReference; lastKnownFileType = sourcecode.c.h; path = ApplicationFeed.h; sourceTree = "<group>"; };
		CBD9AF5E2AD9FD9500ECCC91 /* ApplicationFeed.docc */ = {isa = PBXFileReference; lastKnownFileType = folder.documentationcatalog; path = ApplicationFeed.docc; sourceTree = "<group>"; };
		CBD9AF642AD9FD9500ECCC91 /* ApplicationFeedTests.xctest */ = {isa = PBXFileReference; explicitFileType = wrapper.cfbundle; includeInIndex = 0; path = ApplicationFeedTests.xctest; sourceTree = BUILT_PRODUCTS_DIR; };
		CBD9AF742AD9FDA400ECCC91 /* FeedImage.swift */ = {isa = PBXFileReference; lastKnownFileType = sourcecode.swift; path = FeedImage.swift; sourceTree = "<group>"; };
		CBDD84182AD9FF4A00E20A5B /* FeedLoader.swift */ = {isa = PBXFileReference; lastKnownFileType = sourcecode.swift; path = FeedLoader.swift; sourceTree = "<group>"; };
		CBDD84202ADA029000E20A5B /* LoadFeedFromRemoteUseCaseTests.swift */ = {isa = PBXFileReference; lastKnownFileType = sourcecode.swift; path = LoadFeedFromRemoteUseCaseTests.swift; sourceTree = "<group>"; };
		CBDD84252ADA115E00E20A5B /* RemoteFeedLoader.swift */ = {isa = PBXFileReference; lastKnownFileType = sourcecode.swift; path = RemoteFeedLoader.swift; sourceTree = "<group>"; };
		CBDD84292ADC5F4D00E20A5B /* HTTPClient.swift */ = {isa = PBXFileReference; lastKnownFileType = sourcecode.swift; path = HTTPClient.swift; sourceTree = "<group>"; };
		CBDD842B2ADC5FA200E20A5B /* FeedItemsMapper.swift */ = {isa = PBXFileReference; lastKnownFileType = sourcecode.swift; path = FeedItemsMapper.swift; sourceTree = "<group>"; };
		CBDD84302ADCB3E500E20A5B /* URLSessionHTTPClientTests.swift */ = {isa = PBXFileReference; lastKnownFileType = sourcecode.swift; path = URLSessionHTTPClientTests.swift; sourceTree = "<group>"; };
		CBEB52162AE5FA5E00E4111D /* ApplicationFeedAPIEndToEndTests.xctestplan */ = {isa = PBXFileReference; lastKnownFileType = text; path = ApplicationFeedAPIEndToEndTests.xctestplan; sourceTree = "<group>"; };
		CBEB52172AE5FA8E00E4111D /* CI_macOS.xctestplan */ = {isa = PBXFileReference; lastKnownFileType = text; path = CI_macOS.xctestplan; sourceTree = "<group>"; };
		CBEB52182AE7534E00E4111D /* README.md */ = {isa = PBXFileReference; lastKnownFileType = net.daringfireball.markdown; path = README.md; sourceTree = "<group>"; };
		CBECEF192AF6F23A004DD5E9 /* LoadFeedFromCacheUseCaseTests.swift */ = {isa = PBXFileReference; lastKnownFileType = sourcecode.swift; path = LoadFeedFromCacheUseCaseTests.swift; sourceTree = "<group>"; };
		CBECEF1C2AF6F3F6004DD5E9 /* FeedStoreSpy.swift */ = {isa = PBXFileReference; lastKnownFileType = sourcecode.swift; path = FeedStoreSpy.swift; sourceTree = "<group>"; };
		CBF826082B389A7F00BF9EE8 /* FeedImagePresenter.swift */ = {isa = PBXFileReference; lastKnownFileType = sourcecode.swift; path = FeedImagePresenter.swift; sourceTree = "<group>"; };
		CBF8260A2B389AF400BF9EE8 /* FeedImageViewModel.swift */ = {isa = PBXFileReference; lastKnownFileType = sourcecode.swift; path = FeedImageViewModel.swift; sourceTree = "<group>"; };
		CBFCB4DF2B00308C0059B310 /* ValidateFeedCacheUseCaseTests.swift */ = {isa = PBXFileReference; lastKnownFileType = sourcecode.swift; path = ValidateFeedCacheUseCaseTests.swift; sourceTree = "<group>"; };
		CBFCB4E12B0034ED0059B310 /* FeedCacheTestHelpers.swift */ = {isa = PBXFileReference; lastKnownFileType = sourcecode.swift; path = FeedCacheTestHelpers.swift; sourceTree = "<group>"; };
		CBFCB4E32B00360C0059B310 /* SharedTestHelpers.swift */ = {isa = PBXFileReference; lastKnownFileType = sourcecode.swift; path = SharedTestHelpers.swift; sourceTree = "<group>"; };
		CBFD64EA2B1688F1003BCE1C /* FeedImageDataLoader.swift */ = {isa = PBXFileReference; lastKnownFileType = sourcecode.swift; path = FeedImageDataLoader.swift; sourceTree = "<group>"; };
		CBFD64EE2B16B1FC003BCE1C /* UIImage+TestHelpers.swift */ = {isa = PBXFileReference; lastKnownFileType = sourcecode.swift; path = "UIImage+TestHelpers.swift"; sourceTree = "<group>"; };
		CBFD64F02B16B239003BCE1C /* UIRefreshControl+TestHelpers.swift */ = {isa = PBXFileReference; lastKnownFileType = sourcecode.swift; path = "UIRefreshControl+TestHelpers.swift"; sourceTree = "<group>"; };
		CBFD64F22B16B277003BCE1C /* UIButton+TestHelpers.swift */ = {isa = PBXFileReference; lastKnownFileType = sourcecode.swift; path = "UIButton+TestHelpers.swift"; sourceTree = "<group>"; };
		CBFD64F42B16B2AE003BCE1C /* UIControl+TestHelpers.swift */ = {isa = PBXFileReference; lastKnownFileType = sourcecode.swift; path = "UIControl+TestHelpers.swift"; sourceTree = "<group>"; };
		CBFD64F92B16B3E2003BCE1C /* FeedViewControllerTest+TestHelpers.swift */ = {isa = PBXFileReference; lastKnownFileType = sourcecode.swift; path = "FeedViewControllerTest+TestHelpers.swift"; sourceTree = "<group>"; };
		CBFD64FB2B16B522003BCE1C /* FeedImageCell+TestHelpers.swift */ = {isa = PBXFileReference; lastKnownFileType = sourcecode.swift; path = "FeedImageCell+TestHelpers.swift"; sourceTree = "<group>"; };
		CBFD64FD2B16B5E1003BCE1C /* FeedViewControllerTests+LoaderSpy.swift */ = {isa = PBXFileReference; lastKnownFileType = sourcecode.swift; path = "FeedViewControllerTests+LoaderSpy.swift"; sourceTree = "<group>"; };
		CBFD64FF2B16B697003BCE1C /* FeedViewControllerTest+Assertions.swift */ = {isa = PBXFileReference; lastKnownFileType = sourcecode.swift; path = "FeedViewControllerTest+Assertions.swift"; sourceTree = "<group>"; };
		CBFD65022B16BCD3003BCE1C /* FeedImageCellController.swift */ = {isa = PBXFileReference; lastKnownFileType = sourcecode.swift; path = FeedImageCellController.swift; sourceTree = "<group>"; };
		CBFD65052B16C243003BCE1C /* FeedUIComposer.swift */ = {isa = PBXFileReference; lastKnownFileType = sourcecode.swift; path = FeedUIComposer.swift; sourceTree = "<group>"; };
/* End PBXFileReference section */

/* Begin PBXFrameworksBuildPhase section */
		CB6535EB2B100C0600BEC240 /* Frameworks */ = {
			isa = PBXFrameworksBuildPhase;
			buildActionMask = 2147483647;
			files = (
				CB6536122B1153BC00BEC240 /* ApplicationFeed.framework in Frameworks */,
			);
			runOnlyForDeploymentPostprocessing = 0;
		};
		CB6535F22B100C0700BEC240 /* Frameworks */ = {
			isa = PBXFrameworksBuildPhase;
			buildActionMask = 2147483647;
			files = (
				CB65360E2B11538C00BEC240 /* ApplicationFeediOS.framework in Frameworks */,
			);
			runOnlyForDeploymentPostprocessing = 0;
		};
		CB7E97E72B0AEDA900CF676B /* Frameworks */ = {
			isa = PBXFrameworksBuildPhase;
			buildActionMask = 2147483647;
			files = (
				CB7E97EE2B0AEDA900CF676B /* ApplicationFeed.framework in Frameworks */,
			);
			runOnlyForDeploymentPostprocessing = 0;
		};
		CBB0E3E42AE5EE900064DBB1 /* Frameworks */ = {
			isa = PBXFrameworksBuildPhase;
			buildActionMask = 2147483647;
			files = (
				CBB0E3EB2AE5EE900064DBB1 /* ApplicationFeed.framework in Frameworks */,
			);
			runOnlyForDeploymentPostprocessing = 0;
		};
		CBD9AF572AD9FD9500ECCC91 /* Frameworks */ = {
			isa = PBXFrameworksBuildPhase;
			buildActionMask = 2147483647;
			files = (
			);
			runOnlyForDeploymentPostprocessing = 0;
		};
		CBD9AF612AD9FD9500ECCC91 /* Frameworks */ = {
			isa = PBXFrameworksBuildPhase;
			buildActionMask = 2147483647;
			files = (
				CBD9AF652AD9FD9500ECCC91 /* ApplicationFeed.framework in Frameworks */,
			);
			runOnlyForDeploymentPostprocessing = 0;
		};
/* End PBXFrameworksBuildPhase section */

/* Begin PBXGroup section */
		CB1C83C12AF06F0F00529E66 /* Feed Cache */ = {
			isa = PBXGroup;
			children = (
				CB7E97D22B0A623900CF676B /* Infrastructure */,
				CB1C83C22AF06F3600529E66 /* LocalFeedLoader.swift */,
				CB1C83C42AF06FD100529E66 /* FeedStore.swift */,
				CBACD58A2AF311EB00F7DA05 /* LocalFeedImage.swift */,
				CB7E97B82B050F3500CF676B /* FeedCachePolicy.swift */,
			);
			path = "Feed Cache";
			sourceTree = "<group>";
		};
		CB6535CE2B100A9B00BEC240 /* TestPlans */ = {
			isa = PBXGroup;
			children = (
				CB7A73CD2AEEA19B005B3C41 /* ApplicationFeed.xctestplan */,
				CBEB52162AE5FA5E00E4111D /* ApplicationFeedAPIEndToEndTests.xctestplan */,
				CB7E97F42B0AEE6300CF676B /* ApplicationFeedCacheIntegrationTests.xctestplan */,
				CB6536062B113DFF00BEC240 /* ApplicationFeediOS.xctestplan */,
				CBEB52172AE5FA8E00E4111D /* CI_macOS.xctestplan */,
				CB6536032B100C4400BEC240 /* CI_iOS.xctestplan */,
			);
			path = TestPlans;
			sourceTree = "<group>";
		};
		CB6535EF2B100C0600BEC240 /* ApplicationFeediOS */ = {
			isa = PBXGroup;
			children = (
				CBFD64E62B16883C003BCE1C /* Feed UI */,
			);
			path = ApplicationFeediOS;
			sourceTree = "<group>";
		};
		CB6535F92B100C0700BEC240 /* ApplicationFeediOSTests */ = {
			isa = PBXGroup;
			children = (
				CBFD65012B16B986003BCE1C /* Feed UI */,
			);
			path = ApplicationFeediOSTests;
			sourceTree = "<group>";
		};
		CB6536112B1153BC00BEC240 /* Frameworks */ = {
			isa = PBXGroup;
			children = (
			);
			name = Frameworks;
			sourceTree = "<group>";
		};
		CB6F29B02B378E4000C2C613 /* Feed Presentation */ = {
			isa = PBXGroup;
			children = (
				CB6F29B12B378E7B00C2C613 /* FeedPresenterTests.swift */,
				CB6F29D82B388E0700C2C613 /* FeedImagePresenterTests.swift */,
				CB73FF2A2B1FF26400C4BB9E /* FeedLocalizationTests.swift */,
			);
			path = "Feed Presentation";
			sourceTree = "<group>";
		};
		CB6F29BA2B37A23D00C2C613 /* Feed Presentation */ = {
			isa = PBXGroup;
			children = (
				CB6F29BB2B37A25E00C2C613 /* FeedPresenter.swift */,
				CBF826082B389A7F00BF9EE8 /* FeedImagePresenter.swift */,
				CBF8260A2B389AF400BF9EE8 /* FeedImageViewModel.swift */,
				CB6F29C22B37A40500C2C613 /* FeedErrorViewModel.swift */,
				CB6F29C02B37A3D200C2C613 /* FeedLoadingViewModel.swift */,
				CB6F29BE2B37A33500C2C613 /* FeedViewModel.swift */,
				CB6F29B72B37A05000C2C613 /* Feed.strings */,
			);
			path = "Feed Presentation";
			sourceTree = "<group>";
		};
		CB6F29CA2B37C0AC00C2C613 /* Helpers */ = {
			isa = PBXGroup;
			children = (
				CB65361E2B13F28100BEC240 /* UIView+Shimmering.swift */,
				CB5A257C2B1D65380070B635 /* UITableView+Dequeueing.swift */,
				CB5A257E2B1D65CC0070B635 /* UIImageView+Animations.swift */,
				CB6F29CF2B37C4C200C2C613 /* UIRefreshControl+Helpers.swift */,
			);
			path = Helpers;
			sourceTree = "<group>";
		};
		CB7A73CF2AEED60F005B3C41 /* Feed Cache */ = {
			isa = PBXGroup;
			children = (
				CBECEF1B2AF6F3D8004DD5E9 /* Helpers */,
				CB7E97CA2B098FC200CF676B /* FeedStoreSpecs */,
				CB7A73D02AEED632005B3C41 /* CacheFeedUseCaseTests.swift */,
				CBECEF192AF6F23A004DD5E9 /* LoadFeedFromCacheUseCaseTests.swift */,
				CBFCB4DF2B00308C0059B310 /* ValidateFeedCacheUseCaseTests.swift */,
				CB7E97CB2B0A5A6100CF676B /* CoreDataFeedStoreTests.swift */,
			);
			path = "Feed Cache";
			sourceTree = "<group>";
		};
		CB7E97CA2B098FC200CF676B /* FeedStoreSpecs */ = {
			isa = PBXGroup;
			children = (
				CB7E97C02B091B8400CF676B /* FeedStoreSpecs.swift */,
				CB7E97C22B091EB100CF676B /* XCTestCase+FeedStoreSpecs.swift */,
				CB7E97C42B098A3900CF676B /* XCTestCase+FailableRetrieveFeedStoreSpecs.swift */,
				CB7E97C62B098D2100CF676B /* XCTestCase+FailableInsertFeedStoreSpecs.swift */,
				CB7E97C82B098E2E00CF676B /* XCTestCase+FailableDeleteFeedStoreSpecs.swift */,
			);
			path = FeedStoreSpecs;
			sourceTree = "<group>";
		};
		CB7E97D22B0A623900CF676B /* Infrastructure */ = {
			isa = PBXGroup;
			children = (
				CB7E97D32B0A625300CF676B /* CoreData */,
			);
			path = Infrastructure;
			sourceTree = "<group>";
		};
		CB7E97D32B0A625300CF676B /* CoreData */ = {
			isa = PBXGroup;
			children = (
				CB7E97CD2B0A5DE900CF676B /* CoreDataFeedStore.swift */,
				CB7E97E02B0A882C00CF676B /* CoreDataHelpers.swift */,
				CB7E97E22B0A888800CF676B /* ManagedCache.swift */,
				CB7E97E42B0A88DB00CF676B /* ManagedFeedImage.swift */,
				CB7E97CF2B0A5FCC00CF676B /* FeedStore.xcdatamodeld */,
			);
			path = CoreData;
			sourceTree = "<group>";
		};
		CB7E97EB2B0AEDA900CF676B /* ApplicationFeedCacheIntegrationTests */ = {
			isa = PBXGroup;
			children = (
				CB7E97EC2B0AEDA900CF676B /* ApplicationFeedCacheIntegrationTests.swift */,
			);
			path = ApplicationFeedCacheIntegrationTests;
			sourceTree = "<group>";
		};
		CBB0E3DD2AE45F5C0064DBB1 /* Helpers */ = {
			isa = PBXGroup;
			children = (
				CBB0E3DE2AE45F860064DBB1 /* XCTestCase+MemoryLeakTracking.swift */,
				CBFCB4E32B00360C0059B310 /* SharedTestHelpers.swift */,
			);
			path = Helpers;
			sourceTree = "<group>";
		};
		CBB0E3E82AE5EE900064DBB1 /* ApplicationFeedAPIEndToEndTests */ = {
			isa = PBXGroup;
			children = (
				CBB0E3E92AE5EE900064DBB1 /* ApplicationFeedAPIEndToEndTests.swift */,
			);
			path = ApplicationFeedAPIEndToEndTests;
			sourceTree = "<group>";
		};
		CBD9AF502AD9FD9500ECCC91 = {
			isa = PBXGroup;
			children = (
				CBEB52182AE7534E00E4111D /* README.md */,
				CBD9AF5C2AD9FD9500ECCC91 /* ApplicationFeed */,
				CBD9AF682AD9FD9500ECCC91 /* ApplicationFeedTests */,
				CBB0E3E82AE5EE900064DBB1 /* ApplicationFeedAPIEndToEndTests */,
				CB7E97EB2B0AEDA900CF676B /* ApplicationFeedCacheIntegrationTests */,
				CB6535EF2B100C0600BEC240 /* ApplicationFeediOS */,
				CB6535F92B100C0700BEC240 /* ApplicationFeediOSTests */,
				CB6535CE2B100A9B00BEC240 /* TestPlans */,
				CBD9AF5B2AD9FD9500ECCC91 /* Products */,
				CB6536112B1153BC00BEC240 /* Frameworks */,
			);
			sourceTree = "<group>";
		};
		CBD9AF5B2AD9FD9500ECCC91 /* Products */ = {
			isa = PBXGroup;
			children = (
				CBD9AF5A2AD9FD9500ECCC91 /* ApplicationFeed.framework */,
				CBD9AF642AD9FD9500ECCC91 /* ApplicationFeedTests.xctest */,
				CBB0E3E72AE5EE900064DBB1 /* ApplicationFeedAPIEndToEndTests.xctest */,
				CB7E97EA2B0AEDA900CF676B /* ApplicationFeedCacheIntegrationTests.xctest */,
				CB6535EE2B100C0600BEC240 /* ApplicationFeediOS.framework */,
				CB6535F52B100C0700BEC240 /* ApplicationFeediOSTests.xctest */,
			);
			name = Products;
			sourceTree = "<group>";
		};
		CBD9AF5C2AD9FD9500ECCC91 /* ApplicationFeed */ = {
			isa = PBXGroup;
			children = (
				CBD9AF5D2AD9FD9500ECCC91 /* ApplicationFeed.h */,
				CBD9AF5E2AD9FD9500ECCC91 /* ApplicationFeed.docc */,
				CB1C83C12AF06F0F00529E66 /* Feed Cache */,
				CBDD841B2ADA00A200E20A5B /* Feed Feature */,
				CBDD84242ADA113900E20A5B /* FeedAPI */,
				CB6F29BA2B37A23D00C2C613 /* Feed Presentation */,
			);
			path = ApplicationFeed;
			sourceTree = "<group>";
		};
		CBD9AF682AD9FD9500ECCC91 /* ApplicationFeedTests */ = {
			isa = PBXGroup;
			children = (
				CBB0E3DD2AE45F5C0064DBB1 /* Helpers */,
				CB7A73CF2AEED60F005B3C41 /* Feed Cache */,
				CBDD842D2ADC67D900E20A5B /* Feed API */,
				CB6F29B02B378E4000C2C613 /* Feed Presentation */,
			);
			path = ApplicationFeedTests;
			sourceTree = "<group>";
		};
		CBDD841B2ADA00A200E20A5B /* Feed Feature */ = {
			isa = PBXGroup;
			children = (
				CBD9AF742AD9FDA400ECCC91 /* FeedImage.swift */,
				CBDD84182AD9FF4A00E20A5B /* FeedLoader.swift */,
				CBFD64EA2B1688F1003BCE1C /* FeedImageDataLoader.swift */,
			);
			path = "Feed Feature";
			sourceTree = "<group>";
		};
		CBDD84242ADA113900E20A5B /* FeedAPI */ = {
			isa = PBXGroup;
			children = (
				CBDD84252ADA115E00E20A5B /* RemoteFeedLoader.swift */,
				CBDD842B2ADC5FA200E20A5B /* FeedItemsMapper.swift */,
				CBDD84292ADC5F4D00E20A5B /* HTTPClient.swift */,
				CBB0E3E02AE47E830064DBB1 /* URLSessionHTTPClient.swift */,
				CBACD5882AF3111000F7DA05 /* RemoteFeedItem.swift */,
			);
			path = FeedAPI;
			sourceTree = "<group>";
		};
		CBDD842D2ADC67D900E20A5B /* Feed API */ = {
			isa = PBXGroup;
			children = (
				CBDD84202ADA029000E20A5B /* LoadFeedFromRemoteUseCaseTests.swift */,
				CBDD84302ADCB3E500E20A5B /* URLSessionHTTPClientTests.swift */,
				CBC15EA32B44CBBC005FF3A3 /* RemoteFeedImageDataLoaderTests.swift */,
			);
			path = "Feed API";
			sourceTree = "<group>";
		};
		CBECEF1B2AF6F3D8004DD5E9 /* Helpers */ = {
			isa = PBXGroup;
			children = (
				CBECEF1C2AF6F3F6004DD5E9 /* FeedStoreSpy.swift */,
				CBFCB4E12B0034ED0059B310 /* FeedCacheTestHelpers.swift */,
			);
			path = Helpers;
			sourceTree = "<group>";
		};
		CBFD64E62B16883C003BCE1C /* Feed UI */ = {
			isa = PBXGroup;
			children = (
				CBFD65042B16C236003BCE1C /* Composers */,
				CBFD64E72B168855003BCE1C /* Controllers */,
				CBFD64E82B168873003BCE1C /* Views */,
			);
			path = "Feed UI";
			sourceTree = "<group>";
		};
		CBFD64E72B168855003BCE1C /* Controllers */ = {
			isa = PBXGroup;
			children = (
				CB6536192B11672B00BEC240 /* FeedViewController.swift */,
				CBFD65022B16BCD3003BCE1C /* FeedImageCellController.swift */,
			);
			path = Controllers;
			sourceTree = "<group>";
		};
		CBFD64E82B168873003BCE1C /* Views */ = {
			isa = PBXGroup;
			children = (
				CB6F29CA2B37C0AC00C2C613 /* Helpers */,
				CB65361C2B13B47A00BEC240 /* FeedImageCell.swift */,
				CB6F29C62B37B9A400C2C613 /* ErrorView.swift */,
				CB73FF2D2B1FF34500C4BB9E /* Feed.storyboard */,
				CB5A257A2B1D58850070B635 /* Feed.xcassets */,
			);
			path = Views;
			sourceTree = "<group>";
		};
		CBFD64F82B16B3BE003BCE1C /* Helpers */ = {
			isa = PBXGroup;
			children = (
				CBFD64F92B16B3E2003BCE1C /* FeedViewControllerTest+TestHelpers.swift */,
				CBFD64FD2B16B5E1003BCE1C /* FeedViewControllerTests+LoaderSpy.swift */,
				CBFD64FF2B16B697003BCE1C /* FeedViewControllerTest+Assertions.swift */,
				CBFD64FB2B16B522003BCE1C /* FeedImageCell+TestHelpers.swift */,
				CB73FEFF2B1FE64F00C4BB9E /* FeedViewControllerTests+Localization.swift */,
				CBFD64F42B16B2AE003BCE1C /* UIControl+TestHelpers.swift */,
				CBFD64F22B16B277003BCE1C /* UIButton+TestHelpers.swift */,
				CBFD64EE2B16B1FC003BCE1C /* UIImage+TestHelpers.swift */,
				CBFD64F02B16B239003BCE1C /* UIRefreshControl+TestHelpers.swift */,
			);
			name = Helpers;
			path = Controllers/Helpers;
			sourceTree = "<group>";
		};
		CBFD65012B16B986003BCE1C /* Feed UI */ = {
			isa = PBXGroup;
			children = (
				CBFD64F82B16B3BE003BCE1C /* Helpers */,
				CB6536172B115FEF00BEC240 /* FeedUIIntegrationTests.swift */,
			);
			path = "Feed UI";
			sourceTree = "<group>";
		};
		CBFD65042B16C236003BCE1C /* Composers */ = {
			isa = PBXGroup;
			children = (
				CBFD65052B16C243003BCE1C /* FeedUIComposer.swift */,
				CB3512562B262B8600CA5F45 /* FeedImageDataLoaderPresentationAdapter.swift */,
				CB3512582B262C0200CA5F45 /* FeedLoaderPresentationAdapter.swift */,
				CB35125A2B262C4000CA5F45 /* FeedViewAdapter.swift */,
				CB3512522B26292F00CA5F45 /* MainQueueDispatchDecorator.swift */,
				CB3512542B262A1E00CA5F45 /* WeakRefVirtualProxy.swift */,
			);
			path = Composers;
			sourceTree = "<group>";
		};
/* End PBXGroup section */

/* Begin PBXHeadersBuildPhase section */
		CB6535E92B100C0600BEC240 /* Headers */ = {
			isa = PBXHeadersBuildPhase;
			buildActionMask = 2147483647;
			files = (
			);
			runOnlyForDeploymentPostprocessing = 0;
		};
		CBD9AF552AD9FD9500ECCC91 /* Headers */ = {
			isa = PBXHeadersBuildPhase;
			buildActionMask = 2147483647;
			files = (
				CBD9AF6B2AD9FD9500ECCC91 /* ApplicationFeed.h in Headers */,
			);
			runOnlyForDeploymentPostprocessing = 0;
		};
/* End PBXHeadersBuildPhase section */

/* Begin PBXNativeTarget section */
		CB6535ED2B100C0600BEC240 /* ApplicationFeediOS */ = {
			isa = PBXNativeTarget;
			buildConfigurationList = CB6536012B100C0700BEC240 /* Build configuration list for PBXNativeTarget "ApplicationFeediOS" */;
			buildPhases = (
				CB6535E92B100C0600BEC240 /* Headers */,
				CB6535EA2B100C0600BEC240 /* Sources */,
				CB6535EB2B100C0600BEC240 /* Frameworks */,
				CB6535EC2B100C0600BEC240 /* Resources */,
				CB6536162B1153BC00BEC240 /* Embed Frameworks */,
			);
			buildRules = (
			);
			dependencies = (
				CB6536152B1153BC00BEC240 /* PBXTargetDependency */,
			);
			name = ApplicationFeediOS;
			productName = ApplicationFeediOS;
			productReference = CB6535EE2B100C0600BEC240 /* ApplicationFeediOS.framework */;
			productType = "com.apple.product-type.framework";
		};
		CB6535F42B100C0700BEC240 /* ApplicationFeediOSTests */ = {
			isa = PBXNativeTarget;
			buildConfigurationList = CB6536022B100C0700BEC240 /* Build configuration list for PBXNativeTarget "ApplicationFeediOSTests" */;
			buildPhases = (
				CB6535F12B100C0700BEC240 /* Sources */,
				CB6535F22B100C0700BEC240 /* Frameworks */,
				CB6535F32B100C0700BEC240 /* Resources */,
			);
			buildRules = (
			);
			dependencies = (
				CB6535F82B100C0700BEC240 /* PBXTargetDependency */,
			);
			name = ApplicationFeediOSTests;
			productName = ApplicationFeediOSTests;
			productReference = CB6535F52B100C0700BEC240 /* ApplicationFeediOSTests.xctest */;
			productType = "com.apple.product-type.bundle.unit-test";
		};
		CB7E97E92B0AEDA900CF676B /* ApplicationFeedCacheIntegrationTests */ = {
			isa = PBXNativeTarget;
			buildConfigurationList = CB7E97F12B0AEDA900CF676B /* Build configuration list for PBXNativeTarget "ApplicationFeedCacheIntegrationTests" */;
			buildPhases = (
				CB7E97E62B0AEDA900CF676B /* Sources */,
				CB7E97E72B0AEDA900CF676B /* Frameworks */,
				CB7E97E82B0AEDA900CF676B /* Resources */,
			);
			buildRules = (
			);
			dependencies = (
				CB7E97F02B0AEDA900CF676B /* PBXTargetDependency */,
			);
			name = ApplicationFeedCacheIntegrationTests;
			productName = ApplicationFeedCacheIntegrationTests;
			productReference = CB7E97EA2B0AEDA900CF676B /* ApplicationFeedCacheIntegrationTests.xctest */;
			productType = "com.apple.product-type.bundle.unit-test";
		};
		CBB0E3E62AE5EE900064DBB1 /* ApplicationFeedAPIEndToEndTests */ = {
			isa = PBXNativeTarget;
			buildConfigurationList = CBB0E3EE2AE5EE900064DBB1 /* Build configuration list for PBXNativeTarget "ApplicationFeedAPIEndToEndTests" */;
			buildPhases = (
				CBB0E3E32AE5EE900064DBB1 /* Sources */,
				CBB0E3E42AE5EE900064DBB1 /* Frameworks */,
				CBB0E3E52AE5EE900064DBB1 /* Resources */,
			);
			buildRules = (
			);
			dependencies = (
				CBB0E3ED2AE5EE900064DBB1 /* PBXTargetDependency */,
			);
			name = ApplicationFeedAPIEndToEndTests;
			productName = ApplicationFeedAPIEndToEndTests;
			productReference = CBB0E3E72AE5EE900064DBB1 /* ApplicationFeedAPIEndToEndTests.xctest */;
			productType = "com.apple.product-type.bundle.unit-test";
		};
		CBD9AF592AD9FD9500ECCC91 /* ApplicationFeed */ = {
			isa = PBXNativeTarget;
			buildConfigurationList = CBD9AF6E2AD9FD9500ECCC91 /* Build configuration list for PBXNativeTarget "ApplicationFeed" */;
			buildPhases = (
				CBD9AF552AD9FD9500ECCC91 /* Headers */,
				CBD9AF562AD9FD9500ECCC91 /* Sources */,
				CBD9AF572AD9FD9500ECCC91 /* Frameworks */,
				CBD9AF582AD9FD9500ECCC91 /* Resources */,
			);
			buildRules = (
			);
			dependencies = (
			);
			name = ApplicationFeed;
			productName = ApplicationFeed;
			productReference = CBD9AF5A2AD9FD9500ECCC91 /* ApplicationFeed.framework */;
			productType = "com.apple.product-type.framework";
		};
		CBD9AF632AD9FD9500ECCC91 /* ApplicationFeedTests */ = {
			isa = PBXNativeTarget;
			buildConfigurationList = CBD9AF712AD9FD9500ECCC91 /* Build configuration list for PBXNativeTarget "ApplicationFeedTests" */;
			buildPhases = (
				CBD9AF602AD9FD9500ECCC91 /* Sources */,
				CBD9AF612AD9FD9500ECCC91 /* Frameworks */,
				CBD9AF622AD9FD9500ECCC91 /* Resources */,
			);
			buildRules = (
			);
			dependencies = (
				CBD9AF672AD9FD9500ECCC91 /* PBXTargetDependency */,
			);
			name = ApplicationFeedTests;
			productName = ApplicationFeedTests;
			productReference = CBD9AF642AD9FD9500ECCC91 /* ApplicationFeedTests.xctest */;
			productType = "com.apple.product-type.bundle.unit-test";
		};
/* End PBXNativeTarget section */

/* Begin PBXProject section */
		CBD9AF512AD9FD9500ECCC91 /* Project object */ = {
			isa = PBXProject;
			attributes = {
				BuildIndependentTargetsInParallel = 1;
				LastSwiftUpdateCheck = 1510;
				LastUpgradeCheck = 1510;
				TargetAttributes = {
					CB6535ED2B100C0600BEC240 = {
						CreatedOnToolsVersion = 15.1;
						LastSwiftMigration = 1510;
					};
					CB6535F42B100C0700BEC240 = {
						CreatedOnToolsVersion = 15.1;
						LastSwiftMigration = 1510;
					};
					CB7E97E92B0AEDA900CF676B = {
						CreatedOnToolsVersion = 15.0.1;
					};
					CBB0E3E62AE5EE900064DBB1 = {
						CreatedOnToolsVersion = 14.3.1;
					};
					CBD9AF592AD9FD9500ECCC91 = {
						CreatedOnToolsVersion = 15.0;
					};
					CBD9AF632AD9FD9500ECCC91 = {
						CreatedOnToolsVersion = 15.0;
					};
				};
			};
			buildConfigurationList = CBD9AF542AD9FD9500ECCC91 /* Build configuration list for PBXProject "ApplicationFeed" */;
			compatibilityVersion = "Xcode 15.0";
			developmentRegion = en;
			hasScannedForEncodings = 0;
			knownRegions = (
				en,
				Base,
				el,
				"pt-BR",
			);
			mainGroup = CBD9AF502AD9FD9500ECCC91;
			productRefGroup = CBD9AF5B2AD9FD9500ECCC91 /* Products */;
			projectDirPath = "";
			projectRoot = "";
			targets = (
				CBD9AF592AD9FD9500ECCC91 /* ApplicationFeed */,
				CBD9AF632AD9FD9500ECCC91 /* ApplicationFeedTests */,
				CBB0E3E62AE5EE900064DBB1 /* ApplicationFeedAPIEndToEndTests */,
				CB7E97E92B0AEDA900CF676B /* ApplicationFeedCacheIntegrationTests */,
				CB6535ED2B100C0600BEC240 /* ApplicationFeediOS */,
				CB6535F42B100C0700BEC240 /* ApplicationFeediOSTests */,
			);
		};
/* End PBXProject section */

/* Begin PBXResourcesBuildPhase section */
		CB6535EC2B100C0600BEC240 /* Resources */ = {
			isa = PBXResourcesBuildPhase;
			buildActionMask = 2147483647;
			files = (
				CB73FF2C2B1FF34500C4BB9E /* Feed.storyboard in Resources */,
				CB5A257B2B1D58850070B635 /* Feed.xcassets in Resources */,
			);
			runOnlyForDeploymentPostprocessing = 0;
		};
		CB6535F32B100C0700BEC240 /* Resources */ = {
			isa = PBXResourcesBuildPhase;
			buildActionMask = 2147483647;
			files = (
			);
			runOnlyForDeploymentPostprocessing = 0;
		};
		CB7E97E82B0AEDA900CF676B /* Resources */ = {
			isa = PBXResourcesBuildPhase;
			buildActionMask = 2147483647;
			files = (
			);
			runOnlyForDeploymentPostprocessing = 0;
		};
		CBB0E3E52AE5EE900064DBB1 /* Resources */ = {
			isa = PBXResourcesBuildPhase;
			buildActionMask = 2147483647;
			files = (
			);
			runOnlyForDeploymentPostprocessing = 0;
		};
		CBD9AF582AD9FD9500ECCC91 /* Resources */ = {
			isa = PBXResourcesBuildPhase;
			buildActionMask = 2147483647;
			files = (
				CB6F29D52B38861800C2C613 /* Feed.strings in Resources */,
				CB7A73CE2AEEA19B005B3C41 /* ApplicationFeed.xctestplan in Resources */,
			);
			runOnlyForDeploymentPostprocessing = 0;
		};
		CBD9AF622AD9FD9500ECCC91 /* Resources */ = {
			isa = PBXResourcesBuildPhase;
			buildActionMask = 2147483647;
			files = (
			);
			runOnlyForDeploymentPostprocessing = 0;
		};
/* End PBXResourcesBuildPhase section */

/* Begin PBXSourcesBuildPhase section */
		CB6535EA2B100C0600BEC240 /* Sources */ = {
			isa = PBXSourcesBuildPhase;
			buildActionMask = 2147483647;
			files = (
				CB5A257F2B1D65CC0070B635 /* UIImageView+Animations.swift in Sources */,
				CB6F29C72B37B9A400C2C613 /* ErrorView.swift in Sources */,
				CB6F29D02B37C4C200C2C613 /* UIRefreshControl+Helpers.swift in Sources */,
				CB5A257D2B1D65380070B635 /* UITableView+Dequeueing.swift in Sources */,
				CB3512592B262C0200CA5F45 /* FeedLoaderPresentationAdapter.swift in Sources */,
				CB65361F2B13F28100BEC240 /* UIView+Shimmering.swift in Sources */,
				CB3512552B262A1E00CA5F45 /* WeakRefVirtualProxy.swift in Sources */,
				CB3512532B26292F00CA5F45 /* MainQueueDispatchDecorator.swift in Sources */,
				CB65361A2B11672B00BEC240 /* FeedViewController.swift in Sources */,
				CB65361D2B13B47A00BEC240 /* FeedImageCell.swift in Sources */,
				CB3512572B262B8600CA5F45 /* FeedImageDataLoaderPresentationAdapter.swift in Sources */,
				CBFD65032B16BCD3003BCE1C /* FeedImageCellController.swift in Sources */,
				CB35125B2B262C4000CA5F45 /* FeedViewAdapter.swift in Sources */,
				CBFD65062B16C243003BCE1C /* FeedUIComposer.swift in Sources */,
			);
			runOnlyForDeploymentPostprocessing = 0;
		};
		CB6535F12B100C0700BEC240 /* Sources */ = {
			isa = PBXSourcesBuildPhase;
			buildActionMask = 2147483647;
			files = (
				CB6536182B115FEF00BEC240 /* FeedUIIntegrationTests.swift in Sources */,
				CBFD64F32B16B277003BCE1C /* UIButton+TestHelpers.swift in Sources */,
				CBFD64F12B16B239003BCE1C /* UIRefreshControl+TestHelpers.swift in Sources */,
				CBFD64F52B16B2AE003BCE1C /* UIControl+TestHelpers.swift in Sources */,
				CBFD64FE2B16B5E1003BCE1C /* FeedViewControllerTests+LoaderSpy.swift in Sources */,
				CBFD64FA2B16B3E2003BCE1C /* FeedViewControllerTest+TestHelpers.swift in Sources */,
				CB65360D2B11468E00BEC240 /* XCTestCase+MemoryLeakTracking.swift in Sources */,
				CBFD65002B16B697003BCE1C /* FeedViewControllerTest+Assertions.swift in Sources */,
				CBFD64EF2B16B1FC003BCE1C /* UIImage+TestHelpers.swift in Sources */,
				CBFD64FC2B16B522003BCE1C /* FeedImageCell+TestHelpers.swift in Sources */,
				CB73FF002B1FE64F00C4BB9E /* FeedViewControllerTests+Localization.swift in Sources */,
			);
			runOnlyForDeploymentPostprocessing = 0;
		};
		CB7E97E62B0AEDA900CF676B /* Sources */ = {
			isa = PBXSourcesBuildPhase;
			buildActionMask = 2147483647;
			files = (
				CB7E97F72B0AF2E900CF676B /* FeedCacheTestHelpers.swift in Sources */,
				CB7E97ED2B0AEDA900CF676B /* ApplicationFeedCacheIntegrationTests.swift in Sources */,
				CB7E97F52B0AF12100CF676B /* XCTestCase+MemoryLeakTracking.swift in Sources */,
				CB7E97F62B0AF2D400CF676B /* SharedTestHelpers.swift in Sources */,
			);
			runOnlyForDeploymentPostprocessing = 0;
		};
		CBB0E3E32AE5EE900064DBB1 /* Sources */ = {
			isa = PBXSourcesBuildPhase;
			buildActionMask = 2147483647;
			files = (
				CBB0E3EA2AE5EE900064DBB1 /* ApplicationFeedAPIEndToEndTests.swift in Sources */,
				CBB0E3F12AE5F4600064DBB1 /* XCTestCase+MemoryLeakTracking.swift in Sources */,
			);
			runOnlyForDeploymentPostprocessing = 0;
		};
		CBD9AF562AD9FD9500ECCC91 /* Sources */ = {
			isa = PBXSourcesBuildPhase;
			buildActionMask = 2147483647;
			files = (
				CB6F29D22B38848200C2C613 /* FeedViewModel.swift in Sources */,
				CBACD58B2AF311EB00F7DA05 /* LocalFeedImage.swift in Sources */,
				CB7E97D12B0A5FCC00CF676B /* FeedStore.xcdatamodeld in Sources */,
				CB1C83C52AF06FD100529E66 /* FeedStore.swift in Sources */,
				CBB0E3E12AE47E830064DBB1 /* URLSessionHTTPClient.swift in Sources */,
				CBDD84262ADA115E00E20A5B /* RemoteFeedLoader.swift in Sources */,
				CBF826092B389A7F00BF9EE8 /* FeedImagePresenter.swift in Sources */,
				CBDD842A2ADC5F4D00E20A5B /* HTTPClient.swift in Sources */,
				CB7E97E12B0A882C00CF676B /* CoreDataHelpers.swift in Sources */,
				CB6F29D12B38847300C2C613 /* FeedLoadingViewModel.swift in Sources */,
				CBDD84192AD9FF4A00E20A5B /* FeedLoader.swift in Sources */,
				CB7E97CE2B0A5DE900CF676B /* CoreDataFeedStore.swift in Sources */,
				CBC15EA22B44CB0C005FF3A3 /* FeedImageDataLoader.swift in Sources */,
				CB7E97E32B0A888800CF676B /* ManagedCache.swift in Sources */,
				CBDD842C2ADC5FA200E20A5B /* FeedItemsMapper.swift in Sources */,
				CBACD5892AF3111000F7DA05 /* RemoteFeedItem.swift in Sources */,
				CB7E97B92B050F3500CF676B /* FeedCachePolicy.swift in Sources */,
				CB6F29D42B38852700C2C613 /* FeedPresenter.swift in Sources */,
				CBD9AF752AD9FDA400ECCC91 /* FeedImage.swift in Sources */,
				CB7E97E52B0A88DB00CF676B /* ManagedFeedImage.swift in Sources */,
				CBF8260B2B389AF400BF9EE8 /* FeedImageViewModel.swift in Sources */,
				CB6F29D32B38848500C2C613 /* FeedErrorViewModel.swift in Sources */,
				CB1C83C32AF06F3600529E66 /* LocalFeedLoader.swift in Sources */,
				CBD9AF5F2AD9FD9500ECCC91 /* ApplicationFeed.docc in Sources */,
			);
			runOnlyForDeploymentPostprocessing = 0;
		};
		CBD9AF602AD9FD9500ECCC91 /* Sources */ = {
			isa = PBXSourcesBuildPhase;
			buildActionMask = 2147483647;
			files = (
				CBFCB4E22B0034ED0059B310 /* FeedCacheTestHelpers.swift in Sources */,
				CBFCB4E02B00308C0059B310 /* ValidateFeedCacheUseCaseTests.swift in Sources */,
				CBDD84212ADA029000E20A5B /* LoadFeedFromRemoteUseCaseTests.swift in Sources */,
				CB6F29D92B388E0700C2C613 /* FeedImagePresenterTests.swift in Sources */,
				CBC15EA42B44CBBC005FF3A3 /* RemoteFeedImageDataLoaderTests.swift in Sources */,
				CB7E97C72B098D2100CF676B /* XCTestCase+FailableInsertFeedStoreSpecs.swift in Sources */,
				CBDD84312ADCB3E500E20A5B /* URLSessionHTTPClientTests.swift in Sources */,
				CBECEF1D2AF6F3F6004DD5E9 /* FeedStoreSpy.swift in Sources */,
				CB6F29D72B38876E00C2C613 /* FeedLocalizationTests.swift in Sources */,
				CBFCB4E42B00360C0059B310 /* SharedTestHelpers.swift in Sources */,
				CB7A73D12AEED632005B3C41 /* CacheFeedUseCaseTests.swift in Sources */,
				CB7E97C92B098E2E00CF676B /* XCTestCase+FailableDeleteFeedStoreSpecs.swift in Sources */,
				CB7E97C52B098A3900CF676B /* XCTestCase+FailableRetrieveFeedStoreSpecs.swift in Sources */,
				CBECEF1A2AF6F23A004DD5E9 /* LoadFeedFromCacheUseCaseTests.swift in Sources */,
				CB7E97C12B091B8400CF676B /* FeedStoreSpecs.swift in Sources */,
				CBB0E3DF2AE45F860064DBB1 /* XCTestCase+MemoryLeakTracking.swift in Sources */,
				CB7E97CC2B0A5A6100CF676B /* CoreDataFeedStoreTests.swift in Sources */,
				CB7E97C32B091EB100CF676B /* XCTestCase+FeedStoreSpecs.swift in Sources */,
			);
			runOnlyForDeploymentPostprocessing = 0;
		};
/* End PBXSourcesBuildPhase section */

/* Begin PBXTargetDependency section */
		CB6535F82B100C0700BEC240 /* PBXTargetDependency */ = {
			isa = PBXTargetDependency;
			target = CB6535ED2B100C0600BEC240 /* ApplicationFeediOS */;
			targetProxy = CB6535F72B100C0700BEC240 /* PBXContainerItemProxy */;
		};
		CB6536152B1153BC00BEC240 /* PBXTargetDependency */ = {
			isa = PBXTargetDependency;
			target = CBD9AF592AD9FD9500ECCC91 /* ApplicationFeed */;
			targetProxy = CB6536142B1153BC00BEC240 /* PBXContainerItemProxy */;
		};
		CB7E97F02B0AEDA900CF676B /* PBXTargetDependency */ = {
			isa = PBXTargetDependency;
			target = CBD9AF592AD9FD9500ECCC91 /* ApplicationFeed */;
			targetProxy = CB7E97EF2B0AEDA900CF676B /* PBXContainerItemProxy */;
		};
		CBB0E3ED2AE5EE900064DBB1 /* PBXTargetDependency */ = {
			isa = PBXTargetDependency;
			target = CBD9AF592AD9FD9500ECCC91 /* ApplicationFeed */;
			targetProxy = CBB0E3EC2AE5EE900064DBB1 /* PBXContainerItemProxy */;
		};
		CBD9AF672AD9FD9500ECCC91 /* PBXTargetDependency */ = {
			isa = PBXTargetDependency;
			target = CBD9AF592AD9FD9500ECCC91 /* ApplicationFeed */;
			targetProxy = CBD9AF662AD9FD9500ECCC91 /* PBXContainerItemProxy */;
		};
/* End PBXTargetDependency section */

/* Begin PBXVariantGroup section */
		CB6F29B72B37A05000C2C613 /* Feed.strings */ = {
			isa = PBXVariantGroup;
			children = (
				CB6F29B62B37A05000C2C613 /* en */,
				CB6F29B82B37A05200C2C613 /* el */,
				CB6F29B92B37A05200C2C613 /* pt-BR */,
			);
			name = Feed.strings;
			sourceTree = "<group>";
		};
/* End PBXVariantGroup section */

/* Begin XCBuildConfiguration section */
		CB6535FD2B100C0700BEC240 /* Debug */ = {
			isa = XCBuildConfiguration;
			buildSettings = {
				CLANG_ENABLE_MODULES = YES;
				CODE_SIGN_IDENTITY = "Apple Development";
				CODE_SIGN_STYLE = Automatic;
				CURRENT_PROJECT_VERSION = 1;
				DEFINES_MODULE = YES;
				DEVELOPMENT_TEAM = D6B69W56R4;
				DYLIB_COMPATIBILITY_VERSION = 1;
				DYLIB_CURRENT_VERSION = 1;
				DYLIB_INSTALL_NAME_BASE = "@rpath";
				ENABLE_MODULE_VERIFIER = YES;
				GENERATE_INFOPLIST_FILE = YES;
				INFOPLIST_KEY_NSHumanReadableCopyright = "";
				INSTALL_PATH = "$(LOCAL_LIBRARY_DIR)/Frameworks";
				IPHONEOS_DEPLOYMENT_TARGET = 15.0;
				LD_RUNPATH_SEARCH_PATHS = (
					"$(inherited)",
					"@executable_path/Frameworks",
					"@loader_path/Frameworks",
				);
				MARKETING_VERSION = 1.0;
				MODULE_VERIFIER_SUPPORTED_LANGUAGES = "objective-c objective-c++";
				MODULE_VERIFIER_SUPPORTED_LANGUAGE_STANDARDS = "gnu17 gnu++20";
				PRODUCT_BUNDLE_IDENTIFIER = com.vologirov.ApplicationFeediOS;
				PRODUCT_NAME = "$(TARGET_NAME:c99extidentifier)";
				PROVISIONING_PROFILE_SPECIFIER = "";
				SDKROOT = iphoneos;
				SKIP_INSTALL = YES;
				SUPPORTED_PLATFORMS = "iphoneos iphonesimulator";
				SUPPORTS_MACCATALYST = NO;
				SUPPORTS_MAC_DESIGNED_FOR_IPHONE_IPAD = NO;
				SUPPORTS_XR_DESIGNED_FOR_IPHONE_IPAD = NO;
				SWIFT_EMIT_LOC_STRINGS = YES;
				SWIFT_OPTIMIZATION_LEVEL = "-Onone";
				SWIFT_VERSION = 5.0;
				TARGETED_DEVICE_FAMILY = 1;
			};
			name = Debug;
		};
		CB6535FE2B100C0700BEC240 /* Release */ = {
			isa = XCBuildConfiguration;
			buildSettings = {
				CLANG_ENABLE_MODULES = YES;
				CODE_SIGN_IDENTITY = "Apple Development";
				CODE_SIGN_STYLE = Automatic;
				CURRENT_PROJECT_VERSION = 1;
				DEFINES_MODULE = YES;
				DEVELOPMENT_TEAM = D6B69W56R4;
				DYLIB_COMPATIBILITY_VERSION = 1;
				DYLIB_CURRENT_VERSION = 1;
				DYLIB_INSTALL_NAME_BASE = "@rpath";
				ENABLE_MODULE_VERIFIER = YES;
				GENERATE_INFOPLIST_FILE = YES;
				INFOPLIST_KEY_NSHumanReadableCopyright = "";
				INSTALL_PATH = "$(LOCAL_LIBRARY_DIR)/Frameworks";
				IPHONEOS_DEPLOYMENT_TARGET = 15.0;
				LD_RUNPATH_SEARCH_PATHS = (
					"$(inherited)",
					"@executable_path/Frameworks",
					"@loader_path/Frameworks",
				);
				MARKETING_VERSION = 1.0;
				MODULE_VERIFIER_SUPPORTED_LANGUAGES = "objective-c objective-c++";
				MODULE_VERIFIER_SUPPORTED_LANGUAGE_STANDARDS = "gnu17 gnu++20";
				PRODUCT_BUNDLE_IDENTIFIER = com.vologirov.ApplicationFeediOS;
				PRODUCT_NAME = "$(TARGET_NAME:c99extidentifier)";
				PROVISIONING_PROFILE_SPECIFIER = "";
				SDKROOT = iphoneos;
				SKIP_INSTALL = YES;
				SUPPORTED_PLATFORMS = "iphoneos iphonesimulator";
				SUPPORTS_MACCATALYST = NO;
				SUPPORTS_MAC_DESIGNED_FOR_IPHONE_IPAD = NO;
				SUPPORTS_XR_DESIGNED_FOR_IPHONE_IPAD = NO;
				SWIFT_EMIT_LOC_STRINGS = YES;
				SWIFT_VERSION = 5.0;
				TARGETED_DEVICE_FAMILY = 1;
				VALIDATE_PRODUCT = YES;
			};
			name = Release;
		};
		CB6535FF2B100C0700BEC240 /* Debug */ = {
			isa = XCBuildConfiguration;
			buildSettings = {
				ALWAYS_EMBED_SWIFT_STANDARD_LIBRARIES = YES;
				CLANG_ENABLE_MODULES = YES;
				CODE_SIGN_STYLE = Automatic;
				CURRENT_PROJECT_VERSION = 1;
				DEVELOPMENT_TEAM = D6B69W56R4;
				GENERATE_INFOPLIST_FILE = YES;
				IPHONEOS_DEPLOYMENT_TARGET = 15.0;
				MARKETING_VERSION = 1.0;
				PRODUCT_BUNDLE_IDENTIFIER = com.vologirov.ApplicationFeediOSTests;
				PRODUCT_NAME = "$(TARGET_NAME)";
				SDKROOT = iphoneos;
				SUPPORTED_PLATFORMS = "iphoneos iphonesimulator";
				SUPPORTS_MACCATALYST = NO;
				SUPPORTS_MAC_DESIGNED_FOR_IPHONE_IPAD = NO;
				SUPPORTS_XR_DESIGNED_FOR_IPHONE_IPAD = NO;
				SWIFT_EMIT_LOC_STRINGS = NO;
				SWIFT_OPTIMIZATION_LEVEL = "-Onone";
				SWIFT_VERSION = 5.0;
				TARGETED_DEVICE_FAMILY = 1;
			};
			name = Debug;
		};
		CB6536002B100C0700BEC240 /* Release */ = {
			isa = XCBuildConfiguration;
			buildSettings = {
				ALWAYS_EMBED_SWIFT_STANDARD_LIBRARIES = YES;
				CLANG_ENABLE_MODULES = YES;
				CODE_SIGN_STYLE = Automatic;
				CURRENT_PROJECT_VERSION = 1;
				DEVELOPMENT_TEAM = D6B69W56R4;
				GENERATE_INFOPLIST_FILE = YES;
				IPHONEOS_DEPLOYMENT_TARGET = 15.0;
				MARKETING_VERSION = 1.0;
				PRODUCT_BUNDLE_IDENTIFIER = com.vologirov.ApplicationFeediOSTests;
				PRODUCT_NAME = "$(TARGET_NAME)";
				SDKROOT = iphoneos;
				SUPPORTED_PLATFORMS = "iphoneos iphonesimulator";
				SUPPORTS_MACCATALYST = NO;
				SUPPORTS_MAC_DESIGNED_FOR_IPHONE_IPAD = NO;
				SUPPORTS_XR_DESIGNED_FOR_IPHONE_IPAD = NO;
				SWIFT_EMIT_LOC_STRINGS = NO;
				SWIFT_VERSION = 5.0;
				TARGETED_DEVICE_FAMILY = 1;
				VALIDATE_PRODUCT = YES;
			};
			name = Release;
		};
		CB7E97F22B0AEDA900CF676B /* Debug */ = {
			isa = XCBuildConfiguration;
			buildSettings = {
				CODE_SIGN_STYLE = Automatic;
				CURRENT_PROJECT_VERSION = 1;
				DEAD_CODE_STRIPPING = YES;
				DEVELOPMENT_TEAM = D6B69W56R4;
				GENERATE_INFOPLIST_FILE = YES;
				MACOSX_DEPLOYMENT_TARGET = 11.0;
				MARKETING_VERSION = 1.0;
				PRODUCT_BUNDLE_IDENTIFIER = com.vologirov.ApplicationFeedCacheIntegrationTests;
				PRODUCT_NAME = "$(TARGET_NAME)";
				SUPPORTED_PLATFORMS = "macosx iphonesimulator iphoneos";
				SWIFT_EMIT_LOC_STRINGS = NO;
				SWIFT_VERSION = 5.0;
			};
			name = Debug;
		};
		CB7E97F32B0AEDA900CF676B /* Release */ = {
			isa = XCBuildConfiguration;
			buildSettings = {
				CODE_SIGN_STYLE = Automatic;
				CURRENT_PROJECT_VERSION = 1;
				DEAD_CODE_STRIPPING = YES;
				DEVELOPMENT_TEAM = D6B69W56R4;
				GENERATE_INFOPLIST_FILE = YES;
				MACOSX_DEPLOYMENT_TARGET = 11.0;
				MARKETING_VERSION = 1.0;
				PRODUCT_BUNDLE_IDENTIFIER = com.vologirov.ApplicationFeedCacheIntegrationTests;
				PRODUCT_NAME = "$(TARGET_NAME)";
				SUPPORTED_PLATFORMS = "macosx iphonesimulator iphoneos";
				SWIFT_EMIT_LOC_STRINGS = NO;
				SWIFT_VERSION = 5.0;
			};
			name = Release;
		};
		CBB0E3EF2AE5EE900064DBB1 /* Debug */ = {
			isa = XCBuildConfiguration;
			buildSettings = {
				CODE_SIGN_STYLE = Automatic;
				CURRENT_PROJECT_VERSION = 1;
				DEAD_CODE_STRIPPING = YES;
				DEVELOPMENT_TEAM = D6B69W56R4;
				GCC_C_LANGUAGE_STANDARD = gnu11;
				GENERATE_INFOPLIST_FILE = YES;
				IPHONEOS_DEPLOYMENT_TARGET = 14.0;
				MACOSX_DEPLOYMENT_TARGET = 11.0;
				MARKETING_VERSION = 1.0;
				PRODUCT_BUNDLE_IDENTIFIER = com.vologirov.ApplicationFeedAPIEndToEndTests;
				PRODUCT_NAME = "$(TARGET_NAME)";
				SUPPORTED_PLATFORMS = "macosx iphonesimulator iphoneos";
				SWIFT_ACTIVE_COMPILATION_CONDITIONS = DEBUG;
				SWIFT_EMIT_LOC_STRINGS = NO;
				SWIFT_VERSION = 5.0;
				TVOS_DEPLOYMENT_TARGET = 14.0;
				WATCHOS_DEPLOYMENT_TARGET = 6.0;
			};
			name = Debug;
		};
		CBB0E3F02AE5EE900064DBB1 /* Release */ = {
			isa = XCBuildConfiguration;
			buildSettings = {
				CODE_SIGN_STYLE = Automatic;
				CURRENT_PROJECT_VERSION = 1;
				DEAD_CODE_STRIPPING = YES;
				DEVELOPMENT_TEAM = D6B69W56R4;
				GCC_C_LANGUAGE_STANDARD = gnu11;
				GENERATE_INFOPLIST_FILE = YES;
				IPHONEOS_DEPLOYMENT_TARGET = 14.0;
				MACOSX_DEPLOYMENT_TARGET = 11.0;
				MARKETING_VERSION = 1.0;
				PRODUCT_BUNDLE_IDENTIFIER = com.vologirov.ApplicationFeedAPIEndToEndTests;
				PRODUCT_NAME = "$(TARGET_NAME)";
				SUPPORTED_PLATFORMS = "macosx iphonesimulator iphoneos";
				SWIFT_EMIT_LOC_STRINGS = NO;
				SWIFT_OPTIMIZATION_LEVEL = "-O";
				SWIFT_VERSION = 5.0;
				TVOS_DEPLOYMENT_TARGET = 14.0;
				WATCHOS_DEPLOYMENT_TARGET = 6.0;
			};
			name = Release;
		};
		CBD9AF6C2AD9FD9500ECCC91 /* Debug */ = {
			isa = XCBuildConfiguration;
			buildSettings = {
				ALWAYS_SEARCH_USER_PATHS = NO;
				ASSETCATALOG_COMPILER_GENERATE_SWIFT_ASSET_SYMBOL_EXTENSIONS = YES;
				CLANG_ANALYZER_LOCALIZABILITY_NONLOCALIZED = YES;
				CLANG_ANALYZER_NONNULL = YES;
				CLANG_ANALYZER_NUMBER_OBJECT_CONVERSION = YES_AGGRESSIVE;
				CLANG_CXX_LANGUAGE_STANDARD = "gnu++20";
				CLANG_ENABLE_MODULES = YES;
				CLANG_ENABLE_OBJC_ARC = YES;
				CLANG_ENABLE_OBJC_WEAK = YES;
				CLANG_WARN_BLOCK_CAPTURE_AUTORELEASING = YES;
				CLANG_WARN_BOOL_CONVERSION = YES;
				CLANG_WARN_COMMA = YES;
				CLANG_WARN_CONSTANT_CONVERSION = YES;
				CLANG_WARN_DEPRECATED_OBJC_IMPLEMENTATIONS = YES;
				CLANG_WARN_DIRECT_OBJC_ISA_USAGE = YES_ERROR;
				CLANG_WARN_DOCUMENTATION_COMMENTS = YES;
				CLANG_WARN_EMPTY_BODY = YES;
				CLANG_WARN_ENUM_CONVERSION = YES;
				CLANG_WARN_INFINITE_RECURSION = YES;
				CLANG_WARN_INT_CONVERSION = YES;
				CLANG_WARN_NON_LITERAL_NULL_CONVERSION = YES;
				CLANG_WARN_OBJC_IMPLICIT_RETAIN_SELF = YES;
				CLANG_WARN_OBJC_LITERAL_CONVERSION = YES;
				CLANG_WARN_OBJC_ROOT_CLASS = YES_ERROR;
				CLANG_WARN_QUOTED_INCLUDE_IN_FRAMEWORK_HEADER = YES;
				CLANG_WARN_RANGE_LOOP_ANALYSIS = YES;
				CLANG_WARN_STRICT_PROTOTYPES = YES;
				CLANG_WARN_SUSPICIOUS_MOVE = YES;
				CLANG_WARN_UNGUARDED_AVAILABILITY = YES_AGGRESSIVE;
				CLANG_WARN_UNREACHABLE_CODE = YES;
				CLANG_WARN__DUPLICATE_METHOD_MATCH = YES;
				COPY_PHASE_STRIP = NO;
				CURRENT_PROJECT_VERSION = 1;
				DEAD_CODE_STRIPPING = YES;
				DEBUG_INFORMATION_FORMAT = dwarf;
				ENABLE_STRICT_OBJC_MSGSEND = YES;
				ENABLE_TESTABILITY = YES;
				ENABLE_USER_SCRIPT_SANDBOXING = YES;
				GCC_C_LANGUAGE_STANDARD = gnu17;
				GCC_DYNAMIC_NO_PIC = NO;
				GCC_NO_COMMON_BLOCKS = YES;
				GCC_OPTIMIZATION_LEVEL = 0;
				GCC_PREPROCESSOR_DEFINITIONS = (
					"DEBUG=1",
					"$(inherited)",
				);
				GCC_WARN_64_TO_32_BIT_CONVERSION = YES;
				GCC_WARN_ABOUT_RETURN_TYPE = YES_ERROR;
				GCC_WARN_UNDECLARED_SELECTOR = YES;
				GCC_WARN_UNINITIALIZED_AUTOS = YES_AGGRESSIVE;
				GCC_WARN_UNUSED_FUNCTION = YES;
				GCC_WARN_UNUSED_VARIABLE = YES;
				IPHONEOS_DEPLOYMENT_TARGET = 12.0;
				LOCALIZATION_PREFERS_STRING_CATALOGS = YES;
				MACOSX_DEPLOYMENT_TARGET = 11.0;
				MTL_ENABLE_DEBUG_INFO = INCLUDE_SOURCE;
				MTL_FAST_MATH = YES;
				ONLY_ACTIVE_ARCH = YES;
				SDKROOT = macosx;
				SWIFT_ACTIVE_COMPILATION_CONDITIONS = "DEBUG $(inherited)";
				SWIFT_OPTIMIZATION_LEVEL = "-Onone";
				VERSIONING_SYSTEM = "apple-generic";
				VERSION_INFO_PREFIX = "";
			};
			name = Debug;
		};
		CBD9AF6D2AD9FD9500ECCC91 /* Release */ = {
			isa = XCBuildConfiguration;
			buildSettings = {
				ALWAYS_SEARCH_USER_PATHS = NO;
				ASSETCATALOG_COMPILER_GENERATE_SWIFT_ASSET_SYMBOL_EXTENSIONS = YES;
				CLANG_ANALYZER_LOCALIZABILITY_NONLOCALIZED = YES;
				CLANG_ANALYZER_NONNULL = YES;
				CLANG_ANALYZER_NUMBER_OBJECT_CONVERSION = YES_AGGRESSIVE;
				CLANG_CXX_LANGUAGE_STANDARD = "gnu++20";
				CLANG_ENABLE_MODULES = YES;
				CLANG_ENABLE_OBJC_ARC = YES;
				CLANG_ENABLE_OBJC_WEAK = YES;
				CLANG_WARN_BLOCK_CAPTURE_AUTORELEASING = YES;
				CLANG_WARN_BOOL_CONVERSION = YES;
				CLANG_WARN_COMMA = YES;
				CLANG_WARN_CONSTANT_CONVERSION = YES;
				CLANG_WARN_DEPRECATED_OBJC_IMPLEMENTATIONS = YES;
				CLANG_WARN_DIRECT_OBJC_ISA_USAGE = YES_ERROR;
				CLANG_WARN_DOCUMENTATION_COMMENTS = YES;
				CLANG_WARN_EMPTY_BODY = YES;
				CLANG_WARN_ENUM_CONVERSION = YES;
				CLANG_WARN_INFINITE_RECURSION = YES;
				CLANG_WARN_INT_CONVERSION = YES;
				CLANG_WARN_NON_LITERAL_NULL_CONVERSION = YES;
				CLANG_WARN_OBJC_IMPLICIT_RETAIN_SELF = YES;
				CLANG_WARN_OBJC_LITERAL_CONVERSION = YES;
				CLANG_WARN_OBJC_ROOT_CLASS = YES_ERROR;
				CLANG_WARN_QUOTED_INCLUDE_IN_FRAMEWORK_HEADER = YES;
				CLANG_WARN_RANGE_LOOP_ANALYSIS = YES;
				CLANG_WARN_STRICT_PROTOTYPES = YES;
				CLANG_WARN_SUSPICIOUS_MOVE = YES;
				CLANG_WARN_UNGUARDED_AVAILABILITY = YES_AGGRESSIVE;
				CLANG_WARN_UNREACHABLE_CODE = YES;
				CLANG_WARN__DUPLICATE_METHOD_MATCH = YES;
				COPY_PHASE_STRIP = NO;
				CURRENT_PROJECT_VERSION = 1;
				DEAD_CODE_STRIPPING = YES;
				DEBUG_INFORMATION_FORMAT = "dwarf-with-dsym";
				ENABLE_NS_ASSERTIONS = NO;
				ENABLE_STRICT_OBJC_MSGSEND = YES;
				ENABLE_USER_SCRIPT_SANDBOXING = YES;
				GCC_C_LANGUAGE_STANDARD = gnu17;
				GCC_NO_COMMON_BLOCKS = YES;
				GCC_WARN_64_TO_32_BIT_CONVERSION = YES;
				GCC_WARN_ABOUT_RETURN_TYPE = YES_ERROR;
				GCC_WARN_UNDECLARED_SELECTOR = YES;
				GCC_WARN_UNINITIALIZED_AUTOS = YES_AGGRESSIVE;
				GCC_WARN_UNUSED_FUNCTION = YES;
				GCC_WARN_UNUSED_VARIABLE = YES;
				IPHONEOS_DEPLOYMENT_TARGET = 12.0;
				LOCALIZATION_PREFERS_STRING_CATALOGS = YES;
				MACOSX_DEPLOYMENT_TARGET = 11.0;
				MTL_ENABLE_DEBUG_INFO = NO;
				MTL_FAST_MATH = YES;
				SDKROOT = macosx;
				SWIFT_COMPILATION_MODE = wholemodule;
				VERSIONING_SYSTEM = "apple-generic";
				VERSION_INFO_PREFIX = "";
			};
			name = Release;
		};
		CBD9AF6F2AD9FD9500ECCC91 /* Debug */ = {
			isa = XCBuildConfiguration;
			buildSettings = {
				CODE_SIGN_IDENTITY = "Apple Development";
				CODE_SIGN_STYLE = Automatic;
				COMBINE_HIDPI_IMAGES = YES;
				CURRENT_PROJECT_VERSION = 1;
				DEAD_CODE_STRIPPING = YES;
				DEFINES_MODULE = YES;
				DEVELOPMENT_TEAM = D6B69W56R4;
				DYLIB_COMPATIBILITY_VERSION = 1;
				DYLIB_CURRENT_VERSION = 1;
				DYLIB_INSTALL_NAME_BASE = "@rpath";
				ENABLE_MODULE_VERIFIER = YES;
				GENERATE_INFOPLIST_FILE = YES;
				INFOPLIST_KEY_NSHumanReadableCopyright = "";
				INSTALL_PATH = "$(LOCAL_LIBRARY_DIR)/Frameworks";
				IPHONEOS_DEPLOYMENT_TARGET = 14.0;
				LD_RUNPATH_SEARCH_PATHS = (
					"$(inherited)",
					"@executable_path/../Frameworks",
					"@loader_path/Frameworks",
				);
				MACOSX_DEPLOYMENT_TARGET = 11.0;
				MARKETING_VERSION = 1.0;
				MODULE_VERIFIER_SUPPORTED_LANGUAGES = "objective-c objective-c++";
				MODULE_VERIFIER_SUPPORTED_LANGUAGE_STANDARDS = "gnu17 gnu++20";
				PRODUCT_BUNDLE_IDENTIFIER = com.vologirov.ApplicationFeed;
				PRODUCT_NAME = "$(TARGET_NAME:c99extidentifier)";
				PROVISIONING_PROFILE_SPECIFIER = "";
				SKIP_INSTALL = YES;
				SUPPORTED_PLATFORMS = "macosx iphonesimulator iphoneos";
				SWIFT_EMIT_LOC_STRINGS = YES;
				SWIFT_VERSION = 5.0;
				TVOS_DEPLOYMENT_TARGET = 14.0;
				WATCHOS_DEPLOYMENT_TARGET = 6.0;
			};
			name = Debug;
		};
		CBD9AF702AD9FD9500ECCC91 /* Release */ = {
			isa = XCBuildConfiguration;
			buildSettings = {
				CODE_SIGN_IDENTITY = "Apple Development";
				CODE_SIGN_STYLE = Automatic;
				COMBINE_HIDPI_IMAGES = YES;
				CURRENT_PROJECT_VERSION = 1;
				DEAD_CODE_STRIPPING = YES;
				DEFINES_MODULE = YES;
				DEVELOPMENT_TEAM = D6B69W56R4;
				DYLIB_COMPATIBILITY_VERSION = 1;
				DYLIB_CURRENT_VERSION = 1;
				DYLIB_INSTALL_NAME_BASE = "@rpath";
				ENABLE_MODULE_VERIFIER = YES;
				GENERATE_INFOPLIST_FILE = YES;
				INFOPLIST_KEY_NSHumanReadableCopyright = "";
				INSTALL_PATH = "$(LOCAL_LIBRARY_DIR)/Frameworks";
				IPHONEOS_DEPLOYMENT_TARGET = 14.0;
				LD_RUNPATH_SEARCH_PATHS = (
					"$(inherited)",
					"@executable_path/../Frameworks",
					"@loader_path/Frameworks",
				);
				MACOSX_DEPLOYMENT_TARGET = 11.0;
				MARKETING_VERSION = 1.0;
				MODULE_VERIFIER_SUPPORTED_LANGUAGES = "objective-c objective-c++";
				MODULE_VERIFIER_SUPPORTED_LANGUAGE_STANDARDS = "gnu17 gnu++20";
				PRODUCT_BUNDLE_IDENTIFIER = com.vologirov.ApplicationFeed;
				PRODUCT_NAME = "$(TARGET_NAME:c99extidentifier)";
				PROVISIONING_PROFILE_SPECIFIER = "";
				SKIP_INSTALL = YES;
				SUPPORTED_PLATFORMS = "macosx iphonesimulator iphoneos";
				SWIFT_EMIT_LOC_STRINGS = YES;
				SWIFT_VERSION = 5.0;
				TVOS_DEPLOYMENT_TARGET = 14.0;
				WATCHOS_DEPLOYMENT_TARGET = 6.0;
			};
			name = Release;
		};
		CBD9AF722AD9FD9500ECCC91 /* Debug */ = {
			isa = XCBuildConfiguration;
			buildSettings = {
				ALWAYS_EMBED_SWIFT_STANDARD_LIBRARIES = YES;
				CODE_SIGN_IDENTITY = "Apple Development";
				CODE_SIGN_STYLE = Automatic;
				CURRENT_PROJECT_VERSION = 1;
				DEAD_CODE_STRIPPING = YES;
				DEVELOPMENT_TEAM = D6B69W56R4;
				GENERATE_INFOPLIST_FILE = YES;
				IPHONEOS_DEPLOYMENT_TARGET = 14.0;
				MACOSX_DEPLOYMENT_TARGET = 11.0;
				MARKETING_VERSION = 1.0;
				PRODUCT_BUNDLE_IDENTIFIER = com.vologirov.ApplicationFeedTests;
				PRODUCT_NAME = "$(TARGET_NAME)";
				PROVISIONING_PROFILE_SPECIFIER = "";
				SUPPORTED_PLATFORMS = "macosx iphoneos iphonesimulator";
				SWIFT_EMIT_LOC_STRINGS = NO;
				SWIFT_VERSION = 5.0;
				TVOS_DEPLOYMENT_TARGET = 14.0;
				WATCHOS_DEPLOYMENT_TARGET = 6.0;
			};
			name = Debug;
		};
		CBD9AF732AD9FD9500ECCC91 /* Release */ = {
			isa = XCBuildConfiguration;
			buildSettings = {
				ALWAYS_EMBED_SWIFT_STANDARD_LIBRARIES = YES;
				CODE_SIGN_IDENTITY = "Apple Development";
				CODE_SIGN_STYLE = Automatic;
				CURRENT_PROJECT_VERSION = 1;
				DEAD_CODE_STRIPPING = YES;
				DEVELOPMENT_TEAM = D6B69W56R4;
				GENERATE_INFOPLIST_FILE = YES;
				IPHONEOS_DEPLOYMENT_TARGET = 14.0;
				MACOSX_DEPLOYMENT_TARGET = 11.0;
				MARKETING_VERSION = 1.0;
				PRODUCT_BUNDLE_IDENTIFIER = com.vologirov.ApplicationFeedTests;
				PRODUCT_NAME = "$(TARGET_NAME)";
				PROVISIONING_PROFILE_SPECIFIER = "";
				SUPPORTED_PLATFORMS = "macosx iphoneos iphonesimulator";
				SWIFT_EMIT_LOC_STRINGS = NO;
				SWIFT_VERSION = 5.0;
				TVOS_DEPLOYMENT_TARGET = 14.0;
				WATCHOS_DEPLOYMENT_TARGET = 6.0;
			};
			name = Release;
		};
/* End XCBuildConfiguration section */

/* Begin XCConfigurationList section */
		CB6536012B100C0700BEC240 /* Build configuration list for PBXNativeTarget "ApplicationFeediOS" */ = {
			isa = XCConfigurationList;
			buildConfigurations = (
				CB6535FD2B100C0700BEC240 /* Debug */,
				CB6535FE2B100C0700BEC240 /* Release */,
			);
			defaultConfigurationIsVisible = 0;
			defaultConfigurationName = Release;
		};
		CB6536022B100C0700BEC240 /* Build configuration list for PBXNativeTarget "ApplicationFeediOSTests" */ = {
			isa = XCConfigurationList;
			buildConfigurations = (
				CB6535FF2B100C0700BEC240 /* Debug */,
				CB6536002B100C0700BEC240 /* Release */,
			);
			defaultConfigurationIsVisible = 0;
			defaultConfigurationName = Release;
		};
		CB7E97F12B0AEDA900CF676B /* Build configuration list for PBXNativeTarget "ApplicationFeedCacheIntegrationTests" */ = {
			isa = XCConfigurationList;
			buildConfigurations = (
				CB7E97F22B0AEDA900CF676B /* Debug */,
				CB7E97F32B0AEDA900CF676B /* Release */,
			);
			defaultConfigurationIsVisible = 0;
			defaultConfigurationName = Release;
		};
		CBB0E3EE2AE5EE900064DBB1 /* Build configuration list for PBXNativeTarget "ApplicationFeedAPIEndToEndTests" */ = {
			isa = XCConfigurationList;
			buildConfigurations = (
				CBB0E3EF2AE5EE900064DBB1 /* Debug */,
				CBB0E3F02AE5EE900064DBB1 /* Release */,
			);
			defaultConfigurationIsVisible = 0;
			defaultConfigurationName = Release;
		};
		CBD9AF542AD9FD9500ECCC91 /* Build configuration list for PBXProject "ApplicationFeed" */ = {
			isa = XCConfigurationList;
			buildConfigurations = (
				CBD9AF6C2AD9FD9500ECCC91 /* Debug */,
				CBD9AF6D2AD9FD9500ECCC91 /* Release */,
			);
			defaultConfigurationIsVisible = 0;
			defaultConfigurationName = Release;
		};
		CBD9AF6E2AD9FD9500ECCC91 /* Build configuration list for PBXNativeTarget "ApplicationFeed" */ = {
			isa = XCConfigurationList;
			buildConfigurations = (
				CBD9AF6F2AD9FD9500ECCC91 /* Debug */,
				CBD9AF702AD9FD9500ECCC91 /* Release */,
			);
			defaultConfigurationIsVisible = 0;
			defaultConfigurationName = Release;
		};
		CBD9AF712AD9FD9500ECCC91 /* Build configuration list for PBXNativeTarget "ApplicationFeedTests" */ = {
			isa = XCConfigurationList;
			buildConfigurations = (
				CBD9AF722AD9FD9500ECCC91 /* Debug */,
				CBD9AF732AD9FD9500ECCC91 /* Release */,
			);
			defaultConfigurationIsVisible = 0;
			defaultConfigurationName = Release;
		};
/* End XCConfigurationList section */

/* Begin XCVersionGroup section */
		CB7E97CF2B0A5FCC00CF676B /* FeedStore.xcdatamodeld */ = {
			isa = XCVersionGroup;
			children = (
				CB7E97D02B0A5FCC00CF676B /* FeedStore.xcdatamodel */,
			);
			currentVersion = CB7E97D02B0A5FCC00CF676B /* FeedStore.xcdatamodel */;
			path = FeedStore.xcdatamodeld;
			sourceTree = "<group>";
			versionGroupType = wrapper.xcdatamodel;
		};
/* End XCVersionGroup section */
	};
	rootObject = CBD9AF512AD9FD9500ECCC91 /* Project object */;
}
