// !$*UTF8*$!
{
	archiveVersion = 1;
	classes = {
	};
	objectVersion = 56;
	objects = {

/* Begin PBXBuildFile section */
		CB7A73CE2AEEA19B005B3C41 /* ApplicationFeed.xctestplan in Resources */ = {isa = PBXBuildFile; fileRef = CB7A73CD2AEEA19B005B3C41 /* ApplicationFeed.xctestplan */; };
		CB7A73D12AEED632005B3C41 /* CacheFeedUseCaseTests.swift in Sources */ = {isa = PBXBuildFile; fileRef = CB7A73D02AEED632005B3C41 /* CacheFeedUseCaseTests.swift */; };
		CBB0E3DF2AE45F860064DBB1 /* XCTestCase+MemoryLeakTracking.swift in Sources */ = {isa = PBXBuildFile; fileRef = CBB0E3DE2AE45F860064DBB1 /* XCTestCase+MemoryLeakTracking.swift */; };
		CBB0E3E12AE47E830064DBB1 /* URLSessionHTTPClient.swift in Sources */ = {isa = PBXBuildFile; fileRef = CBB0E3E02AE47E830064DBB1 /* URLSessionHTTPClient.swift */; };
		CBB0E3EA2AE5EE900064DBB1 /* ApplicationFeedAPIEndToEndTests.swift in Sources */ = {isa = PBXBuildFile; fileRef = CBB0E3E92AE5EE900064DBB1 /* ApplicationFeedAPIEndToEndTests.swift */; };
		CBB0E3EB2AE5EE900064DBB1 /* ApplicationFeed.framework in Frameworks */ = {isa = PBXBuildFile; fileRef = CBD9AF5A2AD9FD9500ECCC91 /* ApplicationFeed.framework */; };
		CBB0E3F12AE5F4600064DBB1 /* XCTestCase+MemoryLeakTracking.swift in Sources */ = {isa = PBXBuildFile; fileRef = CBB0E3DE2AE45F860064DBB1 /* XCTestCase+MemoryLeakTracking.swift */; };
		CBD9AF5F2AD9FD9500ECCC91 /* ApplicationFeed.docc in Sources */ = {isa = PBXBuildFile; fileRef = CBD9AF5E2AD9FD9500ECCC91 /* ApplicationFeed.docc */; };
		CBD9AF652AD9FD9500ECCC91 /* ApplicationFeed.framework in Frameworks */ = {isa = PBXBuildFile; fileRef = CBD9AF5A2AD9FD9500ECCC91 /* ApplicationFeed.framework */; };
		CBD9AF6B2AD9FD9500ECCC91 /* ApplicationFeed.h in Headers */ = {isa = PBXBuildFile; fileRef = CBD9AF5D2AD9FD9500ECCC91 /* ApplicationFeed.h */; settings = {ATTRIBUTES = (Public, ); }; };
		CBD9AF752AD9FDA400ECCC91 /* FeedItem.swift in Sources */ = {isa = PBXBuildFile; fileRef = CBD9AF742AD9FDA400ECCC91 /* FeedItem.swift */; };
		CBDD84192AD9FF4A00E20A5B /* FeedLoader.swift in Sources */ = {isa = PBXBuildFile; fileRef = CBDD84182AD9FF4A00E20A5B /* FeedLoader.swift */; };
		CBDD84212ADA029000E20A5B /* LoadFeedFromRemoteUseCaseTests.swift in Sources */ = {isa = PBXBuildFile; fileRef = CBDD84202ADA029000E20A5B /* LoadFeedFromRemoteUseCaseTests.swift */; };
		CBDD84262ADA115E00E20A5B /* RemoteFeedLoader.swift in Sources */ = {isa = PBXBuildFile; fileRef = CBDD84252ADA115E00E20A5B /* RemoteFeedLoader.swift */; };
		CBDD842A2ADC5F4D00E20A5B /* HTTPClient.swift in Sources */ = {isa = PBXBuildFile; fileRef = CBDD84292ADC5F4D00E20A5B /* HTTPClient.swift */; };
		CBDD842C2ADC5FA200E20A5B /* FeedItemsMapper.swift in Sources */ = {isa = PBXBuildFile; fileRef = CBDD842B2ADC5FA200E20A5B /* FeedItemsMapper.swift */; };
		CBDD84312ADCB3E500E20A5B /* URLSessionHTTPClientTests.swift in Sources */ = {isa = PBXBuildFile; fileRef = CBDD84302ADCB3E500E20A5B /* URLSessionHTTPClientTests.swift */; };
/* End PBXBuildFile section */

/* Begin PBXContainerItemProxy section */
		CBB0E3EC2AE5EE900064DBB1 /* PBXContainerItemProxy */ = {
			isa = PBXContainerItemProxy;
			containerPortal = CBD9AF512AD9FD9500ECCC91 /* Project object */;
			proxyType = 1;
			remoteGlobalIDString = CBD9AF592AD9FD9500ECCC91;
			remoteInfo = ApplicationFeed;
		};
		CBD9AF662AD9FD9500ECCC91 /* PBXContainerItemProxy */ = {
			isa = PBXContainerItemProxy;
			containerPortal = CBD9AF512AD9FD9500ECCC91 /* Project object */;
			proxyType = 1;
			remoteGlobalIDString = CBD9AF592AD9FD9500ECCC91;
			remoteInfo = ApplicationFeed;
		};
/* End PBXContainerItemProxy section */

/* Begin PBXFileReference section */
		CB7A73CD2AEEA19B005B3C41 /* ApplicationFeed.xctestplan */ = {isa = PBXFileReference; fileEncoding = 4; lastKnownFileType = text; path = ApplicationFeed.xctestplan; sourceTree = "<group>"; };
		CB7A73D02AEED632005B3C41 /* CacheFeedUseCaseTests.swift */ = {isa = PBXFileReference; lastKnownFileType = sourcecode.swift; path = CacheFeedUseCaseTests.swift; sourceTree = "<group>"; };
		CBB0E3DE2AE45F860064DBB1 /* XCTestCase+MemoryLeakTracking.swift */ = {isa = PBXFileReference; lastKnownFileType = sourcecode.swift; path = "XCTestCase+MemoryLeakTracking.swift"; sourceTree = "<group>"; };
		CBB0E3E02AE47E830064DBB1 /* URLSessionHTTPClient.swift */ = {isa = PBXFileReference; lastKnownFileType = sourcecode.swift; path = URLSessionHTTPClient.swift; sourceTree = "<group>"; };
		CBB0E3E72AE5EE900064DBB1 /* ApplicationFeedAPIEndToEndTests.xctest */ = {isa = PBXFileReference; explicitFileType = wrapper.cfbundle; includeInIndex = 0; path = ApplicationFeedAPIEndToEndTests.xctest; sourceTree = BUILT_PRODUCTS_DIR; };
		CBB0E3E92AE5EE900064DBB1 /* ApplicationFeedAPIEndToEndTests.swift */ = {isa = PBXFileReference; lastKnownFileType = sourcecode.swift; path = ApplicationFeedAPIEndToEndTests.swift; sourceTree = "<group>"; };
		CBD9AF5A2AD9FD9500ECCC91 /* ApplicationFeed.framework */ = {isa = PBXFileReference; explicitFileType = wrapper.framework; includeInIndex = 0; path = ApplicationFeed.framework; sourceTree = BUILT_PRODUCTS_DIR; };
		CBD9AF5D2AD9FD9500ECCC91 /* ApplicationFeed.h */ = {isa = PBXFileReference; lastKnownFileType = sourcecode.c.h; path = ApplicationFeed.h; sourceTree = "<group>"; };
		CBD9AF5E2AD9FD9500ECCC91 /* ApplicationFeed.docc */ = {isa = PBXFileReference; lastKnownFileType = folder.documentationcatalog; path = ApplicationFeed.docc; sourceTree = "<group>"; };
		CBD9AF642AD9FD9500ECCC91 /* ApplicationFeedTests.xctest */ = {isa = PBXFileReference; explicitFileType = wrapper.cfbundle; includeInIndex = 0; path = ApplicationFeedTests.xctest; sourceTree = BUILT_PRODUCTS_DIR; };
		CBD9AF742AD9FDA400ECCC91 /* FeedItem.swift */ = {isa = PBXFileReference; lastKnownFileType = sourcecode.swift; path = FeedItem.swift; sourceTree = "<group>"; };
		CBDD84182AD9FF4A00E20A5B /* FeedLoader.swift */ = {isa = PBXFileReference; lastKnownFileType = sourcecode.swift; path = FeedLoader.swift; sourceTree = "<group>"; };
		CBDD84202ADA029000E20A5B /* LoadFeedFromRemoteUseCaseTests.swift */ = {isa = PBXFileReference; lastKnownFileType = sourcecode.swift; path = LoadFeedFromRemoteUseCaseTests.swift; sourceTree = "<group>"; };
		CBDD84252ADA115E00E20A5B /* RemoteFeedLoader.swift */ = {isa = PBXFileReference; lastKnownFileType = sourcecode.swift; path = RemoteFeedLoader.swift; sourceTree = "<group>"; };
		CBDD84292ADC5F4D00E20A5B /* HTTPClient.swift */ = {isa = PBXFileReference; lastKnownFileType = sourcecode.swift; path = HTTPClient.swift; sourceTree = "<group>"; };
		CBDD842B2ADC5FA200E20A5B /* FeedItemsMapper.swift */ = {isa = PBXFileReference; lastKnownFileType = sourcecode.swift; path = FeedItemsMapper.swift; sourceTree = "<group>"; };
		CBDD84302ADCB3E500E20A5B /* URLSessionHTTPClientTests.swift */ = {isa = PBXFileReference; lastKnownFileType = sourcecode.swift; path = URLSessionHTTPClientTests.swift; sourceTree = "<group>"; };
		CBEB52162AE5FA5E00E4111D /* ApplicationFeedAPIEndToEndTests.xctestplan */ = {isa = PBXFileReference; lastKnownFileType = text; path = ApplicationFeedAPIEndToEndTests.xctestplan; sourceTree = "<group>"; };
		CBEB52172AE5FA8E00E4111D /* CI.xctestplan */ = {isa = PBXFileReference; lastKnownFileType = text; path = CI.xctestplan; sourceTree = "<group>"; };
		CBEB52182AE7534E00E4111D /* README.md */ = {isa = PBXFileReference; lastKnownFileType = net.daringfireball.markdown; path = README.md; sourceTree = "<group>"; };
/* End PBXFileReference section */

/* Begin PBXFrameworksBuildPhase section */
		CBB0E3E42AE5EE900064DBB1 /* Frameworks */ = {
			isa = PBXFrameworksBuildPhase;
			buildActionMask = 2147483647;
			files = (
				CBB0E3EB2AE5EE900064DBB1 /* ApplicationFeed.framework in Frameworks */,
			);
			runOnlyForDeploymentPostprocessing = 0;
		};
		CBD9AF572AD9FD9500ECCC91 /* Frameworks */ = {
			isa = PBXFrameworksBuildPhase;
			buildActionMask = 2147483647;
			files = (
			);
			runOnlyForDeploymentPostprocessing = 0;
		};
		CBD9AF612AD9FD9500ECCC91 /* Frameworks */ = {
			isa = PBXFrameworksBuildPhase;
			buildActionMask = 2147483647;
			files = (
				CBD9AF652AD9FD9500ECCC91 /* ApplicationFeed.framework in Frameworks */,
			);
			runOnlyForDeploymentPostprocessing = 0;
		};
/* End PBXFrameworksBuildPhase section */

/* Begin PBXGroup section */
		CB7A73CF2AEED60F005B3C41 /* Feed Cache */ = {
			isa = PBXGroup;
			children = (
				CB7A73D02AEED632005B3C41 /* CacheFeedUseCaseTests.swift */,
			);
			path = "Feed Cache";
			sourceTree = "<group>";
		};
		CBB0E3DD2AE45F5C0064DBB1 /* Helpers */ = {
			isa = PBXGroup;
			children = (
				CBB0E3DE2AE45F860064DBB1 /* XCTestCase+MemoryLeakTracking.swift */,
			);
			path = Helpers;
			sourceTree = "<group>";
		};
		CBB0E3E82AE5EE900064DBB1 /* ApplicationFeedAPIEndToEndTests */ = {
			isa = PBXGroup;
			children = (
				CBB0E3E92AE5EE900064DBB1 /* ApplicationFeedAPIEndToEndTests.swift */,
			);
			path = ApplicationFeedAPIEndToEndTests;
			sourceTree = "<group>";
		};
		CBD9AF502AD9FD9500ECCC91 = {
			isa = PBXGroup;
			children = (
				CBEB52182AE7534E00E4111D /* README.md */,
				CB7A73CD2AEEA19B005B3C41 /* ApplicationFeed.xctestplan */,
				CBEB52172AE5FA8E00E4111D /* CI.xctestplan */,
				CBEB52162AE5FA5E00E4111D /* ApplicationFeedAPIEndToEndTests.xctestplan */,
				CBD9AF5C2AD9FD9500ECCC91 /* ApplicationFeed */,
				CBD9AF682AD9FD9500ECCC91 /* ApplicationFeedTests */,
				CBB0E3E82AE5EE900064DBB1 /* ApplicationFeedAPIEndToEndTests */,
				CBD9AF5B2AD9FD9500ECCC91 /* Products */,
			);
			sourceTree = "<group>";
		};
		CBD9AF5B2AD9FD9500ECCC91 /* Products */ = {
			isa = PBXGroup;
			children = (
				CBD9AF5A2AD9FD9500ECCC91 /* ApplicationFeed.framework */,
				CBD9AF642AD9FD9500ECCC91 /* ApplicationFeedTests.xctest */,
				CBB0E3E72AE5EE900064DBB1 /* ApplicationFeedAPIEndToEndTests.xctest */,
			);
			name = Products;
			sourceTree = "<group>";
		};
		CBD9AF5C2AD9FD9500ECCC91 /* ApplicationFeed */ = {
			isa = PBXGroup;
			children = (
				CBD9AF5D2AD9FD9500ECCC91 /* ApplicationFeed.h */,
				CBD9AF5E2AD9FD9500ECCC91 /* ApplicationFeed.docc */,
				CBDD841B2ADA00A200E20A5B /* Feed Feature */,
				CBDD84242ADA113900E20A5B /* FeedAPI */,
			);
			path = ApplicationFeed;
			sourceTree = "<group>";
		};
		CBD9AF682AD9FD9500ECCC91 /* ApplicationFeedTests */ = {
			isa = PBXGroup;
			children = (
				CBB0E3DD2AE45F5C0064DBB1 /* Helpers */,
				CB7A73CF2AEED60F005B3C41 /* Feed Cache */,
				CBDD842D2ADC67D900E20A5B /* Feed API */,
			);
			path = ApplicationFeedTests;
			sourceTree = "<group>";
		};
		CBDD841B2ADA00A200E20A5B /* Feed Feature */ = {
			isa = PBXGroup;
			children = (
				CBD9AF742AD9FDA400ECCC91 /* FeedItem.swift */,
				CBDD84182AD9FF4A00E20A5B /* FeedLoader.swift */,
			);
			path = "Feed Feature";
			sourceTree = "<group>";
		};
		CBDD84242ADA113900E20A5B /* FeedAPI */ = {
			isa = PBXGroup;
			children = (
				CBDD84252ADA115E00E20A5B /* RemoteFeedLoader.swift */,
				CBDD842B2ADC5FA200E20A5B /* FeedItemsMapper.swift */,
				CBDD84292ADC5F4D00E20A5B /* HTTPClient.swift */,
				CBB0E3E02AE47E830064DBB1 /* URLSessionHTTPClient.swift */,
			);
			path = FeedAPI;
			sourceTree = "<group>";
		};
		CBDD842D2ADC67D900E20A5B /* Feed API */ = {
			isa = PBXGroup;
			children = (
				CBDD84202ADA029000E20A5B /* LoadFeedFromRemoteUseCaseTests.swift */,
				CBDD84302ADCB3E500E20A5B /* URLSessionHTTPClientTests.swift */,
			);
			path = "Feed API";
			sourceTree = "<group>";
		};
/* End PBXGroup section */

/* Begin PBXHeadersBuildPhase section */
		CBD9AF552AD9FD9500ECCC91 /* Headers */ = {
			isa = PBXHeadersBuildPhase;
			buildActionMask = 2147483647;
			files = (
				CBD9AF6B2AD9FD9500ECCC91 /* ApplicationFeed.h in Headers */,
			);
			runOnlyForDeploymentPostprocessing = 0;
		};
/* End PBXHeadersBuildPhase section */

/* Begin PBXNativeTarget section */
		CBB0E3E62AE5EE900064DBB1 /* ApplicationFeedAPIEndToEndTests */ = {
			isa = PBXNativeTarget;
			buildConfigurationList = CBB0E3EE2AE5EE900064DBB1 /* Build configuration list for PBXNativeTarget "ApplicationFeedAPIEndToEndTests" */;
			buildPhases = (
				CBB0E3E32AE5EE900064DBB1 /* Sources */,
				CBB0E3E42AE5EE900064DBB1 /* Frameworks */,
				CBB0E3E52AE5EE900064DBB1 /* Resources */,
			);
			buildRules = (
			);
			dependencies = (
				CBB0E3ED2AE5EE900064DBB1 /* PBXTargetDependency */,
			);
			name = ApplicationFeedAPIEndToEndTests;
			productName = ApplicationFeedAPIEndToEndTests;
			productReference = CBB0E3E72AE5EE900064DBB1 /* ApplicationFeedAPIEndToEndTests.xctest */;
			productType = "com.apple.product-type.bundle.unit-test";
		};
		CBD9AF592AD9FD9500ECCC91 /* ApplicationFeed */ = {
			isa = PBXNativeTarget;
			buildConfigurationList = CBD9AF6E2AD9FD9500ECCC91 /* Build configuration list for PBXNativeTarget "ApplicationFeed" */;
			buildPhases = (
				CBD9AF552AD9FD9500ECCC91 /* Headers */,
				CBD9AF562AD9FD9500ECCC91 /* Sources */,
				CBD9AF572AD9FD9500ECCC91 /* Frameworks */,
				CBD9AF582AD9FD9500ECCC91 /* Resources */,
			);
			buildRules = (
			);
			dependencies = (
			);
			name = ApplicationFeed;
			productName = ApplicationFeed;
			productReference = CBD9AF5A2AD9FD9500ECCC91 /* ApplicationFeed.framework */;
			productType = "com.apple.product-type.framework";
		};
		CBD9AF632AD9FD9500ECCC91 /* ApplicationFeedTests */ = {
			isa = PBXNativeTarget;
			buildConfigurationList = CBD9AF712AD9FD9500ECCC91 /* Build configuration list for PBXNativeTarget "ApplicationFeedTests" */;
			buildPhases = (
				CBD9AF602AD9FD9500ECCC91 /* Sources */,
				CBD9AF612AD9FD9500ECCC91 /* Frameworks */,
				CBD9AF622AD9FD9500ECCC91 /* Resources */,
			);
			buildRules = (
			);
			dependencies = (
				CBD9AF672AD9FD9500ECCC91 /* PBXTargetDependency */,
			);
			name = ApplicationFeedTests;
			productName = ApplicationFeedTests;
			productReference = CBD9AF642AD9FD9500ECCC91 /* ApplicationFeedTests.xctest */;
			productType = "com.apple.product-type.bundle.unit-test";
		};
/* End PBXNativeTarget section */

/* Begin PBXProject section */
		CBD9AF512AD9FD9500ECCC91 /* Project object */ = {
			isa = PBXProject;
			attributes = {
				BuildIndependentTargetsInParallel = 1;
				LastSwiftUpdateCheck = 1430;
				LastUpgradeCheck = 1500;
				TargetAttributes = {
					CBB0E3E62AE5EE900064DBB1 = {
						CreatedOnToolsVersion = 14.3.1;
					};
					CBD9AF592AD9FD9500ECCC91 = {
						CreatedOnToolsVersion = 15.0;
					};
					CBD9AF632AD9FD9500ECCC91 = {
						CreatedOnToolsVersion = 15.0;
					};
				};
			};
			buildConfigurationList = CBD9AF542AD9FD9500ECCC91 /* Build configuration list for PBXProject "ApplicationFeed" */;
			compatibilityVersion = "Xcode 14.0";
			developmentRegion = en;
			hasScannedForEncodings = 0;
			knownRegions = (
				en,
				Base,
			);
			mainGroup = CBD9AF502AD9FD9500ECCC91;
			productRefGroup = CBD9AF5B2AD9FD9500ECCC91 /* Products */;
			projectDirPath = "";
			projectRoot = "";
			targets = (
				CBD9AF592AD9FD9500ECCC91 /* ApplicationFeed */,
				CBD9AF632AD9FD9500ECCC91 /* ApplicationFeedTests */,
				CBB0E3E62AE5EE900064DBB1 /* ApplicationFeedAPIEndToEndTests */,
			);
		};
/* End PBXProject section */

/* Begin PBXResourcesBuildPhase section */
		CBB0E3E52AE5EE900064DBB1 /* Resources */ = {
			isa = PBXResourcesBuildPhase;
			buildActionMask = 2147483647;
			files = (
			);
			runOnlyForDeploymentPostprocessing = 0;
		};
		CBD9AF582AD9FD9500ECCC91 /* Resources */ = {
			isa = PBXResourcesBuildPhase;
			buildActionMask = 2147483647;
			files = (
				CB7A73CE2AEEA19B005B3C41 /* ApplicationFeed.xctestplan in Resources */,
			);
			runOnlyForDeploymentPostprocessing = 0;
		};
		CBD9AF622AD9FD9500ECCC91 /* Resources */ = {
			isa = PBXResourcesBuildPhase;
			buildActionMask = 2147483647;
			files = (
			);
			runOnlyForDeploymentPostprocessing = 0;
		};
/* End PBXResourcesBuildPhase section */

/* Begin PBXSourcesBuildPhase section */
		CBB0E3E32AE5EE900064DBB1 /* Sources */ = {
			isa = PBXSourcesBuildPhase;
			buildActionMask = 2147483647;
			files = (
				CBB0E3EA2AE5EE900064DBB1 /* ApplicationFeedAPIEndToEndTests.swift in Sources */,
				CBB0E3F12AE5F4600064DBB1 /* XCTestCase+MemoryLeakTracking.swift in Sources */,
			);
			runOnlyForDeploymentPostprocessing = 0;
		};
		CBD9AF562AD9FD9500ECCC91 /* Sources */ = {
			isa = PBXSourcesBuildPhase;
			buildActionMask = 2147483647;
			files = (
				CBB0E3E12AE47E830064DBB1 /* URLSessionHTTPClient.swift in Sources */,
				CBDD84262ADA115E00E20A5B /* RemoteFeedLoader.swift in Sources */,
				CBDD842A2ADC5F4D00E20A5B /* HTTPClient.swift in Sources */,
				CBDD84192AD9FF4A00E20A5B /* FeedLoader.swift in Sources */,
				CBDD842C2ADC5FA200E20A5B /* FeedItemsMapper.swift in Sources */,
				CBD9AF752AD9FDA400ECCC91 /* FeedItem.swift in Sources */,
				CBD9AF5F2AD9FD9500ECCC91 /* ApplicationFeed.docc in Sources */,
			);
			runOnlyForDeploymentPostprocessing = 0;
		};
		CBD9AF602AD9FD9500ECCC91 /* Sources */ = {
			isa = PBXSourcesBuildPhase;
			buildActionMask = 2147483647;
			files = (
				CBDD84212ADA029000E20A5B /* LoadFeedFromRemoteUseCaseTests.swift in Sources */,
				CBDD84312ADCB3E500E20A5B /* URLSessionHTTPClientTests.swift in Sources */,
				CB7A73D12AEED632005B3C41 /* CacheFeedUseCaseTests.swift in Sources */,
				CBB0E3DF2AE45F860064DBB1 /* XCTestCase+MemoryLeakTracking.swift in Sources */,
			);
			runOnlyForDeploymentPostprocessing = 0;
		};
/* End PBXSourcesBuildPhase section */

/* Begin PBXTargetDependency section */
		CBB0E3ED2AE5EE900064DBB1 /* PBXTargetDependency */ = {
			isa = PBXTargetDependency;
			target = CBD9AF592AD9FD9500ECCC91 /* ApplicationFeed */;
			targetProxy = CBB0E3EC2AE5EE900064DBB1 /* PBXContainerItemProxy */;
		};
		CBD9AF672AD9FD9500ECCC91 /* PBXTargetDependency */ = {
			isa = PBXTargetDependency;
			target = CBD9AF592AD9FD9500ECCC91 /* ApplicationFeed */;
			targetProxy = CBD9AF662AD9FD9500ECCC91 /* PBXContainerItemProxy */;
		};
/* End PBXTargetDependency section */

/* Begin XCBuildConfiguration section */
		CBB0E3EF2AE5EE900064DBB1 /* Debug */ = {
			isa = XCBuildConfiguration;
			buildSettings = {
				CODE_SIGN_STYLE = Automatic;
				CURRENT_PROJECT_VERSION = 1;
				DEVELOPMENT_TEAM = D6B69W56R4;
				GCC_C_LANGUAGE_STANDARD = gnu11;
				GENERATE_INFOPLIST_FILE = YES;
				IPHONEOS_DEPLOYMENT_TARGET = 14.0;
				MACOSX_DEPLOYMENT_TARGET = 11.0;
				MARKETING_VERSION = 1.0;
				PRODUCT_BUNDLE_IDENTIFIER = com.vologirov.ApplicationFeedAPIEndToEndTests;
				PRODUCT_NAME = "$(TARGET_NAME)";
				SWIFT_ACTIVE_COMPILATION_CONDITIONS = DEBUG;
				SWIFT_EMIT_LOC_STRINGS = NO;
				SWIFT_VERSION = 5.0;
				TVOS_DEPLOYMENT_TARGET = 14.0;
				WATCHOS_DEPLOYMENT_TARGET = 6.0;
			};
			name = Debug;
		};
		CBB0E3F02AE5EE900064DBB1 /* Release */ = {
			isa = XCBuildConfiguration;
			buildSettings = {
				CODE_SIGN_STYLE = Automatic;
				CURRENT_PROJECT_VERSION = 1;
				DEVELOPMENT_TEAM = D6B69W56R4;
				GCC_C_LANGUAGE_STANDARD = gnu11;
				GENERATE_INFOPLIST_FILE = YES;
				IPHONEOS_DEPLOYMENT_TARGET = 14.0;
				MACOSX_DEPLOYMENT_TARGET = 11.0;
				MARKETING_VERSION = 1.0;
				PRODUCT_BUNDLE_IDENTIFIER = com.vologirov.ApplicationFeedAPIEndToEndTests;
				PRODUCT_NAME = "$(TARGET_NAME)";
				SWIFT_EMIT_LOC_STRINGS = NO;
				SWIFT_OPTIMIZATION_LEVEL = "-O";
				SWIFT_VERSION = 5.0;
				TVOS_DEPLOYMENT_TARGET = 14.0;
				WATCHOS_DEPLOYMENT_TARGET = 6.0;
			};
			name = Release;
		};
		CBD9AF6C2AD9FD9500ECCC91 /* Debug */ = {
			isa = XCBuildConfiguration;
			buildSettings = {
				ALWAYS_SEARCH_USER_PATHS = NO;
				ASSETCATALOG_COMPILER_GENERATE_SWIFT_ASSET_SYMBOL_EXTENSIONS = YES;
				CLANG_ANALYZER_NONNULL = YES;
				CLANG_ANALYZER_NUMBER_OBJECT_CONVERSION = YES_AGGRESSIVE;
				CLANG_CXX_LANGUAGE_STANDARD = "gnu++20";
				CLANG_ENABLE_MODULES = YES;
				CLANG_ENABLE_OBJC_ARC = YES;
				CLANG_ENABLE_OBJC_WEAK = YES;
				CLANG_WARN_BLOCK_CAPTURE_AUTORELEASING = YES;
				CLANG_WARN_BOOL_CONVERSION = YES;
				CLANG_WARN_COMMA = YES;
				CLANG_WARN_CONSTANT_CONVERSION = YES;
				CLANG_WARN_DEPRECATED_OBJC_IMPLEMENTATIONS = YES;
				CLANG_WARN_DIRECT_OBJC_ISA_USAGE = YES_ERROR;
				CLANG_WARN_DOCUMENTATION_COMMENTS = YES;
				CLANG_WARN_EMPTY_BODY = YES;
				CLANG_WARN_ENUM_CONVERSION = YES;
				CLANG_WARN_INFINITE_RECURSION = YES;
				CLANG_WARN_INT_CONVERSION = YES;
				CLANG_WARN_NON_LITERAL_NULL_CONVERSION = YES;
				CLANG_WARN_OBJC_IMPLICIT_RETAIN_SELF = YES;
				CLANG_WARN_OBJC_LITERAL_CONVERSION = YES;
				CLANG_WARN_OBJC_ROOT_CLASS = YES_ERROR;
				CLANG_WARN_QUOTED_INCLUDE_IN_FRAMEWORK_HEADER = YES;
				CLANG_WARN_RANGE_LOOP_ANALYSIS = YES;
				CLANG_WARN_STRICT_PROTOTYPES = YES;
				CLANG_WARN_SUSPICIOUS_MOVE = YES;
				CLANG_WARN_UNGUARDED_AVAILABILITY = YES_AGGRESSIVE;
				CLANG_WARN_UNREACHABLE_CODE = YES;
				CLANG_WARN__DUPLICATE_METHOD_MATCH = YES;
				COPY_PHASE_STRIP = NO;
				CURRENT_PROJECT_VERSION = 1;
				DEBUG_INFORMATION_FORMAT = dwarf;
				ENABLE_STRICT_OBJC_MSGSEND = YES;
				ENABLE_TESTABILITY = YES;
				ENABLE_USER_SCRIPT_SANDBOXING = YES;
				GCC_C_LANGUAGE_STANDARD = gnu17;
				GCC_DYNAMIC_NO_PIC = NO;
				GCC_NO_COMMON_BLOCKS = YES;
				GCC_OPTIMIZATION_LEVEL = 0;
				GCC_PREPROCESSOR_DEFINITIONS = (
					"DEBUG=1",
					"$(inherited)",
				);
				GCC_WARN_64_TO_32_BIT_CONVERSION = YES;
				GCC_WARN_ABOUT_RETURN_TYPE = YES_ERROR;
				GCC_WARN_UNDECLARED_SELECTOR = YES;
				GCC_WARN_UNINITIALIZED_AUTOS = YES_AGGRESSIVE;
				GCC_WARN_UNUSED_FUNCTION = YES;
				GCC_WARN_UNUSED_VARIABLE = YES;
				LOCALIZATION_PREFERS_STRING_CATALOGS = YES;
				MACOSX_DEPLOYMENT_TARGET = 11.0;
				MTL_ENABLE_DEBUG_INFO = INCLUDE_SOURCE;
				MTL_FAST_MATH = YES;
				ONLY_ACTIVE_ARCH = YES;
				SDKROOT = macosx;
				SWIFT_ACTIVE_COMPILATION_CONDITIONS = "DEBUG $(inherited)";
				SWIFT_OPTIMIZATION_LEVEL = "-Onone";
				VERSIONING_SYSTEM = "apple-generic";
				VERSION_INFO_PREFIX = "";
			};
			name = Debug;
		};
		CBD9AF6D2AD9FD9500ECCC91 /* Release */ = {
			isa = XCBuildConfiguration;
			buildSettings = {
				ALWAYS_SEARCH_USER_PATHS = NO;
				ASSETCATALOG_COMPILER_GENERATE_SWIFT_ASSET_SYMBOL_EXTENSIONS = YES;
				CLANG_ANALYZER_NONNULL = YES;
				CLANG_ANALYZER_NUMBER_OBJECT_CONVERSION = YES_AGGRESSIVE;
				CLANG_CXX_LANGUAGE_STANDARD = "gnu++20";
				CLANG_ENABLE_MODULES = YES;
				CLANG_ENABLE_OBJC_ARC = YES;
				CLANG_ENABLE_OBJC_WEAK = YES;
				CLANG_WARN_BLOCK_CAPTURE_AUTORELEASING = YES;
				CLANG_WARN_BOOL_CONVERSION = YES;
				CLANG_WARN_COMMA = YES;
				CLANG_WARN_CONSTANT_CONVERSION = YES;
				CLANG_WARN_DEPRECATED_OBJC_IMPLEMENTATIONS = YES;
				CLANG_WARN_DIRECT_OBJC_ISA_USAGE = YES_ERROR;
				CLANG_WARN_DOCUMENTATION_COMMENTS = YES;
				CLANG_WARN_EMPTY_BODY = YES;
				CLANG_WARN_ENUM_CONVERSION = YES;
				CLANG_WARN_INFINITE_RECURSION = YES;
				CLANG_WARN_INT_CONVERSION = YES;
				CLANG_WARN_NON_LITERAL_NULL_CONVERSION = YES;
				CLANG_WARN_OBJC_IMPLICIT_RETAIN_SELF = YES;
				CLANG_WARN_OBJC_LITERAL_CONVERSION = YES;
				CLANG_WARN_OBJC_ROOT_CLASS = YES_ERROR;
				CLANG_WARN_QUOTED_INCLUDE_IN_FRAMEWORK_HEADER = YES;
				CLANG_WARN_RANGE_LOOP_ANALYSIS = YES;
				CLANG_WARN_STRICT_PROTOTYPES = YES;
				CLANG_WARN_SUSPICIOUS_MOVE = YES;
				CLANG_WARN_UNGUARDED_AVAILABILITY = YES_AGGRESSIVE;
				CLANG_WARN_UNREACHABLE_CODE = YES;
				CLANG_WARN__DUPLICATE_METHOD_MATCH = YES;
				COPY_PHASE_STRIP = NO;
				CURRENT_PROJECT_VERSION = 1;
				DEBUG_INFORMATION_FORMAT = "dwarf-with-dsym";
				ENABLE_NS_ASSERTIONS = NO;
				ENABLE_STRICT_OBJC_MSGSEND = YES;
				ENABLE_USER_SCRIPT_SANDBOXING = YES;
				GCC_C_LANGUAGE_STANDARD = gnu17;
				GCC_NO_COMMON_BLOCKS = YES;
				GCC_WARN_64_TO_32_BIT_CONVERSION = YES;
				GCC_WARN_ABOUT_RETURN_TYPE = YES_ERROR;
				GCC_WARN_UNDECLARED_SELECTOR = YES;
				GCC_WARN_UNINITIALIZED_AUTOS = YES_AGGRESSIVE;
				GCC_WARN_UNUSED_FUNCTION = YES;
				GCC_WARN_UNUSED_VARIABLE = YES;
				LOCALIZATION_PREFERS_STRING_CATALOGS = YES;
				MACOSX_DEPLOYMENT_TARGET = 11.0;
				MTL_ENABLE_DEBUG_INFO = NO;
				MTL_FAST_MATH = YES;
				SDKROOT = macosx;
				SWIFT_COMPILATION_MODE = wholemodule;
				VERSIONING_SYSTEM = "apple-generic";
				VERSION_INFO_PREFIX = "";
			};
			name = Release;
		};
		CBD9AF6F2AD9FD9500ECCC91 /* Debug */ = {
			isa = XCBuildConfiguration;
			buildSettings = {
				CODE_SIGN_STYLE = Automatic;
				COMBINE_HIDPI_IMAGES = YES;
				CURRENT_PROJECT_VERSION = 1;
				DEFINES_MODULE = YES;
				DEVELOPMENT_TEAM = D6B69W56R4;
				DYLIB_COMPATIBILITY_VERSION = 1;
				DYLIB_CURRENT_VERSION = 1;
				DYLIB_INSTALL_NAME_BASE = "@rpath";
				ENABLE_MODULE_VERIFIER = YES;
				GENERATE_INFOPLIST_FILE = YES;
				INFOPLIST_KEY_NSHumanReadableCopyright = "";
				INSTALL_PATH = "$(LOCAL_LIBRARY_DIR)/Frameworks";
				IPHONEOS_DEPLOYMENT_TARGET = 14.0;
				LD_RUNPATH_SEARCH_PATHS = (
					"$(inherited)",
					"@executable_path/../Frameworks",
					"@loader_path/Frameworks",
				);
				MACOSX_DEPLOYMENT_TARGET = 11.0;
				MARKETING_VERSION = 1.0;
				MODULE_VERIFIER_SUPPORTED_LANGUAGES = "objective-c objective-c++";
				MODULE_VERIFIER_SUPPORTED_LANGUAGE_STANDARDS = "gnu17 gnu++20";
				PRODUCT_BUNDLE_IDENTIFIER = com.vologirov.ApplicationFeed;
				PRODUCT_NAME = "$(TARGET_NAME:c99extidentifier)";
				SKIP_INSTALL = YES;
				SWIFT_EMIT_LOC_STRINGS = YES;
				SWIFT_VERSION = 5.0;
				TVOS_DEPLOYMENT_TARGET = 14.0;
				WATCHOS_DEPLOYMENT_TARGET = 6.0;
			};
			name = Debug;
		};
		CBD9AF702AD9FD9500ECCC91 /* Release */ = {
			isa = XCBuildConfiguration;
			buildSettings = {
				CODE_SIGN_STYLE = Automatic;
				COMBINE_HIDPI_IMAGES = YES;
				CURRENT_PROJECT_VERSION = 1;
				DEFINES_MODULE = YES;
				DEVELOPMENT_TEAM = D6B69W56R4;
				DYLIB_COMPATIBILITY_VERSION = 1;
				DYLIB_CURRENT_VERSION = 1;
				DYLIB_INSTALL_NAME_BASE = "@rpath";
				ENABLE_MODULE_VERIFIER = YES;
				GENERATE_INFOPLIST_FILE = YES;
				INFOPLIST_KEY_NSHumanReadableCopyright = "";
				INSTALL_PATH = "$(LOCAL_LIBRARY_DIR)/Frameworks";
				IPHONEOS_DEPLOYMENT_TARGET = 14.0;
				LD_RUNPATH_SEARCH_PATHS = (
					"$(inherited)",
					"@executable_path/../Frameworks",
					"@loader_path/Frameworks",
				);
				MACOSX_DEPLOYMENT_TARGET = 11.0;
				MARKETING_VERSION = 1.0;
				MODULE_VERIFIER_SUPPORTED_LANGUAGES = "objective-c objective-c++";
				MODULE_VERIFIER_SUPPORTED_LANGUAGE_STANDARDS = "gnu17 gnu++20";
				PRODUCT_BUNDLE_IDENTIFIER = com.vologirov.ApplicationFeed;
				PRODUCT_NAME = "$(TARGET_NAME:c99extidentifier)";
				SKIP_INSTALL = YES;
				SWIFT_EMIT_LOC_STRINGS = YES;
				SWIFT_VERSION = 5.0;
				TVOS_DEPLOYMENT_TARGET = 14.0;
				WATCHOS_DEPLOYMENT_TARGET = 6.0;
			};
			name = Release;
		};
		CBD9AF722AD9FD9500ECCC91 /* Debug */ = {
			isa = XCBuildConfiguration;
			buildSettings = {
				ALWAYS_EMBED_SWIFT_STANDARD_LIBRARIES = YES;
				CODE_SIGN_STYLE = Automatic;
				CURRENT_PROJECT_VERSION = 1;
				DEVELOPMENT_TEAM = D6B69W56R4;
				GENERATE_INFOPLIST_FILE = YES;
				IPHONEOS_DEPLOYMENT_TARGET = 14.0;
				MACOSX_DEPLOYMENT_TARGET = 11.0;
				MARKETING_VERSION = 1.0;
				PRODUCT_BUNDLE_IDENTIFIER = com.vologirov.ApplicationFeedTests;
				PRODUCT_NAME = "$(TARGET_NAME)";
				SWIFT_EMIT_LOC_STRINGS = NO;
				SWIFT_VERSION = 5.0;
				TVOS_DEPLOYMENT_TARGET = 14.0;
				WATCHOS_DEPLOYMENT_TARGET = 6.0;
			};
			name = Debug;
		};
		CBD9AF732AD9FD9500ECCC91 /* Release */ = {
			isa = XCBuildConfiguration;
			buildSettings = {
				ALWAYS_EMBED_SWIFT_STANDARD_LIBRARIES = YES;
				CODE_SIGN_STYLE = Automatic;
				CURRENT_PROJECT_VERSION = 1;
				DEVELOPMENT_TEAM = D6B69W56R4;
				GENERATE_INFOPLIST_FILE = YES;
				IPHONEOS_DEPLOYMENT_TARGET = 14.0;
				MACOSX_DEPLOYMENT_TARGET = 11.0;
				MARKETING_VERSION = 1.0;
				PRODUCT_BUNDLE_IDENTIFIER = com.vologirov.ApplicationFeedTests;
				PRODUCT_NAME = "$(TARGET_NAME)";
				SWIFT_EMIT_LOC_STRINGS = NO;
				SWIFT_VERSION = 5.0;
				TVOS_DEPLOYMENT_TARGET = 14.0;
				WATCHOS_DEPLOYMENT_TARGET = 6.0;
			};
			name = Release;
		};
/* End XCBuildConfiguration section */

/* Begin XCConfigurationList section */
		CBB0E3EE2AE5EE900064DBB1 /* Build configuration list for PBXNativeTarget "ApplicationFeedAPIEndToEndTests" */ = {
			isa = XCConfigurationList;
			buildConfigurations = (
				CBB0E3EF2AE5EE900064DBB1 /* Debug */,
				CBB0E3F02AE5EE900064DBB1 /* Release */,
			);
			defaultConfigurationIsVisible = 0;
			defaultConfigurationName = Release;
		};
		CBD9AF542AD9FD9500ECCC91 /* Build configuration list for PBXProject "ApplicationFeed" */ = {
			isa = XCConfigurationList;
			buildConfigurations = (
				CBD9AF6C2AD9FD9500ECCC91 /* Debug */,
				CBD9AF6D2AD9FD9500ECCC91 /* Release */,
			);
			defaultConfigurationIsVisible = 0;
			defaultConfigurationName = Release;
		};
		CBD9AF6E2AD9FD9500ECCC91 /* Build configuration list for PBXNativeTarget "ApplicationFeed" */ = {
			isa = XCConfigurationList;
			buildConfigurations = (
				CBD9AF6F2AD9FD9500ECCC91 /* Debug */,
				CBD9AF702AD9FD9500ECCC91 /* Release */,
			);
			defaultConfigurationIsVisible = 0;
			defaultConfigurationName = Release;
		};
		CBD9AF712AD9FD9500ECCC91 /* Build configuration list for PBXNativeTarget "ApplicationFeedTests" */ = {
			isa = XCConfigurationList;
			buildConfigurations = (
				CBD9AF722AD9FD9500ECCC91 /* Debug */,
				CBD9AF732AD9FD9500ECCC91 /* Release */,
			);
			defaultConfigurationIsVisible = 0;
			defaultConfigurationName = Release;
		};
/* End XCConfigurationList section */
	};
	rootObject = CBD9AF512AD9FD9500ECCC91 /* Project object */;
}
